// !$*UTF8*$!
{
	archiveVersion = 1;
	classes = {
	};
	objectVersion = 46;
	objects = {

/* Begin PBXBuildFile section */
		0C0C8E4B1BAD470A00573160 /* SIMChat.xcassets in Resources */ = {isa = PBXBuildFile; fileRef = 0C0C8E451BAD470A00573160 /* SIMChat.xcassets */; settings = {ASSET_TAGS = (); }; };
		0C0C8E541BAD4CD400573160 /* Reveal.framework in Frameworks */ = {isa = PBXBuildFile; fileRef = 0C0C8E531BAD4CD400573160 /* Reveal.framework */; settings = {ASSET_TAGS = (); }; };
		0C0C8E561BAD4CFB00573160 /* libz.tbd in Frameworks */ = {isa = PBXBuildFile; fileRef = 0C0C8E551BAD4CFB00573160 /* libz.tbd */; };
		0C0C8E681BAD8E5F00573160 /* SIMChatViewController.swift in Sources */ = {isa = PBXBuildFile; fileRef = 0C0C8E671BAD8E5F00573160 /* SIMChatViewController.swift */; settings = {ASSET_TAGS = (); }; };
		0C3CA79B1BC144B100C26CA0 /* SDChatManager.swift in Sources */ = {isa = PBXBuildFile; fileRef = 0C3CA79A1BC144B100C26CA0 /* SDChatManager.swift */; settings = {ASSET_TAGS = (); }; };
		0C3CA79D1BC144C900C26CA0 /* SDChatViewController.swift in Sources */ = {isa = PBXBuildFile; fileRef = 0C3CA79C1BC144C900C26CA0 /* SDChatViewController.swift */; settings = {ASSET_TAGS = (); }; };
		0C3CA79F1BC144F500C26CA0 /* SDChatConversationViewController.swift in Sources */ = {isa = PBXBuildFile; fileRef = 0C3CA79E1BC144F500C26CA0 /* SDChatConversationViewController.swift */; settings = {ASSET_TAGS = (); }; };
		0C3CA7A11BC1470000C26CA0 /* SDChatConversation.swift in Sources */ = {isa = PBXBuildFile; fileRef = 0C3CA7A01BC1470000C26CA0 /* SDChatConversation.swift */; settings = {ASSET_TAGS = (); }; };
		0C3CA7A31BC26C6300C26CA0 /* SIMChatEmojiView.swift in Sources */ = {isa = PBXBuildFile; fileRef = 0C3CA7A21BC26C6300C26CA0 /* SIMChatEmojiView.swift */; settings = {ASSET_TAGS = (); }; };
		0C3CA7B01BC3821F00C26CA0 /* SIMChatMessage.swift in Sources */ = {isa = PBXBuildFile; fileRef = 0C3CA7A51BC3821F00C26CA0 /* SIMChatMessage.swift */; settings = {ASSET_TAGS = (); }; };
		0C3CA7B11BC3821F00C26CA0 /* SIMChatMessageContent+Date.swift in Sources */ = {isa = PBXBuildFile; fileRef = 0C3CA7A61BC3821F00C26CA0 /* SIMChatMessageContent+Date.swift */; settings = {ASSET_TAGS = (); }; };
		0C3CA7B21BC3821F00C26CA0 /* SIMChatMessageContent+Image.swift in Sources */ = {isa = PBXBuildFile; fileRef = 0C3CA7A71BC3821F00C26CA0 /* SIMChatMessageContent+Image.swift */; settings = {ASSET_TAGS = (); }; };
		0C3CA7B31BC3821F00C26CA0 /* SIMChatMessageContent+Text.swift in Sources */ = {isa = PBXBuildFile; fileRef = 0C3CA7A81BC3821F00C26CA0 /* SIMChatMessageContent+Text.swift */; settings = {ASSET_TAGS = (); }; };
		0C3CA7B41BC3821F00C26CA0 /* SIMChatMessageContent+Tips.swift in Sources */ = {isa = PBXBuildFile; fileRef = 0C3CA7A91BC3821F00C26CA0 /* SIMChatMessageContent+Tips.swift */; settings = {ASSET_TAGS = (); }; };
		0C3CA7B51BC3821F00C26CA0 /* SIMChatMessageContent+Unknow.swift in Sources */ = {isa = PBXBuildFile; fileRef = 0C3CA7AA1BC3821F00C26CA0 /* SIMChatMessageContent+Unknow.swift */; settings = {ASSET_TAGS = (); }; };
		0C3CA7B61BC3821F00C26CA0 /* SIMChatMessageContent+Audio.swift in Sources */ = {isa = PBXBuildFile; fileRef = 0C3CA7AB1BC3821F00C26CA0 /* SIMChatMessageContent+Audio.swift */; settings = {ASSET_TAGS = (); }; };
		0C3CA7B71BC3821F00C26CA0 /* SIMChatMessageContent.swift in Sources */ = {isa = PBXBuildFile; fileRef = 0C3CA7AC1BC3821F00C26CA0 /* SIMChatMessageContent.swift */; settings = {ASSET_TAGS = (); }; };
		0C3CA7B81BC3821F00C26CA0 /* SIMChatGroup.swift in Sources */ = {isa = PBXBuildFile; fileRef = 0C3CA7AE1BC3821F00C26CA0 /* SIMChatGroup.swift */; settings = {ASSET_TAGS = (); }; };
		0C3CA7B91BC3821F00C26CA0 /* SIMChatUser.swift in Sources */ = {isa = PBXBuildFile; fileRef = 0C3CA7AF1BC3821F00C26CA0 /* SIMChatUser.swift */; settings = {ASSET_TAGS = (); }; };
		0C3CA7BB1BC3B33300C26CA0 /* SIMChatEmojiAttachment.swift in Sources */ = {isa = PBXBuildFile; fileRef = 0C3CA7BA1BC3B33300C26CA0 /* SIMChatEmojiAttachment.swift */; settings = {ASSET_TAGS = (); }; };
		0C3CA7BF1BC3CE8E00C26CA0 /* SIMChatLabel.swift in Sources */ = {isa = PBXBuildFile; fileRef = 0C3CA7BE1BC3CE8E00C26CA0 /* SIMChatLabel.swift */; settings = {ASSET_TAGS = (); }; };
		0C42DA861BAD449000371CC7 /* SIMChatTests.swift in Sources */ = {isa = PBXBuildFile; fileRef = 0C42DA851BAD449000371CC7 /* SIMChatTests.swift */; };
		0C42DA911BAD449000371CC7 /* SIMChatUITests.swift in Sources */ = {isa = PBXBuildFile; fileRef = 0C42DA901BAD449000371CC7 /* SIMChatUITests.swift */; };
		0C42DAA71BAD44BB00371CC7 /* AppDelegate.swift in Sources */ = {isa = PBXBuildFile; fileRef = 0C42DA9F1BAD44BB00371CC7 /* AppDelegate.swift */; settings = {ASSET_TAGS = (); }; };
		0C42DAA81BAD44BB00371CC7 /* SIMChatDemo.xcassets in Resources */ = {isa = PBXBuildFile; fileRef = 0C42DAA01BAD44BB00371CC7 /* SIMChatDemo.xcassets */; settings = {ASSET_TAGS = (); }; };
		0C42DAA91BAD44BB00371CC7 /* LaunchScreen.storyboard in Resources */ = {isa = PBXBuildFile; fileRef = 0C42DAA11BAD44BB00371CC7 /* LaunchScreen.storyboard */; settings = {ASSET_TAGS = (); }; };
		0C42DAAA1BAD44BB00371CC7 /* Main.storyboard in Resources */ = {isa = PBXBuildFile; fileRef = 0C42DAA31BAD44BB00371CC7 /* Main.storyboard */; settings = {ASSET_TAGS = (); }; };
		0C7E7E8E1BB64EE600187D68 /* SIMChatViewController+Keyboard.swift in Sources */ = {isa = PBXBuildFile; fileRef = 0C7E7E8D1BB64EE600187D68 /* SIMChatViewController+Keyboard.swift */; settings = {ASSET_TAGS = (); }; };
		0C7E7E921BB657AF00187D68 /* SIMChatViewController+Message.swift in Sources */ = {isa = PBXBuildFile; fileRef = 0C7E7E911BB657AF00187D68 /* SIMChatViewController+Message.swift */; settings = {ASSET_TAGS = (); }; };
		0CF409D91BB79902001F3E59 /* AVFoundation.framework in Frameworks */ = {isa = PBXBuildFile; fileRef = 0CF409D81BB79902001F3E59 /* AVFoundation.framework */; };
		0CF40A401BB816DB001F3E59 /* SIMChatPhotoBrowserController.swift in Sources */ = {isa = PBXBuildFile; fileRef = 0CF40A3F1BB816DB001F3E59 /* SIMChatPhotoBrowserController.swift */; settings = {ASSET_TAGS = (); }; };
		0CF40A651BB8176A001F3E59 /* SIMAttr.swift in Sources */ = {isa = PBXBuildFile; fileRef = 0CF40A561BB8176A001F3E59 /* SIMAttr.swift */; settings = {ASSET_TAGS = (); }; };
		0CF40A661BB8176A001F3E59 /* SIMHelper.swift in Sources */ = {isa = PBXBuildFile; fileRef = 0CF40A571BB8176A001F3E59 /* SIMHelper.swift */; settings = {ASSET_TAGS = (); }; };
		0CF40A671BB8176A001F3E59 /* SIMLog.swift in Sources */ = {isa = PBXBuildFile; fileRef = 0CF40A581BB8176A001F3E59 /* SIMLog.swift */; settings = {ASSET_TAGS = (); }; };
		0CF40A681BB8176A001F3E59 /* UIColor+Hex.swift in Sources */ = {isa = PBXBuildFile; fileRef = 0CF40A591BB8176A001F3E59 /* UIColor+Hex.swift */; settings = {ASSET_TAGS = (); }; };
		0CF40A691BB8176A001F3E59 /* UIImage+FixOrientation.swift in Sources */ = {isa = PBXBuildFile; fileRef = 0CF40A5A1BB8176A001F3E59 /* UIImage+FixOrientation.swift */; settings = {ASSET_TAGS = (); }; };
		0CF40A6A1BB8176A001F3E59 /* UIViewController+Transition.swift in Sources */ = {isa = PBXBuildFile; fileRef = 0CF40A5B1BB8176A001F3E59 /* UIViewController+Transition.swift */; settings = {ASSET_TAGS = (); }; };
		0CF40A6B1BB8176A001F3E59 /* SIMChatAudioManager.swift in Sources */ = {isa = PBXBuildFile; fileRef = 0CF40A5D1BB8176A001F3E59 /* SIMChatAudioManager.swift */; settings = {ASSET_TAGS = (); }; };
		0CF40A6C1BB8176A001F3E59 /* SIMChatImageManager.swift in Sources */ = {isa = PBXBuildFile; fileRef = 0CF40A5E1BB8176A001F3E59 /* SIMChatImageManager.swift */; settings = {ASSET_TAGS = (); }; };
		0CF40A6D1BB8176A001F3E59 /* SIMChatManager.swift in Sources */ = {isa = PBXBuildFile; fileRef = 0CF40A5F1BB8176A001F3E59 /* SIMChatManager.swift */; settings = {ASSET_TAGS = (); }; };
		0CF40A6F1BB8176A001F3E59 /* SIMChatUserManager.swift in Sources */ = {isa = PBXBuildFile; fileRef = 0CF40A611BB8176A001F3E59 /* SIMChatUserManager.swift */; settings = {ASSET_TAGS = (); }; };
		0CF40A701BB8176A001F3E59 /* SIMChatConversation.swift in Sources */ = {isa = PBXBuildFile; fileRef = 0CF40A631BB8176A001F3E59 /* SIMChatConversation.swift */; settings = {ASSET_TAGS = (); }; };
		0CF40A711BB8176A001F3E59 /* SIMChatNotificationCenter.swift in Sources */ = {isa = PBXBuildFile; fileRef = 0CF40A641BB8176A001F3E59 /* SIMChatNotificationCenter.swift */; settings = {ASSET_TAGS = (); }; };
		0CF40A881BB817A8001F3E59 /* SIMChatCell+Audio.swift in Sources */ = {isa = PBXBuildFile; fileRef = 0CF40A731BB817A8001F3E59 /* SIMChatCell+Audio.swift */; settings = {ASSET_TAGS = (); }; };
		0CF40A891BB817A8001F3E59 /* SIMChatCell+Bubble.swift in Sources */ = {isa = PBXBuildFile; fileRef = 0CF40A741BB817A8001F3E59 /* SIMChatCell+Bubble.swift */; settings = {ASSET_TAGS = (); }; };
		0CF40A8A1BB817A8001F3E59 /* SIMChatCell+Date.swift in Sources */ = {isa = PBXBuildFile; fileRef = 0CF40A751BB817A8001F3E59 /* SIMChatCell+Date.swift */; settings = {ASSET_TAGS = (); }; };
		0CF40A8B1BB817A8001F3E59 /* SIMChatCell+Image.swift in Sources */ = {isa = PBXBuildFile; fileRef = 0CF40A761BB817A8001F3E59 /* SIMChatCell+Image.swift */; settings = {ASSET_TAGS = (); }; };
		0CF40A8C1BB817A8001F3E59 /* SIMChatCell+Text.swift in Sources */ = {isa = PBXBuildFile; fileRef = 0CF40A771BB817A8001F3E59 /* SIMChatCell+Text.swift */; settings = {ASSET_TAGS = (); }; };
		0CF40A8D1BB817A8001F3E59 /* SIMChatCell+Tips.swift in Sources */ = {isa = PBXBuildFile; fileRef = 0CF40A781BB817A8001F3E59 /* SIMChatCell+Tips.swift */; settings = {ASSET_TAGS = (); }; };
		0CF40A8E1BB817A8001F3E59 /* SIMChatCell+Unknow.swift in Sources */ = {isa = PBXBuildFile; fileRef = 0CF40A791BB817A8001F3E59 /* SIMChatCell+Unknow.swift */; settings = {ASSET_TAGS = (); }; };
		0CF40A8F1BB817A8001F3E59 /* SIMChatCell.swift in Sources */ = {isa = PBXBuildFile; fileRef = 0CF40A7A1BB817A8001F3E59 /* SIMChatCell.swift */; settings = {ASSET_TAGS = (); }; };
		0CF40A901BB817A8001F3E59 /* SIMChatKeyboardAudio.swift in Sources */ = {isa = PBXBuildFile; fileRef = 0CF40A7C1BB817A8001F3E59 /* SIMChatKeyboardAudio.swift */; settings = {ASSET_TAGS = (); }; };
		0CF40A911BB817A8001F3E59 /* SIMChatKeyboardEmoji.swift in Sources */ = {isa = PBXBuildFile; fileRef = 0CF40A7D1BB817A8001F3E59 /* SIMChatKeyboardEmoji.swift */; settings = {ASSET_TAGS = (); }; };
		0CF40A921BB817A8001F3E59 /* SIMChatKeyboardTool.swift in Sources */ = {isa = PBXBuildFile; fileRef = 0CF40A7E1BB817A8001F3E59 /* SIMChatKeyboardTool.swift */; settings = {ASSET_TAGS = (); }; };
		0CF40A931BB817A8001F3E59 /* SIMChatTextField.swift in Sources */ = {isa = PBXBuildFile; fileRef = 0CF40A7F1BB817A8001F3E59 /* SIMChatTextField.swift */; settings = {ASSET_TAGS = (); }; };
		0CF40A941BB817A8001F3E59 /* SIMChatBubbleView.swift in Sources */ = {isa = PBXBuildFile; fileRef = 0CF40A811BB817A8001F3E59 /* SIMChatBubbleView.swift */; settings = {ASSET_TAGS = (); }; };
		0CF40A951BB817A8001F3E59 /* SIMChatLine.swift in Sources */ = {isa = PBXBuildFile; fileRef = 0CF40A821BB817A8001F3E59 /* SIMChatLine.swift */; settings = {ASSET_TAGS = (); }; };
		0CF40A961BB817A8001F3E59 /* SIMChatPhotoView.swift in Sources */ = {isa = PBXBuildFile; fileRef = 0CF40A831BB817A8001F3E59 /* SIMChatPhotoView.swift */; settings = {ASSET_TAGS = (); }; };
		0CF40A971BB817A8001F3E59 /* SIMChatPortraitView.swift in Sources */ = {isa = PBXBuildFile; fileRef = 0CF40A841BB817A8001F3E59 /* SIMChatPortraitView.swift */; settings = {ASSET_TAGS = (); }; };
		0CF40A981BB817A8001F3E59 /* SIMChatSpectrumView.swift in Sources */ = {isa = PBXBuildFile; fileRef = 0CF40A851BB817A8001F3E59 /* SIMChatSpectrumView.swift */; settings = {ASSET_TAGS = (); }; };
		0CF40A991BB817A8001F3E59 /* SIMChatStatusView.swift in Sources */ = {isa = PBXBuildFile; fileRef = 0CF40A861BB817A8001F3E59 /* SIMChatStatusView.swift */; settings = {ASSET_TAGS = (); }; };
		0CF40A9A1BB817A8001F3E59 /* SIMChatVisitCardView.swift in Sources */ = {isa = PBXBuildFile; fileRef = 0CF40A871BB817A8001F3E59 /* SIMChatVisitCardView.swift */; settings = {ASSET_TAGS = (); }; };
/* End PBXBuildFile section */

/* Begin PBXContainerItemProxy section */
		0C42DA821BAD449000371CC7 /* PBXContainerItemProxy */ = {
			isa = PBXContainerItemProxy;
			containerPortal = 0C42DA651BAD449000371CC7 /* Project object */;
			proxyType = 1;
			remoteGlobalIDString = 0C42DA6C1BAD449000371CC7;
			remoteInfo = SIMChat;
		};
		0C42DA8D1BAD449000371CC7 /* PBXContainerItemProxy */ = {
			isa = PBXContainerItemProxy;
			containerPortal = 0C42DA651BAD449000371CC7 /* Project object */;
			proxyType = 1;
			remoteGlobalIDString = 0C42DA6C1BAD449000371CC7;
			remoteInfo = SIMChat;
		};
/* End PBXContainerItemProxy section */

/* Begin PBXFileReference section */
		0C0C8E451BAD470A00573160 /* SIMChat.xcassets */ = {isa = PBXFileReference; lastKnownFileType = folder.assetcatalog; path = SIMChat.xcassets; sourceTree = "<group>"; };
		0C0C8E531BAD4CD400573160 /* Reveal.framework */ = {isa = PBXFileReference; lastKnownFileType = wrapper.framework; path = Reveal.framework; sourceTree = "<group>"; };
		0C0C8E551BAD4CFB00573160 /* libz.tbd */ = {isa = PBXFileReference; lastKnownFileType = "sourcecode.text-based-dylib-definition"; name = libz.tbd; path = usr/lib/libz.tbd; sourceTree = SDKROOT; };
		0C0C8E671BAD8E5F00573160 /* SIMChatViewController.swift */ = {isa = PBXFileReference; fileEncoding = 4; lastKnownFileType = sourcecode.swift; path = SIMChatViewController.swift; sourceTree = "<group>"; wrapsLines = 0; };
		0C3CA79A1BC144B100C26CA0 /* SDChatManager.swift */ = {isa = PBXFileReference; fileEncoding = 4; lastKnownFileType = sourcecode.swift; path = SDChatManager.swift; sourceTree = "<group>"; };
		0C3CA79C1BC144C900C26CA0 /* SDChatViewController.swift */ = {isa = PBXFileReference; fileEncoding = 4; lastKnownFileType = sourcecode.swift; path = SDChatViewController.swift; sourceTree = "<group>"; };
		0C3CA79E1BC144F500C26CA0 /* SDChatConversationViewController.swift */ = {isa = PBXFileReference; fileEncoding = 4; lastKnownFileType = sourcecode.swift; path = SDChatConversationViewController.swift; sourceTree = "<group>"; };
		0C3CA7A01BC1470000C26CA0 /* SDChatConversation.swift */ = {isa = PBXFileReference; fileEncoding = 4; lastKnownFileType = sourcecode.swift; path = SDChatConversation.swift; sourceTree = "<group>"; };
		0C3CA7A21BC26C6300C26CA0 /* SIMChatEmojiView.swift */ = {isa = PBXFileReference; fileEncoding = 4; lastKnownFileType = sourcecode.swift; path = SIMChatEmojiView.swift; sourceTree = "<group>"; };
		0C3CA7A51BC3821F00C26CA0 /* SIMChatMessage.swift */ = {isa = PBXFileReference; fileEncoding = 4; lastKnownFileType = sourcecode.swift; path = SIMChatMessage.swift; sourceTree = "<group>"; };
		0C3CA7A61BC3821F00C26CA0 /* SIMChatMessageContent+Date.swift */ = {isa = PBXFileReference; fileEncoding = 4; lastKnownFileType = sourcecode.swift; path = "SIMChatMessageContent+Date.swift"; sourceTree = "<group>"; };
		0C3CA7A71BC3821F00C26CA0 /* SIMChatMessageContent+Image.swift */ = {isa = PBXFileReference; fileEncoding = 4; lastKnownFileType = sourcecode.swift; path = "SIMChatMessageContent+Image.swift"; sourceTree = "<group>"; };
		0C3CA7A81BC3821F00C26CA0 /* SIMChatMessageContent+Text.swift */ = {isa = PBXFileReference; fileEncoding = 4; lastKnownFileType = sourcecode.swift; path = "SIMChatMessageContent+Text.swift"; sourceTree = "<group>"; };
		0C3CA7A91BC3821F00C26CA0 /* SIMChatMessageContent+Tips.swift */ = {isa = PBXFileReference; fileEncoding = 4; lastKnownFileType = sourcecode.swift; path = "SIMChatMessageContent+Tips.swift"; sourceTree = "<group>"; };
		0C3CA7AA1BC3821F00C26CA0 /* SIMChatMessageContent+Unknow.swift */ = {isa = PBXFileReference; fileEncoding = 4; lastKnownFileType = sourcecode.swift; path = "SIMChatMessageContent+Unknow.swift"; sourceTree = "<group>"; };
		0C3CA7AB1BC3821F00C26CA0 /* SIMChatMessageContent+Audio.swift */ = {isa = PBXFileReference; fileEncoding = 4; lastKnownFileType = sourcecode.swift; path = "SIMChatMessageContent+Audio.swift"; sourceTree = "<group>"; };
		0C3CA7AC1BC3821F00C26CA0 /* SIMChatMessageContent.swift */ = {isa = PBXFileReference; fileEncoding = 4; lastKnownFileType = sourcecode.swift; path = SIMChatMessageContent.swift; sourceTree = "<group>"; };
		0C3CA7AE1BC3821F00C26CA0 /* SIMChatGroup.swift */ = {isa = PBXFileReference; fileEncoding = 4; lastKnownFileType = sourcecode.swift; path = SIMChatGroup.swift; sourceTree = "<group>"; };
		0C3CA7AF1BC3821F00C26CA0 /* SIMChatUser.swift */ = {isa = PBXFileReference; fileEncoding = 4; lastKnownFileType = sourcecode.swift; path = SIMChatUser.swift; sourceTree = "<group>"; };
		0C3CA7BA1BC3B33300C26CA0 /* SIMChatEmojiAttachment.swift */ = {isa = PBXFileReference; fileEncoding = 4; lastKnownFileType = sourcecode.swift; path = SIMChatEmojiAttachment.swift; sourceTree = "<group>"; wrapsLines = 0; };
		0C3CA7BE1BC3CE8E00C26CA0 /* SIMChatLabel.swift */ = {isa = PBXFileReference; fileEncoding = 4; lastKnownFileType = sourcecode.swift; path = SIMChatLabel.swift; sourceTree = "<group>"; };
		0C42DA6D1BAD449000371CC7 /* SIMChat.app */ = {isa = PBXFileReference; explicitFileType = wrapper.application; includeInIndex = 0; path = SIMChat.app; sourceTree = BUILT_PRODUCTS_DIR; };
		0C42DA811BAD449000371CC7 /* SIMChatTests.xctest */ = {isa = PBXFileReference; explicitFileType = wrapper.cfbundle; includeInIndex = 0; path = SIMChatTests.xctest; sourceTree = BUILT_PRODUCTS_DIR; };
		0C42DA851BAD449000371CC7 /* SIMChatTests.swift */ = {isa = PBXFileReference; lastKnownFileType = sourcecode.swift; path = SIMChatTests.swift; sourceTree = "<group>"; };
		0C42DA871BAD449000371CC7 /* Info.plist */ = {isa = PBXFileReference; lastKnownFileType = text.plist.xml; path = Info.plist; sourceTree = "<group>"; };
		0C42DA8C1BAD449000371CC7 /* SIMChatUITests.xctest */ = {isa = PBXFileReference; explicitFileType = wrapper.cfbundle; includeInIndex = 0; path = SIMChatUITests.xctest; sourceTree = BUILT_PRODUCTS_DIR; };
		0C42DA901BAD449000371CC7 /* SIMChatUITests.swift */ = {isa = PBXFileReference; lastKnownFileType = sourcecode.swift; path = SIMChatUITests.swift; sourceTree = "<group>"; };
		0C42DA921BAD449000371CC7 /* Info.plist */ = {isa = PBXFileReference; lastKnownFileType = text.plist.xml; path = Info.plist; sourceTree = "<group>"; };
		0C42DA9F1BAD44BB00371CC7 /* AppDelegate.swift */ = {isa = PBXFileReference; fileEncoding = 4; lastKnownFileType = sourcecode.swift; path = AppDelegate.swift; sourceTree = "<group>"; };
		0C42DAA01BAD44BB00371CC7 /* SIMChatDemo.xcassets */ = {isa = PBXFileReference; lastKnownFileType = folder.assetcatalog; path = SIMChatDemo.xcassets; sourceTree = "<group>"; };
		0C42DAA21BAD44BB00371CC7 /* Base */ = {isa = PBXFileReference; lastKnownFileType = file.storyboard; name = Base; path = Base.lproj/LaunchScreen.storyboard; sourceTree = "<group>"; };
		0C42DAA41BAD44BB00371CC7 /* Base */ = {isa = PBXFileReference; lastKnownFileType = file.storyboard; name = Base; path = Base.lproj/Main.storyboard; sourceTree = "<group>"; };
		0C42DAA51BAD44BB00371CC7 /* Info.plist */ = {isa = PBXFileReference; fileEncoding = 4; lastKnownFileType = text.plist.xml; path = Info.plist; sourceTree = "<group>"; };
		0C7E7E8D1BB64EE600187D68 /* SIMChatViewController+Keyboard.swift */ = {isa = PBXFileReference; fileEncoding = 4; lastKnownFileType = sourcecode.swift; path = "SIMChatViewController+Keyboard.swift"; sourceTree = "<group>"; wrapsLines = 0; };
		0C7E7E911BB657AF00187D68 /* SIMChatViewController+Message.swift */ = {isa = PBXFileReference; fileEncoding = 4; lastKnownFileType = sourcecode.swift; path = "SIMChatViewController+Message.swift"; sourceTree = "<group>"; wrapsLines = 0; };
		0CF409D81BB79902001F3E59 /* AVFoundation.framework */ = {isa = PBXFileReference; lastKnownFileType = wrapper.framework; name = AVFoundation.framework; path = System/Library/Frameworks/AVFoundation.framework; sourceTree = SDKROOT; };
		0CF40A3F1BB816DB001F3E59 /* SIMChatPhotoBrowserController.swift */ = {isa = PBXFileReference; fileEncoding = 4; lastKnownFileType = sourcecode.swift; path = SIMChatPhotoBrowserController.swift; sourceTree = "<group>"; };
		0CF40A561BB8176A001F3E59 /* SIMAttr.swift */ = {isa = PBXFileReference; fileEncoding = 4; lastKnownFileType = sourcecode.swift; path = SIMAttr.swift; sourceTree = "<group>"; };
		0CF40A571BB8176A001F3E59 /* SIMHelper.swift */ = {isa = PBXFileReference; fileEncoding = 4; lastKnownFileType = sourcecode.swift; path = SIMHelper.swift; sourceTree = "<group>"; };
		0CF40A581BB8176A001F3E59 /* SIMLog.swift */ = {isa = PBXFileReference; fileEncoding = 4; lastKnownFileType = sourcecode.swift; path = SIMLog.swift; sourceTree = "<group>"; };
		0CF40A591BB8176A001F3E59 /* UIColor+Hex.swift */ = {isa = PBXFileReference; fileEncoding = 4; lastKnownFileType = sourcecode.swift; path = "UIColor+Hex.swift"; sourceTree = "<group>"; };
		0CF40A5A1BB8176A001F3E59 /* UIImage+FixOrientation.swift */ = {isa = PBXFileReference; fileEncoding = 4; lastKnownFileType = sourcecode.swift; path = "UIImage+FixOrientation.swift"; sourceTree = "<group>"; };
		0CF40A5B1BB8176A001F3E59 /* UIViewController+Transition.swift */ = {isa = PBXFileReference; fileEncoding = 4; lastKnownFileType = sourcecode.swift; path = "UIViewController+Transition.swift"; sourceTree = "<group>"; };
		0CF40A5D1BB8176A001F3E59 /* SIMChatAudioManager.swift */ = {isa = PBXFileReference; fileEncoding = 4; lastKnownFileType = sourcecode.swift; path = SIMChatAudioManager.swift; sourceTree = "<group>"; };
		0CF40A5E1BB8176A001F3E59 /* SIMChatImageManager.swift */ = {isa = PBXFileReference; fileEncoding = 4; lastKnownFileType = sourcecode.swift; path = SIMChatImageManager.swift; sourceTree = "<group>"; };
		0CF40A5F1BB8176A001F3E59 /* SIMChatManager.swift */ = {isa = PBXFileReference; fileEncoding = 4; lastKnownFileType = sourcecode.swift; path = SIMChatManager.swift; sourceTree = "<group>"; };
		0CF40A611BB8176A001F3E59 /* SIMChatUserManager.swift */ = {isa = PBXFileReference; fileEncoding = 4; lastKnownFileType = sourcecode.swift; path = SIMChatUserManager.swift; sourceTree = "<group>"; };
		0CF40A631BB8176A001F3E59 /* SIMChatConversation.swift */ = {isa = PBXFileReference; fileEncoding = 4; lastKnownFileType = sourcecode.swift; path = SIMChatConversation.swift; sourceTree = "<group>"; wrapsLines = 0; };
		0CF40A641BB8176A001F3E59 /* SIMChatNotificationCenter.swift */ = {isa = PBXFileReference; fileEncoding = 4; lastKnownFileType = sourcecode.swift; path = SIMChatNotificationCenter.swift; sourceTree = "<group>"; };
		0CF40A731BB817A8001F3E59 /* SIMChatCell+Audio.swift */ = {isa = PBXFileReference; fileEncoding = 4; lastKnownFileType = sourcecode.swift; path = "SIMChatCell+Audio.swift"; sourceTree = "<group>"; wrapsLines = 0; };
		0CF40A741BB817A8001F3E59 /* SIMChatCell+Bubble.swift */ = {isa = PBXFileReference; fileEncoding = 4; lastKnownFileType = sourcecode.swift; path = "SIMChatCell+Bubble.swift"; sourceTree = "<group>"; };
		0CF40A751BB817A8001F3E59 /* SIMChatCell+Date.swift */ = {isa = PBXFileReference; fileEncoding = 4; lastKnownFileType = sourcecode.swift; path = "SIMChatCell+Date.swift"; sourceTree = "<group>"; };
		0CF40A761BB817A8001F3E59 /* SIMChatCell+Image.swift */ = {isa = PBXFileReference; fileEncoding = 4; lastKnownFileType = sourcecode.swift; path = "SIMChatCell+Image.swift"; sourceTree = "<group>"; };
		0CF40A771BB817A8001F3E59 /* SIMChatCell+Text.swift */ = {isa = PBXFileReference; fileEncoding = 4; lastKnownFileType = sourcecode.swift; path = "SIMChatCell+Text.swift"; sourceTree = "<group>"; wrapsLines = 0; };
		0CF40A781BB817A8001F3E59 /* SIMChatCell+Tips.swift */ = {isa = PBXFileReference; fileEncoding = 4; lastKnownFileType = sourcecode.swift; path = "SIMChatCell+Tips.swift"; sourceTree = "<group>"; };
		0CF40A791BB817A8001F3E59 /* SIMChatCell+Unknow.swift */ = {isa = PBXFileReference; fileEncoding = 4; lastKnownFileType = sourcecode.swift; path = "SIMChatCell+Unknow.swift"; sourceTree = "<group>"; };
		0CF40A7A1BB817A8001F3E59 /* SIMChatCell.swift */ = {isa = PBXFileReference; fileEncoding = 4; lastKnownFileType = sourcecode.swift; path = SIMChatCell.swift; sourceTree = "<group>"; };
		0CF40A7C1BB817A8001F3E59 /* SIMChatKeyboardAudio.swift */ = {isa = PBXFileReference; fileEncoding = 4; lastKnownFileType = sourcecode.swift; path = SIMChatKeyboardAudio.swift; sourceTree = "<group>"; };
		0CF40A7D1BB817A8001F3E59 /* SIMChatKeyboardEmoji.swift */ = {isa = PBXFileReference; fileEncoding = 4; lastKnownFileType = sourcecode.swift; path = SIMChatKeyboardEmoji.swift; sourceTree = "<group>"; };
		0CF40A7E1BB817A8001F3E59 /* SIMChatKeyboardTool.swift */ = {isa = PBXFileReference; fileEncoding = 4; lastKnownFileType = sourcecode.swift; path = SIMChatKeyboardTool.swift; sourceTree = "<group>"; };
		0CF40A7F1BB817A8001F3E59 /* SIMChatTextField.swift */ = {isa = PBXFileReference; fileEncoding = 4; lastKnownFileType = sourcecode.swift; path = SIMChatTextField.swift; sourceTree = "<group>"; };
		0CF40A811BB817A8001F3E59 /* SIMChatBubbleView.swift */ = {isa = PBXFileReference; fileEncoding = 4; lastKnownFileType = sourcecode.swift; path = SIMChatBubbleView.swift; sourceTree = "<group>"; };
		0CF40A821BB817A8001F3E59 /* SIMChatLine.swift */ = {isa = PBXFileReference; fileEncoding = 4; lastKnownFileType = sourcecode.swift; path = SIMChatLine.swift; sourceTree = "<group>"; };
		0CF40A831BB817A8001F3E59 /* SIMChatPhotoView.swift */ = {isa = PBXFileReference; fileEncoding = 4; lastKnownFileType = sourcecode.swift; path = SIMChatPhotoView.swift; sourceTree = "<group>"; };
		0CF40A841BB817A8001F3E59 /* SIMChatPortraitView.swift */ = {isa = PBXFileReference; fileEncoding = 4; lastKnownFileType = sourcecode.swift; path = SIMChatPortraitView.swift; sourceTree = "<group>"; };
		0CF40A851BB817A8001F3E59 /* SIMChatSpectrumView.swift */ = {isa = PBXFileReference; fileEncoding = 4; lastKnownFileType = sourcecode.swift; path = SIMChatSpectrumView.swift; sourceTree = "<group>"; };
		0CF40A861BB817A8001F3E59 /* SIMChatStatusView.swift */ = {isa = PBXFileReference; fileEncoding = 4; lastKnownFileType = sourcecode.swift; path = SIMChatStatusView.swift; sourceTree = "<group>"; };
		0CF40A871BB817A8001F3E59 /* SIMChatVisitCardView.swift */ = {isa = PBXFileReference; fileEncoding = 4; lastKnownFileType = sourcecode.swift; path = SIMChatVisitCardView.swift; sourceTree = "<group>"; };
/* End PBXFileReference section */

/* Begin PBXFrameworksBuildPhase section */
		0C42DA6A1BAD449000371CC7 /* Frameworks */ = {
			isa = PBXFrameworksBuildPhase;
			buildActionMask = 2147483647;
			files = (
				0CF409D91BB79902001F3E59 /* AVFoundation.framework in Frameworks */,
				0C0C8E561BAD4CFB00573160 /* libz.tbd in Frameworks */,
				0C0C8E541BAD4CD400573160 /* Reveal.framework in Frameworks */,
			);
			runOnlyForDeploymentPostprocessing = 0;
		};
		0C42DA7E1BAD449000371CC7 /* Frameworks */ = {
			isa = PBXFrameworksBuildPhase;
			buildActionMask = 2147483647;
			files = (
			);
			runOnlyForDeploymentPostprocessing = 0;
		};
		0C42DA891BAD449000371CC7 /* Frameworks */ = {
			isa = PBXFrameworksBuildPhase;
			buildActionMask = 2147483647;
			files = (
			);
			runOnlyForDeploymentPostprocessing = 0;
		};
/* End PBXFrameworksBuildPhase section */

/* Begin PBXGroup section */
		0C0C8E3F1BAD470A00573160 /* SIMChat */ = {
			isa = PBXGroup;
			children = (
				0C0C8E401BAD470A00573160 /* Controllers */,
				0C0C8E411BAD470A00573160 /* Models */,
				0C0C8E421BAD470A00573160 /* Others */,
				0C0C8E441BAD470A00573160 /* Resources */,
				0C0C8E461BAD470A00573160 /* Views */,
			);
			path = SIMChat;
			sourceTree = "<group>";
		};
		0C0C8E401BAD470A00573160 /* Controllers */ = {
			isa = PBXGroup;
			children = (
				0CF40A3E1BB816DB001F3E59 /* Other */,
				0C0C8E671BAD8E5F00573160 /* SIMChatViewController.swift */,
				0C7E7E911BB657AF00187D68 /* SIMChatViewController+Message.swift */,
				0C7E7E8D1BB64EE600187D68 /* SIMChatViewController+Keyboard.swift */,
			);
			path = Controllers;
			sourceTree = "<group>";
		};
		0C0C8E411BAD470A00573160 /* Models */ = {
			isa = PBXGroup;
			children = (
				0C3CA7A41BC3821F00C26CA0 /* Message */,
				0C3CA7AD1BC3821F00C26CA0 /* Other */,
			);
			path = Models;
			sourceTree = "<group>";
		};
		0C0C8E421BAD470A00573160 /* Others */ = {
			isa = PBXGroup;
			children = (
				0CF40A551BB8176A001F3E59 /* Ex */,
				0CF40A5C1BB8176A001F3E59 /* Manager */,
				0CF40A621BB8176A001F3E59 /* Other */,
			);
			path = Others;
			sourceTree = "<group>";
		};
		0C0C8E441BAD470A00573160 /* Resources */ = {
			isa = PBXGroup;
			children = (
				0C0C8E451BAD470A00573160 /* SIMChat.xcassets */,
			);
			path = Resources;
			sourceTree = "<group>";
		};
		0C0C8E461BAD470A00573160 /* Views */ = {
			isa = PBXGroup;
			children = (
				0CF40A721BB817A8001F3E59 /* Cell */,
				0CF40A7B1BB817A8001F3E59 /* Input */,
				0CF40A801BB817A8001F3E59 /* Other */,
			);
			path = Views;
			sourceTree = "<group>";
		};
		0C0C8E521BAD4CD400573160 /* Frameworks */ = {
			isa = PBXGroup;
			children = (
				0CF409D81BB79902001F3E59 /* AVFoundation.framework */,
				0C0C8E531BAD4CD400573160 /* Reveal.framework */,
				0C0C8E551BAD4CFB00573160 /* libz.tbd */,
			);
			name = Frameworks;
			path = SIMChatDemo/Frameworks;
			sourceTree = "<group>";
		};
		0C3CA7A41BC3821F00C26CA0 /* Message */ = {
			isa = PBXGroup;
			children = (
				0C3CA7A51BC3821F00C26CA0 /* SIMChatMessage.swift */,
				0C3CA7AC1BC3821F00C26CA0 /* SIMChatMessageContent.swift */,
				0C3CA7AB1BC3821F00C26CA0 /* SIMChatMessageContent+Audio.swift */,
				0C3CA7A61BC3821F00C26CA0 /* SIMChatMessageContent+Date.swift */,
				0C3CA7A71BC3821F00C26CA0 /* SIMChatMessageContent+Image.swift */,
				0C3CA7A81BC3821F00C26CA0 /* SIMChatMessageContent+Text.swift */,
				0C3CA7A91BC3821F00C26CA0 /* SIMChatMessageContent+Tips.swift */,
				0C3CA7AA1BC3821F00C26CA0 /* SIMChatMessageContent+Unknow.swift */,
			);
			path = Message;
			sourceTree = "<group>";
		};
		0C3CA7AD1BC3821F00C26CA0 /* Other */ = {
			isa = PBXGroup;
			children = (
				0C3CA7AE1BC3821F00C26CA0 /* SIMChatGroup.swift */,
				0C3CA7AF1BC3821F00C26CA0 /* SIMChatUser.swift */,
			);
			path = Other;
			sourceTree = "<group>";
		};
		0C42DA641BAD449000371CC7 = {
			isa = PBXGroup;
			children = (
				0C0C8E3F1BAD470A00573160 /* SIMChat */,
				0C42DA9E1BAD44BB00371CC7 /* SIMChatDemo */,
				0C42DA841BAD449000371CC7 /* SIMChatTests */,
				0C42DA8F1BAD449000371CC7 /* SIMChatUITests */,
				0C0C8E521BAD4CD400573160 /* Frameworks */,
				0C42DA6E1BAD449000371CC7 /* Products */,
			);
			sourceTree = "<group>";
		};
		0C42DA6E1BAD449000371CC7 /* Products */ = {
			isa = PBXGroup;
			children = (
				0C42DA6D1BAD449000371CC7 /* SIMChat.app */,
				0C42DA811BAD449000371CC7 /* SIMChatTests.xctest */,
				0C42DA8C1BAD449000371CC7 /* SIMChatUITests.xctest */,
			);
			name = Products;
			sourceTree = "<group>";
		};
		0C42DA841BAD449000371CC7 /* SIMChatTests */ = {
			isa = PBXGroup;
			children = (
				0C42DA851BAD449000371CC7 /* SIMChatTests.swift */,
				0C42DA871BAD449000371CC7 /* Info.plist */,
			);
			path = SIMChatTests;
			sourceTree = "<group>";
		};
		0C42DA8F1BAD449000371CC7 /* SIMChatUITests */ = {
			isa = PBXGroup;
			children = (
				0C42DA901BAD449000371CC7 /* SIMChatUITests.swift */,
				0C42DA921BAD449000371CC7 /* Info.plist */,
			);
			path = SIMChatUITests;
			sourceTree = "<group>";
		};
		0C42DA9E1BAD44BB00371CC7 /* SIMChatDemo */ = {
			isa = PBXGroup;
			children = (
				0C42DAA51BAD44BB00371CC7 /* Info.plist */,
				0C42DA9F1BAD44BB00371CC7 /* AppDelegate.swift */,
				0C42DAA31BAD44BB00371CC7 /* Main.storyboard */,
				0C42DAA11BAD44BB00371CC7 /* LaunchScreen.storyboard */,
				0C42DAA01BAD44BB00371CC7 /* SIMChatDemo.xcassets */,
				0C3CA79A1BC144B100C26CA0 /* SDChatManager.swift */,
				0C3CA7A01BC1470000C26CA0 /* SDChatConversation.swift */,
				0C3CA79C1BC144C900C26CA0 /* SDChatViewController.swift */,
				0C3CA79E1BC144F500C26CA0 /* SDChatConversationViewController.swift */,
			);
			path = SIMChatDemo;
			sourceTree = "<group>";
		};
		0CF40A3E1BB816DB001F3E59 /* Other */ = {
			isa = PBXGroup;
			children = (
				0CF40A3F1BB816DB001F3E59 /* SIMChatPhotoBrowserController.swift */,
			);
			path = Other;
			sourceTree = "<group>";
		};
		0CF40A551BB8176A001F3E59 /* Ex */ = {
			isa = PBXGroup;
			children = (
				0CF40A561BB8176A001F3E59 /* SIMAttr.swift */,
				0CF40A571BB8176A001F3E59 /* SIMHelper.swift */,
				0CF40A581BB8176A001F3E59 /* SIMLog.swift */,
				0CF40A591BB8176A001F3E59 /* UIColor+Hex.swift */,
				0CF40A5A1BB8176A001F3E59 /* UIImage+FixOrientation.swift */,
				0CF40A5B1BB8176A001F3E59 /* UIViewController+Transition.swift */,
			);
			path = Ex;
			sourceTree = "<group>";
		};
		0CF40A5C1BB8176A001F3E59 /* Manager */ = {
			isa = PBXGroup;
			children = (
				0CF40A5D1BB8176A001F3E59 /* SIMChatAudioManager.swift */,
				0CF40A5E1BB8176A001F3E59 /* SIMChatImageManager.swift */,
				0CF40A5F1BB8176A001F3E59 /* SIMChatManager.swift */,
				0CF40A611BB8176A001F3E59 /* SIMChatUserManager.swift */,
			);
			path = Manager;
			sourceTree = "<group>";
		};
		0CF40A621BB8176A001F3E59 /* Other */ = {
			isa = PBXGroup;
			children = (
				0CF40A631BB8176A001F3E59 /* SIMChatConversation.swift */,
				0CF40A641BB8176A001F3E59 /* SIMChatNotificationCenter.swift */,
			);
			path = Other;
			sourceTree = "<group>";
		};
		0CF40A721BB817A8001F3E59 /* Cell */ = {
			isa = PBXGroup;
			children = (
				0CF40A7A1BB817A8001F3E59 /* SIMChatCell.swift */,
				0CF40A731BB817A8001F3E59 /* SIMChatCell+Audio.swift */,
				0CF40A741BB817A8001F3E59 /* SIMChatCell+Bubble.swift */,
				0CF40A751BB817A8001F3E59 /* SIMChatCell+Date.swift */,
				0CF40A761BB817A8001F3E59 /* SIMChatCell+Image.swift */,
				0CF40A771BB817A8001F3E59 /* SIMChatCell+Text.swift */,
				0CF40A781BB817A8001F3E59 /* SIMChatCell+Tips.swift */,
				0CF40A791BB817A8001F3E59 /* SIMChatCell+Unknow.swift */,
			);
			path = Cell;
			sourceTree = "<group>";
		};
		0CF40A7B1BB817A8001F3E59 /* Input */ = {
			isa = PBXGroup;
			children = (
				0CF40A7F1BB817A8001F3E59 /* SIMChatTextField.swift */,
				0CF40A7C1BB817A8001F3E59 /* SIMChatKeyboardAudio.swift */,
				0CF40A7D1BB817A8001F3E59 /* SIMChatKeyboardEmoji.swift */,
				0CF40A7E1BB817A8001F3E59 /* SIMChatKeyboardTool.swift */,
			);
			path = Input;
			sourceTree = "<group>";
		};
		0CF40A801BB817A8001F3E59 /* Other */ = {
			isa = PBXGroup;
			children = (
				0CF40A811BB817A8001F3E59 /* SIMChatBubbleView.swift */,
				0C3CA7A21BC26C6300C26CA0 /* SIMChatEmojiView.swift */,
				0C3CA7BA1BC3B33300C26CA0 /* SIMChatEmojiAttachment.swift */,
				0CF40A821BB817A8001F3E59 /* SIMChatLine.swift */,
				0C3CA7BE1BC3CE8E00C26CA0 /* SIMChatLabel.swift */,
				0CF40A831BB817A8001F3E59 /* SIMChatPhotoView.swift */,
				0CF40A841BB817A8001F3E59 /* SIMChatPortraitView.swift */,
				0CF40A851BB817A8001F3E59 /* SIMChatSpectrumView.swift */,
				0CF40A861BB817A8001F3E59 /* SIMChatStatusView.swift */,
				0CF40A871BB817A8001F3E59 /* SIMChatVisitCardView.swift */,
			);
			path = Other;
			sourceTree = "<group>";
		};
/* End PBXGroup section */

/* Begin PBXNativeTarget section */
		0C42DA6C1BAD449000371CC7 /* SIMChat */ = {
			isa = PBXNativeTarget;
			buildConfigurationList = 0C42DA951BAD449000371CC7 /* Build configuration list for PBXNativeTarget "SIMChat" */;
			buildPhases = (
				0C42DA691BAD449000371CC7 /* Sources */,
				0C42DA6A1BAD449000371CC7 /* Frameworks */,
				0C42DA6B1BAD449000371CC7 /* Resources */,
				0C42DAAD1BAD44E100371CC7 /* ShellScript */,
			);
			buildRules = (
			);
			dependencies = (
			);
			name = SIMChat;
			productName = SIMChat;
			productReference = 0C42DA6D1BAD449000371CC7 /* SIMChat.app */;
			productType = "com.apple.product-type.application";
		};
		0C42DA801BAD449000371CC7 /* SIMChatTests */ = {
			isa = PBXNativeTarget;
			buildConfigurationList = 0C42DA981BAD449000371CC7 /* Build configuration list for PBXNativeTarget "SIMChatTests" */;
			buildPhases = (
				0C42DA7D1BAD449000371CC7 /* Sources */,
				0C42DA7E1BAD449000371CC7 /* Frameworks */,
				0C42DA7F1BAD449000371CC7 /* Resources */,
			);
			buildRules = (
			);
			dependencies = (
				0C42DA831BAD449000371CC7 /* PBXTargetDependency */,
			);
			name = SIMChatTests;
			productName = SIMChatTests;
			productReference = 0C42DA811BAD449000371CC7 /* SIMChatTests.xctest */;
			productType = "com.apple.product-type.bundle.unit-test";
		};
		0C42DA8B1BAD449000371CC7 /* SIMChatUITests */ = {
			isa = PBXNativeTarget;
			buildConfigurationList = 0C42DA9B1BAD449000371CC7 /* Build configuration list for PBXNativeTarget "SIMChatUITests" */;
			buildPhases = (
				0C42DA881BAD449000371CC7 /* Sources */,
				0C42DA891BAD449000371CC7 /* Frameworks */,
				0C42DA8A1BAD449000371CC7 /* Resources */,
			);
			buildRules = (
			);
			dependencies = (
				0C42DA8E1BAD449000371CC7 /* PBXTargetDependency */,
			);
			name = SIMChatUITests;
			productName = SIMChatUITests;
			productReference = 0C42DA8C1BAD449000371CC7 /* SIMChatUITests.xctest */;
			productType = "com.apple.product-type.bundle.ui-testing";
		};
/* End PBXNativeTarget section */

/* Begin PBXProject section */
		0C42DA651BAD449000371CC7 /* Project object */ = {
			isa = PBXProject;
			attributes = {
				CLASSPREFIX = SIMChat;
				LastUpgradeCheck = 0700;
				ORGANIZATIONNAME = Sagesse;
				TargetAttributes = {
					0C42DA6C1BAD449000371CC7 = {
						CreatedOnToolsVersion = 7.0;
						DevelopmentTeam = 75W7979FX6;
					};
					0C42DA801BAD449000371CC7 = {
						CreatedOnToolsVersion = 7.0;
						TestTargetID = 0C42DA6C1BAD449000371CC7;
					};
					0C42DA8B1BAD449000371CC7 = {
						CreatedOnToolsVersion = 7.0;
						TestTargetID = 0C42DA6C1BAD449000371CC7;
					};
				};
			};
			buildConfigurationList = 0C42DA681BAD449000371CC7 /* Build configuration list for PBXProject "SIMChat" */;
			compatibilityVersion = "Xcode 3.2";
			developmentRegion = English;
			hasScannedForEncodings = 0;
			knownRegions = (
				en,
				Base,
			);
			mainGroup = 0C42DA641BAD449000371CC7;
			productRefGroup = 0C42DA6E1BAD449000371CC7 /* Products */;
			projectDirPath = "";
			projectRoot = "";
			targets = (
				0C42DA6C1BAD449000371CC7 /* SIMChat */,
				0C42DA801BAD449000371CC7 /* SIMChatTests */,
				0C42DA8B1BAD449000371CC7 /* SIMChatUITests */,
			);
		};
/* End PBXProject section */

/* Begin PBXResourcesBuildPhase section */
		0C42DA6B1BAD449000371CC7 /* Resources */ = {
			isa = PBXResourcesBuildPhase;
			buildActionMask = 2147483647;
			files = (
				0C42DAAA1BAD44BB00371CC7 /* Main.storyboard in Resources */,
				0C42DAA91BAD44BB00371CC7 /* LaunchScreen.storyboard in Resources */,
				0C0C8E4B1BAD470A00573160 /* SIMChat.xcassets in Resources */,
				0C42DAA81BAD44BB00371CC7 /* SIMChatDemo.xcassets in Resources */,
			);
			runOnlyForDeploymentPostprocessing = 0;
		};
		0C42DA7F1BAD449000371CC7 /* Resources */ = {
			isa = PBXResourcesBuildPhase;
			buildActionMask = 2147483647;
			files = (
			);
			runOnlyForDeploymentPostprocessing = 0;
		};
		0C42DA8A1BAD449000371CC7 /* Resources */ = {
			isa = PBXResourcesBuildPhase;
			buildActionMask = 2147483647;
			files = (
			);
			runOnlyForDeploymentPostprocessing = 0;
		};
/* End PBXResourcesBuildPhase section */

/* Begin PBXShellScriptBuildPhase section */
		0C42DAAD1BAD44E100371CC7 /* ShellScript */ = {
			isa = PBXShellScriptBuildPhase;
			buildActionMask = 2147483647;
			files = (
			);
			inputPaths = (
			);
			outputPaths = (
			);
			runOnlyForDeploymentPostprocessing = 0;
			shellPath = /bin/sh;
			shellScript = "echo $CONFIGURATION\n\nif [ \"Release\" == \"${CONFIGURATION}\" ]\n\nthen\n\nbuildNumber=$(/usr/libexec/PlistBuddy -c \"Print CFBundleVersion\" \"${INFOPLIST_FILE}\")\n\nbuildNumber=$(($buildNumber + 1))\n\n/usr/libexec/PlistBuddy -c \"Set :CFBundleVersion $buildNumber\" \"${INFOPLIST_FILE}\"\n\necho \"build number increase\"\n\nfi";
		};
/* End PBXShellScriptBuildPhase section */

/* Begin PBXSourcesBuildPhase section */
		0C42DA691BAD449000371CC7 /* Sources */ = {
			isa = PBXSourcesBuildPhase;
			buildActionMask = 2147483647;
			files = (
				0CF40A881BB817A8001F3E59 /* SIMChatCell+Audio.swift in Sources */,
				0CF40A911BB817A8001F3E59 /* SIMChatKeyboardEmoji.swift in Sources */,
				0CF40A981BB817A8001F3E59 /* SIMChatSpectrumView.swift in Sources */,
				0CF40A651BB8176A001F3E59 /* SIMAttr.swift in Sources */,
				0CF40A9A1BB817A8001F3E59 /* SIMChatVisitCardView.swift in Sources */,
				0CF40A6D1BB8176A001F3E59 /* SIMChatManager.swift in Sources */,
				0C3CA7B51BC3821F00C26CA0 /* SIMChatMessageContent+Unknow.swift in Sources */,
				0C3CA7A31BC26C6300C26CA0 /* SIMChatEmojiView.swift in Sources */,
				0CF40A6C1BB8176A001F3E59 /* SIMChatImageManager.swift in Sources */,
				0CF40A991BB817A8001F3E59 /* SIMChatStatusView.swift in Sources */,
				0CF40A6B1BB8176A001F3E59 /* SIMChatAudioManager.swift in Sources */,
				0CF40A8D1BB817A8001F3E59 /* SIMChatCell+Tips.swift in Sources */,
				0CF40A901BB817A8001F3E59 /* SIMChatKeyboardAudio.swift in Sources */,
				0C3CA79D1BC144C900C26CA0 /* SDChatViewController.swift in Sources */,
				0CF40A951BB817A8001F3E59 /* SIMChatLine.swift in Sources */,
				0CF40A711BB8176A001F3E59 /* SIMChatNotificationCenter.swift in Sources */,
				0C3CA79B1BC144B100C26CA0 /* SDChatManager.swift in Sources */,
				0CF40A8B1BB817A8001F3E59 /* SIMChatCell+Image.swift in Sources */,
				0C3CA7B11BC3821F00C26CA0 /* SIMChatMessageContent+Date.swift in Sources */,
				0C0C8E681BAD8E5F00573160 /* SIMChatViewController.swift in Sources */,
				0CF40A8A1BB817A8001F3E59 /* SIMChatCell+Date.swift in Sources */,
				0C3CA7B01BC3821F00C26CA0 /* SIMChatMessage.swift in Sources */,
				0CF40A671BB8176A001F3E59 /* SIMLog.swift in Sources */,
				0CF40A961BB817A8001F3E59 /* SIMChatPhotoView.swift in Sources */,
				0CF40A401BB816DB001F3E59 /* SIMChatPhotoBrowserController.swift in Sources */,
				0CF40A691BB8176A001F3E59 /* UIImage+FixOrientation.swift in Sources */,
				0CF40A701BB8176A001F3E59 /* SIMChatConversation.swift in Sources */,
				0CF40A661BB8176A001F3E59 /* SIMHelper.swift in Sources */,
				0C42DAA71BAD44BB00371CC7 /* AppDelegate.swift in Sources */,
				0C7E7E8E1BB64EE600187D68 /* SIMChatViewController+Keyboard.swift in Sources */,
				0C3CA7B71BC3821F00C26CA0 /* SIMChatMessageContent.swift in Sources */,
				0CF40A681BB8176A001F3E59 /* UIColor+Hex.swift in Sources */,
				0C3CA79F1BC144F500C26CA0 /* SDChatConversationViewController.swift in Sources */,
				0CF40A8E1BB817A8001F3E59 /* SIMChatCell+Unknow.swift in Sources */,
				0C3CA7B21BC3821F00C26CA0 /* SIMChatMessageContent+Image.swift in Sources */,
				0C7E7E921BB657AF00187D68 /* SIMChatViewController+Message.swift in Sources */,
				0CF40A8C1BB817A8001F3E59 /* SIMChatCell+Text.swift in Sources */,
				0C3CA7B81BC3821F00C26CA0 /* SIMChatGroup.swift in Sources */,
				0CF40A8F1BB817A8001F3E59 /* SIMChatCell.swift in Sources */,
				0C3CA7B41BC3821F00C26CA0 /* SIMChatMessageContent+Tips.swift in Sources */,
				0C3CA7B91BC3821F00C26CA0 /* SIMChatUser.swift in Sources */,
				0C3CA7B61BC3821F00C26CA0 /* SIMChatMessageContent+Audio.swift in Sources */,
				0C3CA7B31BC3821F00C26CA0 /* SIMChatMessageContent+Text.swift in Sources */,
				0CF40A6A1BB8176A001F3E59 /* UIViewController+Transition.swift in Sources */,
				0CF40A891BB817A8001F3E59 /* SIMChatCell+Bubble.swift in Sources */,
				0CF40A6F1BB8176A001F3E59 /* SIMChatUserManager.swift in Sources */,
				0C3CA7BF1BC3CE8E00C26CA0 /* SIMChatLabel.swift in Sources */,
				0CF40A971BB817A8001F3E59 /* SIMChatPortraitView.swift in Sources */,
				0CF40A931BB817A8001F3E59 /* SIMChatTextField.swift in Sources */,
				0CF40A921BB817A8001F3E59 /* SIMChatKeyboardTool.swift in Sources */,
				0C3CA7BB1BC3B33300C26CA0 /* SIMChatEmojiAttachment.swift in Sources */,
				0C3CA7A11BC1470000C26CA0 /* SDChatConversation.swift in Sources */,
				0CF40A941BB817A8001F3E59 /* SIMChatBubbleView.swift in Sources */,
			);
			runOnlyForDeploymentPostprocessing = 0;
		};
		0C42DA7D1BAD449000371CC7 /* Sources */ = {
			isa = PBXSourcesBuildPhase;
			buildActionMask = 2147483647;
			files = (
				0C42DA861BAD449000371CC7 /* SIMChatTests.swift in Sources */,
			);
			runOnlyForDeploymentPostprocessing = 0;
		};
		0C42DA881BAD449000371CC7 /* Sources */ = {
			isa = PBXSourcesBuildPhase;
			buildActionMask = 2147483647;
			files = (
				0C42DA911BAD449000371CC7 /* SIMChatUITests.swift in Sources */,
			);
			runOnlyForDeploymentPostprocessing = 0;
		};
/* End PBXSourcesBuildPhase section */

/* Begin PBXTargetDependency section */
		0C42DA831BAD449000371CC7 /* PBXTargetDependency */ = {
			isa = PBXTargetDependency;
			target = 0C42DA6C1BAD449000371CC7 /* SIMChat */;
			targetProxy = 0C42DA821BAD449000371CC7 /* PBXContainerItemProxy */;
		};
		0C42DA8E1BAD449000371CC7 /* PBXTargetDependency */ = {
			isa = PBXTargetDependency;
			target = 0C42DA6C1BAD449000371CC7 /* SIMChat */;
			targetProxy = 0C42DA8D1BAD449000371CC7 /* PBXContainerItemProxy */;
		};
/* End PBXTargetDependency section */

/* Begin PBXVariantGroup section */
		0C42DAA11BAD44BB00371CC7 /* LaunchScreen.storyboard */ = {
			isa = PBXVariantGroup;
			children = (
				0C42DAA21BAD44BB00371CC7 /* Base */,
			);
			name = LaunchScreen.storyboard;
			sourceTree = "<group>";
		};
		0C42DAA31BAD44BB00371CC7 /* Main.storyboard */ = {
			isa = PBXVariantGroup;
			children = (
				0C42DAA41BAD44BB00371CC7 /* Base */,
			);
			name = Main.storyboard;
			sourceTree = "<group>";
		};
/* End PBXVariantGroup section */

/* Begin XCBuildConfiguration section */
		0C42DA931BAD449000371CC7 /* Debug */ = {
			isa = XCBuildConfiguration;
			buildSettings = {
				ALWAYS_SEARCH_USER_PATHS = NO;
				CLANG_CXX_LANGUAGE_STANDARD = "gnu++0x";
				CLANG_CXX_LIBRARY = "libc++";
				CLANG_ENABLE_MODULES = YES;
				CLANG_ENABLE_OBJC_ARC = YES;
				CLANG_WARN_BOOL_CONVERSION = YES;
				CLANG_WARN_CONSTANT_CONVERSION = YES;
				CLANG_WARN_DIRECT_OBJC_ISA_USAGE = YES_ERROR;
				CLANG_WARN_EMPTY_BODY = YES;
				CLANG_WARN_ENUM_CONVERSION = YES;
				CLANG_WARN_INT_CONVERSION = YES;
				CLANG_WARN_OBJC_ROOT_CLASS = YES_ERROR;
				CLANG_WARN_UNREACHABLE_CODE = YES;
				CLANG_WARN__DUPLICATE_METHOD_MATCH = YES;
				"CODE_SIGN_IDENTITY[sdk=iphoneos*]" = "iPhone Developer";
				COPY_PHASE_STRIP = NO;
				DEBUG_INFORMATION_FORMAT = dwarf;
				ENABLE_STRICT_OBJC_MSGSEND = YES;
				ENABLE_TESTABILITY = YES;
				GCC_C_LANGUAGE_STANDARD = gnu99;
				GCC_DYNAMIC_NO_PIC = NO;
				GCC_NO_COMMON_BLOCKS = YES;
				GCC_OPTIMIZATION_LEVEL = 0;
				GCC_PREPROCESSOR_DEFINITIONS = (
					"DEBUG=1",
					"$(inherited)",
				);
				GCC_WARN_64_TO_32_BIT_CONVERSION = YES;
				GCC_WARN_ABOUT_RETURN_TYPE = YES_ERROR;
				GCC_WARN_UNDECLARED_SELECTOR = YES;
				GCC_WARN_UNINITIALIZED_AUTOS = YES_AGGRESSIVE;
				GCC_WARN_UNUSED_FUNCTION = YES;
				GCC_WARN_UNUSED_VARIABLE = YES;
				IPHONEOS_DEPLOYMENT_TARGET = 9.0;
				MTL_ENABLE_DEBUG_INFO = YES;
				ONLY_ACTIVE_ARCH = YES;
				SDKROOT = iphoneos;
				SWIFT_OPTIMIZATION_LEVEL = "-Onone";
				TARGETED_DEVICE_FAMILY = "1,2";
			};
			name = Debug;
		};
		0C42DA941BAD449000371CC7 /* Release */ = {
			isa = XCBuildConfiguration;
			buildSettings = {
				ALWAYS_SEARCH_USER_PATHS = NO;
				CLANG_CXX_LANGUAGE_STANDARD = "gnu++0x";
				CLANG_CXX_LIBRARY = "libc++";
				CLANG_ENABLE_MODULES = YES;
				CLANG_ENABLE_OBJC_ARC = YES;
				CLANG_WARN_BOOL_CONVERSION = YES;
				CLANG_WARN_CONSTANT_CONVERSION = YES;
				CLANG_WARN_DIRECT_OBJC_ISA_USAGE = YES_ERROR;
				CLANG_WARN_EMPTY_BODY = YES;
				CLANG_WARN_ENUM_CONVERSION = YES;
				CLANG_WARN_INT_CONVERSION = YES;
				CLANG_WARN_OBJC_ROOT_CLASS = YES_ERROR;
				CLANG_WARN_UNREACHABLE_CODE = YES;
				CLANG_WARN__DUPLICATE_METHOD_MATCH = YES;
				"CODE_SIGN_IDENTITY[sdk=iphoneos*]" = "iPhone Developer";
				COPY_PHASE_STRIP = NO;
				DEBUG_INFORMATION_FORMAT = "dwarf-with-dsym";
				ENABLE_NS_ASSERTIONS = NO;
				ENABLE_STRICT_OBJC_MSGSEND = YES;
				GCC_C_LANGUAGE_STANDARD = gnu99;
				GCC_NO_COMMON_BLOCKS = YES;
				GCC_WARN_64_TO_32_BIT_CONVERSION = YES;
				GCC_WARN_ABOUT_RETURN_TYPE = YES_ERROR;
				GCC_WARN_UNDECLARED_SELECTOR = YES;
				GCC_WARN_UNINITIALIZED_AUTOS = YES_AGGRESSIVE;
				GCC_WARN_UNUSED_FUNCTION = YES;
				GCC_WARN_UNUSED_VARIABLE = YES;
				IPHONEOS_DEPLOYMENT_TARGET = 9.0;
				MTL_ENABLE_DEBUG_INFO = NO;
				SDKROOT = iphoneos;
				TARGETED_DEVICE_FAMILY = "1,2";
				VALIDATE_PRODUCT = YES;
			};
			name = Release;
		};
		0C42DA961BAD449000371CC7 /* Debug */ = {
			isa = XCBuildConfiguration;
			buildSettings = {
				ASSETCATALOG_COMPILER_APPICON_NAME = AppIcon;
				ASSETCATALOG_COMPILER_LAUNCHIMAGE_NAME = BrandAsset;
				CODE_SIGN_IDENTITY = "iPhone Developer";
				ENABLE_BITCODE = NO;
				FRAMEWORK_SEARCH_PATHS = (
					"$(inherited)",
					"$(PROJECT_DIR)",
					"$(PROJECT_DIR)/SIMChatDemo/Frameworks",
				);
				INFOPLIST_FILE = "$(SRCROOT)/SIMChatDemo/Info.plist";
				IPHONEOS_DEPLOYMENT_TARGET = 7.0;
				LD_RUNPATH_SEARCH_PATHS = "$(inherited) @executable_path/Frameworks";
				OTHER_LDFLAGS = "-ObjC";
				OTHER_SWIFT_FLAGS = "-DDEBUG";
				PRODUCT_BUNDLE_IDENTIFIER = SA.SIMChat;
				PRODUCT_NAME = "$(TARGET_NAME)";
				PROVISIONING_PROFILE = "";
			};
			name = Debug;
		};
		0C42DA971BAD449000371CC7 /* Release */ = {
			isa = XCBuildConfiguration;
			buildSettings = {
				ASSETCATALOG_COMPILER_APPICON_NAME = AppIcon;
				ASSETCATALOG_COMPILER_LAUNCHIMAGE_NAME = BrandAsset;
				CODE_SIGN_IDENTITY = "iPhone Developer";
				ENABLE_BITCODE = NO;
				FRAMEWORK_SEARCH_PATHS = (
					"$(inherited)",
					"$(PROJECT_DIR)",
					"$(PROJECT_DIR)/SIMChatDemo/Frameworks",
				);
				INFOPLIST_FILE = "$(SRCROOT)/SIMChatDemo/Info.plist";
				IPHONEOS_DEPLOYMENT_TARGET = 7.0;
				LD_RUNPATH_SEARCH_PATHS = "$(inherited) @executable_path/Frameworks";
				OTHER_LDFLAGS = "-ObjC";
				OTHER_SWIFT_FLAGS = "";
				PRODUCT_BUNDLE_IDENTIFIER = SA.SIMChat;
				PRODUCT_NAME = "$(TARGET_NAME)";
				PROVISIONING_PROFILE = "";
			};
			name = Release;
		};
		0C42DA991BAD449000371CC7 /* Debug */ = {
			isa = XCBuildConfiguration;
			buildSettings = {
				BUNDLE_LOADER = "$(TEST_HOST)";
				INFOPLIST_FILE = SIMChatTests/Info.plist;
				LD_RUNPATH_SEARCH_PATHS = "$(inherited) @executable_path/Frameworks @loader_path/Frameworks";
				PRODUCT_BUNDLE_IDENTIFIER = SA.SIMChatTests;
				PRODUCT_NAME = "$(TARGET_NAME)";
				TEST_HOST = "$(BUILT_PRODUCTS_DIR)/SIMChat.app/SIMChat";
			};
			name = Debug;
		};
		0C42DA9A1BAD449000371CC7 /* Release */ = {
			isa = XCBuildConfiguration;
			buildSettings = {
				BUNDLE_LOADER = "$(TEST_HOST)";
				INFOPLIST_FILE = SIMChatTests/Info.plist;
				LD_RUNPATH_SEARCH_PATHS = "$(inherited) @executable_path/Frameworks @loader_path/Frameworks";
				PRODUCT_BUNDLE_IDENTIFIER = SA.SIMChatTests;
				PRODUCT_NAME = "$(TARGET_NAME)";
				TEST_HOST = "$(BUILT_PRODUCTS_DIR)/SIMChat.app/SIMChat";
			};
			name = Release;
		};
		0C42DA9C1BAD449000371CC7 /* Debug */ = {
			isa = XCBuildConfiguration;
			buildSettings = {
				INFOPLIST_FILE = SIMChatUITests/Info.plist;
				LD_RUNPATH_SEARCH_PATHS = "$(inherited) @executable_path/Frameworks @loader_path/Frameworks";
				PRODUCT_BUNDLE_IDENTIFIER = SA.SIMChatUITests;
				PRODUCT_NAME = "$(TARGET_NAME)";
				TEST_TARGET_NAME = SIMChat;
				USES_XCTRUNNER = YES;
			};
			name = Debug;
		};
		0C42DA9D1BAD449000371CC7 /* Release */ = {
			isa = XCBuildConfiguration;
			buildSettings = {
				INFOPLIST_FILE = SIMChatUITests/Info.plist;
				LD_RUNPATH_SEARCH_PATHS = "$(inherited) @executable_path/Frameworks @loader_path/Frameworks";
				PRODUCT_BUNDLE_IDENTIFIER = SA.SIMChatUITests;
				PRODUCT_NAME = "$(TARGET_NAME)";
				TEST_TARGET_NAME = SIMChat;
				USES_XCTRUNNER = YES;
			};
			name = Release;
		};
/* End XCBuildConfiguration section */

/* Begin XCConfigurationList section */
		0C42DA681BAD449000371CC7 /* Build configuration list for PBXProject "SIMChat" */ = {
			isa = XCConfigurationList;
			buildConfigurations = (
				0C42DA931BAD449000371CC7 /* Debug */,
				0C42DA941BAD449000371CC7 /* Release */,
			);
			defaultConfigurationIsVisible = 0;
			defaultConfigurationName = Release;
		};
		0C42DA951BAD449000371CC7 /* Build configuration list for PBXNativeTarget "SIMChat" */ = {
			isa = XCConfigurationList;
			buildConfigurations = (
				0C42DA961BAD449000371CC7 /* Debug */,
				0C42DA971BAD449000371CC7 /* Release */,
			);
			defaultConfigurationIsVisible = 0;
			defaultConfigurationName = Release;
		};
		0C42DA981BAD449000371CC7 /* Build configuration list for PBXNativeTarget "SIMChatTests" */ = {
			isa = XCConfigurationList;
			buildConfigurations = (
				0C42DA991BAD449000371CC7 /* Debug */,
				0C42DA9A1BAD449000371CC7 /* Release */,
			);
			defaultConfigurationIsVisible = 0;
			defaultConfigurationName = Release;
		};
		0C42DA9B1BAD449000371CC7 /* Build configuration list for PBXNativeTarget "SIMChatUITests" */ = {
			isa = XCConfigurationList;
			buildConfigurations = (
				0C42DA9C1BAD449000371CC7 /* Debug */,
				0C42DA9D1BAD449000371CC7 /* Release */,
			);
			defaultConfigurationIsVisible = 0;
			defaultConfigurationName = Release;
		};
/* End XCConfigurationList section */
	};
	rootObject = 0C42DA651BAD449000371CC7 /* Project object */;
}
