// !$*UTF8*$!
{
	archiveVersion = 1;
	classes = {
	};
	objectVersion = 46;
	objects = {

/* Begin PBXBuildFile section */
		0C0BB0421DC72D5C00B5CF4F /* SAPhotos.h in Headers */ = {isa = PBXBuildFile; fileRef = 0C0BB0401DC72D5C00B5CF4F /* SAPhotos.h */; settings = {ATTRIBUTES = (Public, ); }; };
		0C0BB05F1DC72E3000B5CF4F /* SAMedia.framework in Frameworks */ = {isa = PBXBuildFile; fileRef = 0C0BB05E1DC72E3000B5CF4F /* SAMedia.framework */; };
		0C0BB1E41DC731B400B5CF4F /* photo_badge_allPhotos@2x.png in Resources */ = {isa = PBXBuildFile; fileRef = 0C0BB1911DC731B400B5CF4F /* photo_badge_allPhotos@2x.png */; };
		0C0BB1E51DC731B400B5CF4F /* photo_badge_burst@2x.png in Resources */ = {isa = PBXBuildFile; fileRef = 0C0BB1921DC731B400B5CF4F /* photo_badge_burst@2x.png */; };
		0C0BB1E61DC731B400B5CF4F /* photo_badge_favorites@2x.png in Resources */ = {isa = PBXBuildFile; fileRef = 0C0BB1931DC731B400B5CF4F /* photo_badge_favorites@2x.png */; };
		0C0BB1E71DC731B400B5CF4F /* photo_badge_lastImport@2x.png in Resources */ = {isa = PBXBuildFile; fileRef = 0C0BB1941DC731B400B5CF4F /* photo_badge_lastImport@2x.png */; };
		0C0BB1E81DC731B400B5CF4F /* photo_badge_panorama@2x.png in Resources */ = {isa = PBXBuildFile; fileRef = 0C0BB1951DC731B400B5CF4F /* photo_badge_panorama@2x.png */; };
		0C0BB1E91DC731B400B5CF4F /* photo_badge_recentlyDeleted@2x.png in Resources */ = {isa = PBXBuildFile; fileRef = 0C0BB1961DC731B400B5CF4F /* photo_badge_recentlyDeleted@2x.png */; };
		0C0BB1EA1DC731B400B5CF4F /* photo_badge_screenshots@2x.png in Resources */ = {isa = PBXBuildFile; fileRef = 0C0BB1971DC731B400B5CF4F /* photo_badge_screenshots@2x.png */; };
		0C0BB1EB1DC731B400B5CF4F /* photo_badge_selfies@2x.png in Resources */ = {isa = PBXBuildFile; fileRef = 0C0BB1981DC731B400B5CF4F /* photo_badge_selfies@2x.png */; };
		0C0BB1EC1DC731B400B5CF4F /* photo_badge_slomo@2x.png in Resources */ = {isa = PBXBuildFile; fileRef = 0C0BB1991DC731B400B5CF4F /* photo_badge_slomo@2x.png */; };
		0C0BB1ED1DC731B400B5CF4F /* photo_badge_timelapse@2x.png in Resources */ = {isa = PBXBuildFile; fileRef = 0C0BB19A1DC731B400B5CF4F /* photo_badge_timelapse@2x.png */; };
		0C0BB1EE1DC731B400B5CF4F /* photo_badge_use_wall_paper_a@2x.png in Resources */ = {isa = PBXBuildFile; fileRef = 0C0BB19B1DC731B400B5CF4F /* photo_badge_use_wall_paper_a@2x.png */; };
		0C0BB1EF1DC731B400B5CF4F /* photo_badge_use_wall_paper_b.png in Resources */ = {isa = PBXBuildFile; fileRef = 0C0BB19C1DC731B400B5CF4F /* photo_badge_use_wall_paper_b.png */; };
		0C0BB1F01DC731B400B5CF4F /* photo_badge_use_wall_paper_b@2x.png in Resources */ = {isa = PBXBuildFile; fileRef = 0C0BB19D1DC731B400B5CF4F /* photo_badge_use_wall_paper_b@2x.png */; };
		0C0BB1F11DC731B400B5CF4F /* photo_badge_use_wall_paper_c@2x.png in Resources */ = {isa = PBXBuildFile; fileRef = 0C0BB19E1DC731B400B5CF4F /* photo_badge_use_wall_paper_c@2x.png */; };
		0C0BB1F21DC731B400B5CF4F /* photo_badge_use_wall_paper_d.png in Resources */ = {isa = PBXBuildFile; fileRef = 0C0BB19F1DC731B400B5CF4F /* photo_badge_use_wall_paper_d.png */; };
		0C0BB1F31DC731B400B5CF4F /* photo_badge_use_wall_paper_d@2x.png in Resources */ = {isa = PBXBuildFile; fileRef = 0C0BB1A01DC731B400B5CF4F /* photo_badge_use_wall_paper_d@2x.png */; };
		0C0BB1F41DC731B400B5CF4F /* photo_badge_use_wall_paper_e@2x.png in Resources */ = {isa = PBXBuildFile; fileRef = 0C0BB1A11DC731B400B5CF4F /* photo_badge_use_wall_paper_e@2x.png */; };
		0C0BB1F51DC731B400B5CF4F /* photo_badge_use_wall_paper_f@3x.png in Resources */ = {isa = PBXBuildFile; fileRef = 0C0BB1A21DC731B400B5CF4F /* photo_badge_use_wall_paper_f@3x.png */; };
		0C0BB1F61DC731B400B5CF4F /* photo_badge_use_wall_paper_g@2x.png in Resources */ = {isa = PBXBuildFile; fileRef = 0C0BB1A31DC731B400B5CF4F /* photo_badge_use_wall_paper_g@2x.png */; };
		0C0BB1F71DC731B400B5CF4F /* photo_badge_video@2x.png in Resources */ = {isa = PBXBuildFile; fileRef = 0C0BB1A41DC731B400B5CF4F /* photo_badge_video@2x.png */; };
		0C0BB1F81DC731B400B5CF4F /* photo_badge_video_small@2x.png in Resources */ = {isa = PBXBuildFile; fileRef = 0C0BB1A51DC731B400B5CF4F /* photo_badge_video_small@2x.png */; };
		0C0BB1F91DC731B400B5CF4F /* photo_button_confirm_disabled@2x.png in Resources */ = {isa = PBXBuildFile; fileRef = 0C0BB1A61DC731B400B5CF4F /* photo_button_confirm_disabled@2x.png */; };
		0C0BB1FA1DC731B400B5CF4F /* photo_button_confirm_nor@2x.png in Resources */ = {isa = PBXBuildFile; fileRef = 0C0BB1A71DC731B400B5CF4F /* photo_button_confirm_nor@2x.png */; };
		0C0BB1FB1DC731B400B5CF4F /* photo_button_confirm_press@2x.png in Resources */ = {isa = PBXBuildFile; fileRef = 0C0BB1A81DC731B400B5CF4F /* photo_button_confirm_press@2x.png */; };
		0C0BB1FC1DC731B400B5CF4F /* photo_checkbox_normal@2x.png in Resources */ = {isa = PBXBuildFile; fileRef = 0C0BB1A91DC731B400B5CF4F /* photo_checkbox_normal@2x.png */; };
		0C0BB1FD1DC731B400B5CF4F /* photo_checkbox_selected@2x.png in Resources */ = {isa = PBXBuildFile; fileRef = 0C0BB1AA1DC731B400B5CF4F /* photo_checkbox_selected@2x.png */; };
		0C0BB1FE1DC731B400B5CF4F /* photo_icon_empty_album@2x.png in Resources */ = {isa = PBXBuildFile; fileRef = 0C0BB1AB1DC731B400B5CF4F /* photo_icon_empty_album@2x.png */; };
		0C0BB1FF1DC731B400B5CF4F /* photo_icon_empty_album@3x.png in Resources */ = {isa = PBXBuildFile; fileRef = 0C0BB1AC1DC731B400B5CF4F /* photo_icon_empty_album@3x.png */; };
		0C0BB2001DC731B400B5CF4F /* photo_icon_empty_album_shared.png in Resources */ = {isa = PBXBuildFile; fileRef = 0C0BB1AD1DC731B400B5CF4F /* photo_icon_empty_album_shared.png */; };
		0C0BB2011DC731B400B5CF4F /* photo_icon_empty_album_shared@2x.png in Resources */ = {isa = PBXBuildFile; fileRef = 0C0BB1AE1DC731B400B5CF4F /* photo_icon_empty_album_shared@2x.png */; };
		0C0BB2021DC731B400B5CF4F /* photo_icon_empty_album_shared@3x.png in Resources */ = {isa = PBXBuildFile; fileRef = 0C0BB1AF1DC731B400B5CF4F /* photo_icon_empty_album_shared@3x.png */; };
		0C0BB2031DC731B400B5CF4F /* photo_icon_slalom@2x.png in Resources */ = {isa = PBXBuildFile; fileRef = 0C0BB1B01DC731B400B5CF4F /* photo_icon_slalom@2x.png */; };
		0C0BB2041DC731B400B5CF4F /* photo_icon_thumbnail_loading.png in Resources */ = {isa = PBXBuildFile; fileRef = 0C0BB1B11DC731B400B5CF4F /* photo_icon_thumbnail_loading.png */; };
		0C0BB2051DC731B400B5CF4F /* photo_icon_thumbnail_loading@2x.png in Resources */ = {isa = PBXBuildFile; fileRef = 0C0BB1B21DC731B400B5CF4F /* photo_icon_thumbnail_loading@2x.png */; };
		0C0BB2061DC731B400B5CF4F /* photo_icon_thumbnail_loading@3x.png in Resources */ = {isa = PBXBuildFile; fileRef = 0C0BB1B31DC731B400B5CF4F /* photo_icon_thumbnail_loading@3x.png */; };
		0C0BB2071DC731B400B5CF4F /* photo_icon_Timelapse@2x.png in Resources */ = {isa = PBXBuildFile; fileRef = 0C0BB1B41DC731B400B5CF4F /* photo_icon_Timelapse@2x.png */; };
		0C0BB2081DC731B400B5CF4F /* photo_small_checkbox_normal@2x.png in Resources */ = {isa = PBXBuildFile; fileRef = 0C0BB1B51DC731B400B5CF4F /* photo_small_checkbox_normal@2x.png */; };
		0C0BB2091DC731B400B5CF4F /* photo_small_checkbox_selected@2x.png in Resources */ = {isa = PBXBuildFile; fileRef = 0C0BB1B61DC731B400B5CF4F /* photo_small_checkbox_selected@2x.png */; };
		0C0BB20A1DC731B400B5CF4F /* SAPAlbum.swift in Sources */ = {isa = PBXBuildFile; fileRef = 0C0BB1B71DC731B400B5CF4F /* SAPAlbum.swift */; };
		0C0BB20B1DC731B400B5CF4F /* SAPAsset.swift in Sources */ = {isa = PBXBuildFile; fileRef = 0C0BB1B81DC731B400B5CF4F /* SAPAsset.swift */; };
		0C0BB20C1DC731B400B5CF4F /* SAPAssetView.swift in Sources */ = {isa = PBXBuildFile; fileRef = 0C0BB1B91DC731B400B5CF4F /* SAPAssetView.swift */; };
		0C0BB20D1DC731B400B5CF4F /* SAPBadge.swift in Sources */ = {isa = PBXBuildFile; fileRef = 0C0BB1BA1DC731B400B5CF4F /* SAPBadge.swift */; };
		0C0BB20E1DC731B400B5CF4F /* SAPBadgeView.swift in Sources */ = {isa = PBXBuildFile; fileRef = 0C0BB1BB1DC731B400B5CF4F /* SAPBadgeView.swift */; };
		0C0BB20F1DC731B400B5CF4F /* SAPBrowser.swift in Sources */ = {isa = PBXBuildFile; fileRef = 0C0BB1BC1DC731B400B5CF4F /* SAPBrowser.swift */; };
		0C0BB2101DC731B400B5CF4F /* SAPBrowserAudioView.swift in Sources */ = {isa = PBXBuildFile; fileRef = 0C0BB1BD1DC731B400B5CF4F /* SAPBrowserAudioView.swift */; };
		0C0BB2111DC731B400B5CF4F /* SAPBrowserImageView.swift in Sources */ = {isa = PBXBuildFile; fileRef = 0C0BB1BE1DC731B400B5CF4F /* SAPBrowserImageView.swift */; };
		0C0BB2121DC731B400B5CF4F /* SAPBrowserVideoView.swift in Sources */ = {isa = PBXBuildFile; fileRef = 0C0BB1BF1DC731B400B5CF4F /* SAPBrowserVideoView.swift */; };
		0C0BB2131DC731B400B5CF4F /* SAPBrowserView.swift in Sources */ = {isa = PBXBuildFile; fileRef = 0C0BB1C01DC731B400B5CF4F /* SAPBrowserView.swift */; };
		0C0BB2141DC731B400B5CF4F /* SAPEditor.swift in Sources */ = {isa = PBXBuildFile; fileRef = 0C0BB1C11DC731B400B5CF4F /* SAPEditor.swift */; };
		0C0BB2151DC731B400B5CF4F /* SAPErrorView.swift in Sources */ = {isa = PBXBuildFile; fileRef = 0C0BB1C21DC731B400B5CF4F /* SAPErrorView.swift */; };
		0C0BB2161DC731B400B5CF4F /* SAPLibrary.swift in Sources */ = {isa = PBXBuildFile; fileRef = 0C0BB1C31DC731B400B5CF4F /* SAPLibrary.swift */; };
		0C0BB2171DC731B400B5CF4F /* SAPPicker.swift in Sources */ = {isa = PBXBuildFile; fileRef = 0C0BB1C41DC731B400B5CF4F /* SAPPicker.swift */; };
		0C0BB2181DC731B400B5CF4F /* SAPPickerAlbums.swift in Sources */ = {isa = PBXBuildFile; fileRef = 0C0BB1C51DC731B400B5CF4F /* SAPPickerAlbums.swift */; };
		0C0BB2191DC731B400B5CF4F /* SAPPickerAlbumsCell.swift in Sources */ = {isa = PBXBuildFile; fileRef = 0C0BB1C61DC731B400B5CF4F /* SAPPickerAlbumsCell.swift */; };
		0C0BB21A1DC731B400B5CF4F /* SAPPickerAlbumsStackView.swift in Sources */ = {isa = PBXBuildFile; fileRef = 0C0BB1C71DC731B400B5CF4F /* SAPPickerAlbumsStackView.swift */; };
		0C0BB21B1DC731B400B5CF4F /* SAPPickerAssets.swift in Sources */ = {isa = PBXBuildFile; fileRef = 0C0BB1C81DC731B400B5CF4F /* SAPPickerAssets.swift */; };
		0C0BB21C1DC731B400B5CF4F /* SAPPickerAssetsCell.swift in Sources */ = {isa = PBXBuildFile; fileRef = 0C0BB1C91DC731B400B5CF4F /* SAPPickerAssetsCell.swift */; };
		0C0BB21D1DC731B400B5CF4F /* SAPPickerAssetsFooter.swift in Sources */ = {isa = PBXBuildFile; fileRef = 0C0BB1CA1DC731B400B5CF4F /* SAPPickerAssetsFooter.swift */; };
		0C0BB21E1DC731B400B5CF4F /* SAPPickerAssetsLayout.swift in Sources */ = {isa = PBXBuildFile; fileRef = 0C0BB1CB1DC731B400B5CF4F /* SAPPickerAssetsLayout.swift */; };
		0C0BB21F1DC731B400B5CF4F /* SAPPickerInternal.swift in Sources */ = {isa = PBXBuildFile; fileRef = 0C0BB1CC1DC731B400B5CF4F /* SAPPickerInternal.swift */; };
		0C0BB2201DC731B400B5CF4F /* SAPPickerView.swift in Sources */ = {isa = PBXBuildFile; fileRef = 0C0BB1CD1DC731B400B5CF4F /* SAPPickerView.swift */; };
		0C0BB2211DC731B400B5CF4F /* SAPPickerViewCell.swift in Sources */ = {isa = PBXBuildFile; fileRef = 0C0BB1CE1DC731B400B5CF4F /* SAPPickerViewCell.swift */; };
		0C0BB2221DC731B400B5CF4F /* SAPPickerViewLayout.swift in Sources */ = {isa = PBXBuildFile; fileRef = 0C0BB1CF1DC731B400B5CF4F /* SAPPickerViewLayout.swift */; };
		0C0BB2231DC731B400B5CF4F /* SAPPreviewable.swift in Sources */ = {isa = PBXBuildFile; fileRef = 0C0BB1D01DC731B400B5CF4F /* SAPPreviewable.swift */; };
		0C0BB2241DC731B400B5CF4F /* SAPPreviewableAnimator.swift in Sources */ = {isa = PBXBuildFile; fileRef = 0C0BB1D11DC731B400B5CF4F /* SAPPreviewableAnimator.swift */; };
		0C0BB2251DC731B400B5CF4F /* SAPPreviewableView.swift in Sources */ = {isa = PBXBuildFile; fileRef = 0C0BB1D21DC731B400B5CF4F /* SAPPreviewableView.swift */; };
		0C0BB2261DC731B400B5CF4F /* SAPPreviewer.swift in Sources */ = {isa = PBXBuildFile; fileRef = 0C0BB1D31DC731B400B5CF4F /* SAPPreviewer.swift */; };
		0C0BB2271DC731B400B5CF4F /* SAPPreviewerCell.swift in Sources */ = {isa = PBXBuildFile; fileRef = 0C0BB1D41DC731B400B5CF4F /* SAPPreviewerCell.swift */; };
		0C0BB2291DC731B400B5CF4F /* SAPPreviewerLayout.swift in Sources */ = {isa = PBXBuildFile; fileRef = 0C0BB1D61DC731B400B5CF4F /* SAPPreviewerLayout.swift */; };
		0C0BB22C1DC731B400B5CF4F /* SAPProgressiveableImage.swift in Sources */ = {isa = PBXBuildFile; fileRef = 0C0BB1D91DC731B400B5CF4F /* SAPProgressiveableImage.swift */; };
		0C0BB22D1DC731B400B5CF4F /* SAPSelectionable.swift in Sources */ = {isa = PBXBuildFile; fileRef = 0C0BB1DA1DC731B400B5CF4F /* SAPSelectionable.swift */; };
		0C0BB22E1DC731B400B5CF4F /* NSLayoutConstraint+Photos.swift in Sources */ = {isa = PBXBuildFile; fileRef = 0C0BB1DC1DC731B400B5CF4F /* NSLayoutConstraint+Photos.swift */; };
		0C0BB22F1DC731B400B5CF4F /* SAPButtonBarItem.swift in Sources */ = {isa = PBXBuildFile; fileRef = 0C0BB1DD1DC731B400B5CF4F /* SAPButtonBarItem.swift */; };
		0C0BB2301DC731B400B5CF4F /* SAPContainterView.swift in Sources */ = {isa = PBXBuildFile; fileRef = 0C0BB1DE1DC731B400B5CF4F /* SAPContainterView.swift */; };
		0C0BB2311DC731B400B5CF4F /* SAPImageView.swift in Sources */ = {isa = PBXBuildFile; fileRef = 0C0BB1DF1DC731B400B5CF4F /* SAPImageView.swift */; };
		0C0BB2321DC731B400B5CF4F /* SAPNavigationBar.swift in Sources */ = {isa = PBXBuildFile; fileRef = 0C0BB1E01DC731B400B5CF4F /* SAPNavigationBar.swift */; };
		0C0BB2331DC731B400B5CF4F /* SAPToolbar.swift in Sources */ = {isa = PBXBuildFile; fileRef = 0C0BB1E11DC731B400B5CF4F /* SAPToolbar.swift */; };
		0C0BB2341DC731B400B5CF4F /* SAPWKObject.swift in Sources */ = {isa = PBXBuildFile; fileRef = 0C0BB1E21DC731B400B5CF4F /* SAPWKObject.swift */; };
		0C0BB2351DC731B400B5CF4F /* UIImage+Photos.swift in Sources */ = {isa = PBXBuildFile; fileRef = 0C0BB1E31DC731B400B5CF4F /* UIImage+Photos.swift */; };
		0C50DA3B1DD08F8400443E4C /* UIImageView+Animation.swift in Sources */ = {isa = PBXBuildFile; fileRef = 0C50DA3A1DD08F8400443E4C /* UIImageView+Animation.swift */; };
		0C5C6F891DCCCCC700B6707C /* SAPBrowseable.swift in Sources */ = {isa = PBXBuildFile; fileRef = 0C5C6F881DCCCCC700B6707C /* SAPBrowseable.swift */; };
		0C7DC8011DC8E1FC0040F58F /* SAPBrowseableView.swift in Sources */ = {isa = PBXBuildFile; fileRef = 0C7DC8001DC8E1FC0040F58F /* SAPBrowseableView.swift */; };
		0C7DC8031DC8E20B0040F58F /* SAPBrowseableDetailView.swift in Sources */ = {isa = PBXBuildFile; fileRef = 0C7DC8021DC8E20B0040F58F /* SAPBrowseableDetailView.swift */; };
		0C7DC8051DC8E3910040F58F /* SAPBrowseableProgressView.swift in Sources */ = {isa = PBXBuildFile; fileRef = 0C7DC8041DC8E3910040F58F /* SAPBrowseableProgressView.swift */; };
		0CA16D701DCEF7A500B4E75C /* SAPBrowseableControlView.swift in Sources */ = {isa = PBXBuildFile; fileRef = 0CA16D6F1DCEF7A500B4E75C /* SAPBrowseableControlView.swift */; };
		0CA16D741DCF044F00B4E75C /* photo_button_play.png in Resources */ = {isa = PBXBuildFile; fileRef = 0CA16D711DCF044F00B4E75C /* photo_button_play.png */; };
		0CA16D751DCF044F00B4E75C /* photo_button_play@2x.png in Resources */ = {isa = PBXBuildFile; fileRef = 0CA16D721DCF044F00B4E75C /* photo_button_play@2x.png */; };
		0CA16D761DCF044F00B4E75C /* photo_button_play@3x.png in Resources */ = {isa = PBXBuildFile; fileRef = 0CA16D731DCF044F00B4E75C /* photo_button_play@3x.png */; };
		0CB126141DD5936B00A6FF54 /* SAPImageSessionTask.swift in Sources */ = {isa = PBXBuildFile; fileRef = 0CB126131DD5936B00A6FF54 /* SAPImageSessionTask.swift */; };
		0CB126161DD59E3300A6FF54 /* SAPImageSession.swift in Sources */ = {isa = PBXBuildFile; fileRef = 0CB126151DD59E3300A6FF54 /* SAPImageSession.swift */; };
		0CB126181DD5BE8200A6FF54 /* SAPImageRequest.swift in Sources */ = {isa = PBXBuildFile; fileRef = 0CB126171DD5BE8200A6FF54 /* SAPImageRequest.swift */; };
		0CB1261A1DD5C79200A6FF54 /* SAPImageResponse.swift in Sources */ = {isa = PBXBuildFile; fileRef = 0CB126191DD5C79200A6FF54 /* SAPImageResponse.swift */; };
		0CBAADE51E2691CD008F72EE /* Progressiveable.swift in Sources */ = {isa = PBXBuildFile; fileRef = 0CBAADDF1E2691CD008F72EE /* Progressiveable.swift */; };
		0CBAADE71E2691CD008F72EE /* WKDictionary.swift in Sources */ = {isa = PBXBuildFile; fileRef = 0CBAADE11E2691CD008F72EE /* WKDictionary.swift */; };
		0CBAADEB1E2691ED008F72EE /* Debugger.swift in Sources */ = {isa = PBXBuildFile; fileRef = 0CBAADE81E2691ED008F72EE /* Debugger.swift */; };
		0CBAADEC1E2691ED008F72EE /* Logger.swift in Sources */ = {isa = PBXBuildFile; fileRef = 0CBAADE91E2691ED008F72EE /* Logger.swift */; };
		0CBAADED1E2691ED008F72EE /* UIColor+Random.swift in Sources */ = {isa = PBXBuildFile; fileRef = 0CBAADEA1E2691ED008F72EE /* UIColor+Random.swift */; };
		0CC763D51DCDBEF300AB4396 /* SAPProgressiveItem.swift in Sources */ = {isa = PBXBuildFile; fileRef = 0CC763D41DCDBEF300AB4396 /* SAPProgressiveItem.swift */; };
		0CD571F61DCE288500C6E9D8 /* SAPBrowseableContentView.swift in Sources */ = {isa = PBXBuildFile; fileRef = 0CD571F51DCE288500C6E9D8 /* SAPBrowseableContentView.swift */; };
/* End PBXBuildFile section */

/* Begin PBXFileReference section */
		0C001A971DC73995004A5F08 /* README.md */ = {isa = PBXFileReference; fileEncoding = 4; lastKnownFileType = net.daringfireball.markdown; path = README.md; sourceTree = "<group>"; };
		0C0BB03D1DC72D5C00B5CF4F /* SAPhotos.framework */ = {isa = PBXFileReference; explicitFileType = wrapper.framework; includeInIndex = 0; path = SAPhotos.framework; sourceTree = BUILT_PRODUCTS_DIR; };
		0C0BB0401DC72D5C00B5CF4F /* SAPhotos.h */ = {isa = PBXFileReference; lastKnownFileType = sourcecode.c.h; path = SAPhotos.h; sourceTree = "<group>"; };
		0C0BB0411DC72D5C00B5CF4F /* Info.plist */ = {isa = PBXFileReference; lastKnownFileType = text.plist.xml; path = Info.plist; sourceTree = "<group>"; };
		0C0BB05E1DC72E3000B5CF4F /* SAMedia.framework */ = {isa = PBXFileReference; lastKnownFileType = wrapper.framework; name = SAMedia.framework; path = "build/Debug-iphoneos/SAMedia.framework"; sourceTree = "<group>"; };
		0C0BB1911DC731B400B5CF4F /* photo_badge_allPhotos@2x.png */ = {isa = PBXFileReference; lastKnownFileType = image.png; path = "photo_badge_allPhotos@2x.png"; sourceTree = "<group>"; };
		0C0BB1921DC731B400B5CF4F /* photo_badge_burst@2x.png */ = {isa = PBXFileReference; lastKnownFileType = image.png; path = "photo_badge_burst@2x.png"; sourceTree = "<group>"; };
		0C0BB1931DC731B400B5CF4F /* photo_badge_favorites@2x.png */ = {isa = PBXFileReference; lastKnownFileType = image.png; path = "photo_badge_favorites@2x.png"; sourceTree = "<group>"; };
		0C0BB1941DC731B400B5CF4F /* photo_badge_lastImport@2x.png */ = {isa = PBXFileReference; lastKnownFileType = image.png; path = "photo_badge_lastImport@2x.png"; sourceTree = "<group>"; };
		0C0BB1951DC731B400B5CF4F /* photo_badge_panorama@2x.png */ = {isa = PBXFileReference; lastKnownFileType = image.png; path = "photo_badge_panorama@2x.png"; sourceTree = "<group>"; };
		0C0BB1961DC731B400B5CF4F /* photo_badge_recentlyDeleted@2x.png */ = {isa = PBXFileReference; lastKnownFileType = image.png; path = "photo_badge_recentlyDeleted@2x.png"; sourceTree = "<group>"; };
		0C0BB1971DC731B400B5CF4F /* photo_badge_screenshots@2x.png */ = {isa = PBXFileReference; lastKnownFileType = image.png; path = "photo_badge_screenshots@2x.png"; sourceTree = "<group>"; };
		0C0BB1981DC731B400B5CF4F /* photo_badge_selfies@2x.png */ = {isa = PBXFileReference; lastKnownFileType = image.png; path = "photo_badge_selfies@2x.png"; sourceTree = "<group>"; };
		0C0BB1991DC731B400B5CF4F /* photo_badge_slomo@2x.png */ = {isa = PBXFileReference; lastKnownFileType = image.png; path = "photo_badge_slomo@2x.png"; sourceTree = "<group>"; };
		0C0BB19A1DC731B400B5CF4F /* photo_badge_timelapse@2x.png */ = {isa = PBXFileReference; lastKnownFileType = image.png; path = "photo_badge_timelapse@2x.png"; sourceTree = "<group>"; };
		0C0BB19B1DC731B400B5CF4F /* photo_badge_use_wall_paper_a@2x.png */ = {isa = PBXFileReference; lastKnownFileType = image.png; path = "photo_badge_use_wall_paper_a@2x.png"; sourceTree = "<group>"; };
		0C0BB19C1DC731B400B5CF4F /* photo_badge_use_wall_paper_b.png */ = {isa = PBXFileReference; lastKnownFileType = image.png; path = photo_badge_use_wall_paper_b.png; sourceTree = "<group>"; };
		0C0BB19D1DC731B400B5CF4F /* photo_badge_use_wall_paper_b@2x.png */ = {isa = PBXFileReference; lastKnownFileType = image.png; path = "photo_badge_use_wall_paper_b@2x.png"; sourceTree = "<group>"; };
		0C0BB19E1DC731B400B5CF4F /* photo_badge_use_wall_paper_c@2x.png */ = {isa = PBXFileReference; lastKnownFileType = image.png; path = "photo_badge_use_wall_paper_c@2x.png"; sourceTree = "<group>"; };
		0C0BB19F1DC731B400B5CF4F /* photo_badge_use_wall_paper_d.png */ = {isa = PBXFileReference; lastKnownFileType = image.png; path = photo_badge_use_wall_paper_d.png; sourceTree = "<group>"; };
		0C0BB1A01DC731B400B5CF4F /* photo_badge_use_wall_paper_d@2x.png */ = {isa = PBXFileReference; lastKnownFileType = image.png; path = "photo_badge_use_wall_paper_d@2x.png"; sourceTree = "<group>"; };
		0C0BB1A11DC731B400B5CF4F /* photo_badge_use_wall_paper_e@2x.png */ = {isa = PBXFileReference; lastKnownFileType = image.png; path = "photo_badge_use_wall_paper_e@2x.png"; sourceTree = "<group>"; };
		0C0BB1A21DC731B400B5CF4F /* photo_badge_use_wall_paper_f@3x.png */ = {isa = PBXFileReference; lastKnownFileType = image.png; path = "photo_badge_use_wall_paper_f@3x.png"; sourceTree = "<group>"; };
		0C0BB1A31DC731B400B5CF4F /* photo_badge_use_wall_paper_g@2x.png */ = {isa = PBXFileReference; lastKnownFileType = image.png; path = "photo_badge_use_wall_paper_g@2x.png"; sourceTree = "<group>"; };
		0C0BB1A41DC731B400B5CF4F /* photo_badge_video@2x.png */ = {isa = PBXFileReference; lastKnownFileType = image.png; path = "photo_badge_video@2x.png"; sourceTree = "<group>"; };
		0C0BB1A51DC731B400B5CF4F /* photo_badge_video_small@2x.png */ = {isa = PBXFileReference; lastKnownFileType = image.png; path = "photo_badge_video_small@2x.png"; sourceTree = "<group>"; };
		0C0BB1A61DC731B400B5CF4F /* photo_button_confirm_disabled@2x.png */ = {isa = PBXFileReference; lastKnownFileType = image.png; path = "photo_button_confirm_disabled@2x.png"; sourceTree = "<group>"; };
		0C0BB1A71DC731B400B5CF4F /* photo_button_confirm_nor@2x.png */ = {isa = PBXFileReference; lastKnownFileType = image.png; path = "photo_button_confirm_nor@2x.png"; sourceTree = "<group>"; };
		0C0BB1A81DC731B400B5CF4F /* photo_button_confirm_press@2x.png */ = {isa = PBXFileReference; lastKnownFileType = image.png; path = "photo_button_confirm_press@2x.png"; sourceTree = "<group>"; };
		0C0BB1A91DC731B400B5CF4F /* photo_checkbox_normal@2x.png */ = {isa = PBXFileReference; lastKnownFileType = image.png; path = "photo_checkbox_normal@2x.png"; sourceTree = "<group>"; };
		0C0BB1AA1DC731B400B5CF4F /* photo_checkbox_selected@2x.png */ = {isa = PBXFileReference; lastKnownFileType = image.png; path = "photo_checkbox_selected@2x.png"; sourceTree = "<group>"; };
		0C0BB1AB1DC731B400B5CF4F /* photo_icon_empty_album@2x.png */ = {isa = PBXFileReference; lastKnownFileType = image.png; path = "photo_icon_empty_album@2x.png"; sourceTree = "<group>"; };
		0C0BB1AC1DC731B400B5CF4F /* photo_icon_empty_album@3x.png */ = {isa = PBXFileReference; lastKnownFileType = image.png; path = "photo_icon_empty_album@3x.png"; sourceTree = "<group>"; };
		0C0BB1AD1DC731B400B5CF4F /* photo_icon_empty_album_shared.png */ = {isa = PBXFileReference; lastKnownFileType = image.png; path = photo_icon_empty_album_shared.png; sourceTree = "<group>"; };
		0C0BB1AE1DC731B400B5CF4F /* photo_icon_empty_album_shared@2x.png */ = {isa = PBXFileReference; lastKnownFileType = image.png; path = "photo_icon_empty_album_shared@2x.png"; sourceTree = "<group>"; };
		0C0BB1AF1DC731B400B5CF4F /* photo_icon_empty_album_shared@3x.png */ = {isa = PBXFileReference; lastKnownFileType = image.png; path = "photo_icon_empty_album_shared@3x.png"; sourceTree = "<group>"; };
		0C0BB1B01DC731B400B5CF4F /* photo_icon_slalom@2x.png */ = {isa = PBXFileReference; lastKnownFileType = image.png; path = "photo_icon_slalom@2x.png"; sourceTree = "<group>"; };
		0C0BB1B11DC731B400B5CF4F /* photo_icon_thumbnail_loading.png */ = {isa = PBXFileReference; lastKnownFileType = image.png; path = photo_icon_thumbnail_loading.png; sourceTree = "<group>"; };
		0C0BB1B21DC731B400B5CF4F /* photo_icon_thumbnail_loading@2x.png */ = {isa = PBXFileReference; lastKnownFileType = image.png; path = "photo_icon_thumbnail_loading@2x.png"; sourceTree = "<group>"; };
		0C0BB1B31DC731B400B5CF4F /* photo_icon_thumbnail_loading@3x.png */ = {isa = PBXFileReference; lastKnownFileType = image.png; path = "photo_icon_thumbnail_loading@3x.png"; sourceTree = "<group>"; };
		0C0BB1B41DC731B400B5CF4F /* photo_icon_Timelapse@2x.png */ = {isa = PBXFileReference; lastKnownFileType = image.png; path = "photo_icon_Timelapse@2x.png"; sourceTree = "<group>"; };
		0C0BB1B51DC731B400B5CF4F /* photo_small_checkbox_normal@2x.png */ = {isa = PBXFileReference; lastKnownFileType = image.png; path = "photo_small_checkbox_normal@2x.png"; sourceTree = "<group>"; };
		0C0BB1B61DC731B400B5CF4F /* photo_small_checkbox_selected@2x.png */ = {isa = PBXFileReference; lastKnownFileType = image.png; path = "photo_small_checkbox_selected@2x.png"; sourceTree = "<group>"; };
		0C0BB1B71DC731B400B5CF4F /* SAPAlbum.swift */ = {isa = PBXFileReference; fileEncoding = 4; lastKnownFileType = sourcecode.swift; path = SAPAlbum.swift; sourceTree = "<group>"; };
		0C0BB1B81DC731B400B5CF4F /* SAPAsset.swift */ = {isa = PBXFileReference; fileEncoding = 4; lastKnownFileType = sourcecode.swift; path = SAPAsset.swift; sourceTree = "<group>"; };
		0C0BB1B91DC731B400B5CF4F /* SAPAssetView.swift */ = {isa = PBXFileReference; fileEncoding = 4; lastKnownFileType = sourcecode.swift; path = SAPAssetView.swift; sourceTree = "<group>"; };
		0C0BB1BA1DC731B400B5CF4F /* SAPBadge.swift */ = {isa = PBXFileReference; fileEncoding = 4; lastKnownFileType = sourcecode.swift; path = SAPBadge.swift; sourceTree = "<group>"; };
		0C0BB1BB1DC731B400B5CF4F /* SAPBadgeView.swift */ = {isa = PBXFileReference; fileEncoding = 4; lastKnownFileType = sourcecode.swift; path = SAPBadgeView.swift; sourceTree = "<group>"; };
		0C0BB1BC1DC731B400B5CF4F /* SAPBrowser.swift */ = {isa = PBXFileReference; fileEncoding = 4; lastKnownFileType = sourcecode.swift; path = SAPBrowser.swift; sourceTree = "<group>"; };
		0C0BB1BD1DC731B400B5CF4F /* SAPBrowserAudioView.swift */ = {isa = PBXFileReference; fileEncoding = 4; lastKnownFileType = sourcecode.swift; path = SAPBrowserAudioView.swift; sourceTree = "<group>"; };
		0C0BB1BE1DC731B400B5CF4F /* SAPBrowserImageView.swift */ = {isa = PBXFileReference; fileEncoding = 4; lastKnownFileType = sourcecode.swift; path = SAPBrowserImageView.swift; sourceTree = "<group>"; };
		0C0BB1BF1DC731B400B5CF4F /* SAPBrowserVideoView.swift */ = {isa = PBXFileReference; fileEncoding = 4; lastKnownFileType = sourcecode.swift; path = SAPBrowserVideoView.swift; sourceTree = "<group>"; };
		0C0BB1C01DC731B400B5CF4F /* SAPBrowserView.swift */ = {isa = PBXFileReference; fileEncoding = 4; lastKnownFileType = sourcecode.swift; path = SAPBrowserView.swift; sourceTree = "<group>"; };
		0C0BB1C11DC731B400B5CF4F /* SAPEditor.swift */ = {isa = PBXFileReference; fileEncoding = 4; lastKnownFileType = sourcecode.swift; path = SAPEditor.swift; sourceTree = "<group>"; };
		0C0BB1C21DC731B400B5CF4F /* SAPErrorView.swift */ = {isa = PBXFileReference; fileEncoding = 4; lastKnownFileType = sourcecode.swift; path = SAPErrorView.swift; sourceTree = "<group>"; };
		0C0BB1C31DC731B400B5CF4F /* SAPLibrary.swift */ = {isa = PBXFileReference; fileEncoding = 4; lastKnownFileType = sourcecode.swift; path = SAPLibrary.swift; sourceTree = "<group>"; };
		0C0BB1C41DC731B400B5CF4F /* SAPPicker.swift */ = {isa = PBXFileReference; fileEncoding = 4; lastKnownFileType = sourcecode.swift; path = SAPPicker.swift; sourceTree = "<group>"; };
		0C0BB1C51DC731B400B5CF4F /* SAPPickerAlbums.swift */ = {isa = PBXFileReference; fileEncoding = 4; lastKnownFileType = sourcecode.swift; path = SAPPickerAlbums.swift; sourceTree = "<group>"; };
		0C0BB1C61DC731B400B5CF4F /* SAPPickerAlbumsCell.swift */ = {isa = PBXFileReference; fileEncoding = 4; lastKnownFileType = sourcecode.swift; path = SAPPickerAlbumsCell.swift; sourceTree = "<group>"; };
		0C0BB1C71DC731B400B5CF4F /* SAPPickerAlbumsStackView.swift */ = {isa = PBXFileReference; fileEncoding = 4; lastKnownFileType = sourcecode.swift; path = SAPPickerAlbumsStackView.swift; sourceTree = "<group>"; };
		0C0BB1C81DC731B400B5CF4F /* SAPPickerAssets.swift */ = {isa = PBXFileReference; fileEncoding = 4; lastKnownFileType = sourcecode.swift; path = SAPPickerAssets.swift; sourceTree = "<group>"; };
		0C0BB1C91DC731B400B5CF4F /* SAPPickerAssetsCell.swift */ = {isa = PBXFileReference; fileEncoding = 4; lastKnownFileType = sourcecode.swift; path = SAPPickerAssetsCell.swift; sourceTree = "<group>"; };
		0C0BB1CA1DC731B400B5CF4F /* SAPPickerAssetsFooter.swift */ = {isa = PBXFileReference; fileEncoding = 4; lastKnownFileType = sourcecode.swift; path = SAPPickerAssetsFooter.swift; sourceTree = "<group>"; };
		0C0BB1CB1DC731B400B5CF4F /* SAPPickerAssetsLayout.swift */ = {isa = PBXFileReference; fileEncoding = 4; lastKnownFileType = sourcecode.swift; path = SAPPickerAssetsLayout.swift; sourceTree = "<group>"; };
		0C0BB1CC1DC731B400B5CF4F /* SAPPickerInternal.swift */ = {isa = PBXFileReference; fileEncoding = 4; lastKnownFileType = sourcecode.swift; path = SAPPickerInternal.swift; sourceTree = "<group>"; };
		0C0BB1CD1DC731B400B5CF4F /* SAPPickerView.swift */ = {isa = PBXFileReference; fileEncoding = 4; lastKnownFileType = sourcecode.swift; path = SAPPickerView.swift; sourceTree = "<group>"; };
		0C0BB1CE1DC731B400B5CF4F /* SAPPickerViewCell.swift */ = {isa = PBXFileReference; fileEncoding = 4; lastKnownFileType = sourcecode.swift; path = SAPPickerViewCell.swift; sourceTree = "<group>"; };
		0C0BB1CF1DC731B400B5CF4F /* SAPPickerViewLayout.swift */ = {isa = PBXFileReference; fileEncoding = 4; lastKnownFileType = sourcecode.swift; path = SAPPickerViewLayout.swift; sourceTree = "<group>"; };
		0C0BB1D01DC731B400B5CF4F /* SAPPreviewable.swift */ = {isa = PBXFileReference; fileEncoding = 4; lastKnownFileType = sourcecode.swift; path = SAPPreviewable.swift; sourceTree = "<group>"; };
		0C0BB1D11DC731B400B5CF4F /* SAPPreviewableAnimator.swift */ = {isa = PBXFileReference; fileEncoding = 4; lastKnownFileType = sourcecode.swift; path = SAPPreviewableAnimator.swift; sourceTree = "<group>"; };
		0C0BB1D21DC731B400B5CF4F /* SAPPreviewableView.swift */ = {isa = PBXFileReference; fileEncoding = 4; lastKnownFileType = sourcecode.swift; path = SAPPreviewableView.swift; sourceTree = "<group>"; };
		0C0BB1D31DC731B400B5CF4F /* SAPPreviewer.swift */ = {isa = PBXFileReference; fileEncoding = 4; lastKnownFileType = sourcecode.swift; path = SAPPreviewer.swift; sourceTree = "<group>"; };
		0C0BB1D41DC731B400B5CF4F /* SAPPreviewerCell.swift */ = {isa = PBXFileReference; fileEncoding = 4; lastKnownFileType = sourcecode.swift; path = SAPPreviewerCell.swift; sourceTree = "<group>"; };
		0C0BB1D61DC731B400B5CF4F /* SAPPreviewerLayout.swift */ = {isa = PBXFileReference; fileEncoding = 4; lastKnownFileType = sourcecode.swift; path = SAPPreviewerLayout.swift; sourceTree = "<group>"; };
		0C0BB1D91DC731B400B5CF4F /* SAPProgressiveableImage.swift */ = {isa = PBXFileReference; fileEncoding = 4; lastKnownFileType = sourcecode.swift; path = SAPProgressiveableImage.swift; sourceTree = "<group>"; };
		0C0BB1DA1DC731B400B5CF4F /* SAPSelectionable.swift */ = {isa = PBXFileReference; fileEncoding = 4; lastKnownFileType = sourcecode.swift; path = SAPSelectionable.swift; sourceTree = "<group>"; };
		0C0BB1DC1DC731B400B5CF4F /* NSLayoutConstraint+Photos.swift */ = {isa = PBXFileReference; fileEncoding = 4; lastKnownFileType = sourcecode.swift; path = "NSLayoutConstraint+Photos.swift"; sourceTree = "<group>"; };
		0C0BB1DD1DC731B400B5CF4F /* SAPButtonBarItem.swift */ = {isa = PBXFileReference; fileEncoding = 4; lastKnownFileType = sourcecode.swift; path = SAPButtonBarItem.swift; sourceTree = "<group>"; };
		0C0BB1DE1DC731B400B5CF4F /* SAPContainterView.swift */ = {isa = PBXFileReference; fileEncoding = 4; lastKnownFileType = sourcecode.swift; path = SAPContainterView.swift; sourceTree = "<group>"; };
		0C0BB1DF1DC731B400B5CF4F /* SAPImageView.swift */ = {isa = PBXFileReference; fileEncoding = 4; lastKnownFileType = sourcecode.swift; path = SAPImageView.swift; sourceTree = "<group>"; };
		0C0BB1E01DC731B400B5CF4F /* SAPNavigationBar.swift */ = {isa = PBXFileReference; fileEncoding = 4; lastKnownFileType = sourcecode.swift; path = SAPNavigationBar.swift; sourceTree = "<group>"; };
		0C0BB1E11DC731B400B5CF4F /* SAPToolbar.swift */ = {isa = PBXFileReference; fileEncoding = 4; lastKnownFileType = sourcecode.swift; path = SAPToolbar.swift; sourceTree = "<group>"; };
		0C0BB1E21DC731B400B5CF4F /* SAPWKObject.swift */ = {isa = PBXFileReference; fileEncoding = 4; lastKnownFileType = sourcecode.swift; path = SAPWKObject.swift; sourceTree = "<group>"; };
		0C0BB1E31DC731B400B5CF4F /* UIImage+Photos.swift */ = {isa = PBXFileReference; fileEncoding = 4; lastKnownFileType = sourcecode.swift; path = "UIImage+Photos.swift"; sourceTree = "<group>"; };
		0C50DA3A1DD08F8400443E4C /* UIImageView+Animation.swift */ = {isa = PBXFileReference; fileEncoding = 4; lastKnownFileType = sourcecode.swift; path = "UIImageView+Animation.swift"; sourceTree = "<group>"; };
		0C5C6F881DCCCCC700B6707C /* SAPBrowseable.swift */ = {isa = PBXFileReference; fileEncoding = 4; lastKnownFileType = sourcecode.swift; path = SAPBrowseable.swift; sourceTree = "<group>"; };
		0C7DC8001DC8E1FC0040F58F /* SAPBrowseableView.swift */ = {isa = PBXFileReference; fileEncoding = 4; lastKnownFileType = sourcecode.swift; path = SAPBrowseableView.swift; sourceTree = "<group>"; };
		0C7DC8021DC8E20B0040F58F /* SAPBrowseableDetailView.swift */ = {isa = PBXFileReference; fileEncoding = 4; lastKnownFileType = sourcecode.swift; path = SAPBrowseableDetailView.swift; sourceTree = "<group>"; };
		0C7DC8041DC8E3910040F58F /* SAPBrowseableProgressView.swift */ = {isa = PBXFileReference; fileEncoding = 4; lastKnownFileType = sourcecode.swift; path = SAPBrowseableProgressView.swift; sourceTree = "<group>"; };
		0CA16D6F1DCEF7A500B4E75C /* SAPBrowseableControlView.swift */ = {isa = PBXFileReference; fileEncoding = 4; lastKnownFileType = sourcecode.swift; path = SAPBrowseableControlView.swift; sourceTree = "<group>"; };
		0CA16D711DCF044F00B4E75C /* photo_button_play.png */ = {isa = PBXFileReference; lastKnownFileType = image.png; path = photo_button_play.png; sourceTree = "<group>"; };
		0CA16D721DCF044F00B4E75C /* photo_button_play@2x.png */ = {isa = PBXFileReference; lastKnownFileType = image.png; path = "photo_button_play@2x.png"; sourceTree = "<group>"; };
		0CA16D731DCF044F00B4E75C /* photo_button_play@3x.png */ = {isa = PBXFileReference; lastKnownFileType = image.png; path = "photo_button_play@3x.png"; sourceTree = "<group>"; };
		0CB126131DD5936B00A6FF54 /* SAPImageSessionTask.swift */ = {isa = PBXFileReference; fileEncoding = 4; lastKnownFileType = sourcecode.swift; path = SAPImageSessionTask.swift; sourceTree = "<group>"; };
		0CB126151DD59E3300A6FF54 /* SAPImageSession.swift */ = {isa = PBXFileReference; fileEncoding = 4; lastKnownFileType = sourcecode.swift; path = SAPImageSession.swift; sourceTree = "<group>"; };
		0CB126171DD5BE8200A6FF54 /* SAPImageRequest.swift */ = {isa = PBXFileReference; fileEncoding = 4; lastKnownFileType = sourcecode.swift; path = SAPImageRequest.swift; sourceTree = "<group>"; };
		0CB126191DD5C79200A6FF54 /* SAPImageResponse.swift */ = {isa = PBXFileReference; fileEncoding = 4; lastKnownFileType = sourcecode.swift; path = SAPImageResponse.swift; sourceTree = "<group>"; };
		0CBAADDF1E2691CD008F72EE /* Progressiveable.swift */ = {isa = PBXFileReference; fileEncoding = 4; lastKnownFileType = sourcecode.swift; path = Progressiveable.swift; sourceTree = "<group>"; };
		0CBAADE11E2691CD008F72EE /* WKDictionary.swift */ = {isa = PBXFileReference; fileEncoding = 4; lastKnownFileType = sourcecode.swift; path = WKDictionary.swift; sourceTree = "<group>"; };
		0CBAADE81E2691ED008F72EE /* Debugger.swift */ = {isa = PBXFileReference; fileEncoding = 4; lastKnownFileType = sourcecode.swift; name = Debugger.swift; path = ../../Librarys/Debugger.swift; sourceTree = "<group>"; };
		0CBAADE91E2691ED008F72EE /* Logger.swift */ = {isa = PBXFileReference; fileEncoding = 4; lastKnownFileType = sourcecode.swift; name = Logger.swift; path = ../../Librarys/Logger.swift; sourceTree = "<group>"; };
		0CBAADEA1E2691ED008F72EE /* UIColor+Random.swift */ = {isa = PBXFileReference; fileEncoding = 4; lastKnownFileType = sourcecode.swift; name = "UIColor+Random.swift"; path = "../../Librarys/UIColor+Random.swift"; sourceTree = "<group>"; };
		0CC763D41DCDBEF300AB4396 /* SAPProgressiveItem.swift */ = {isa = PBXFileReference; fileEncoding = 4; lastKnownFileType = sourcecode.swift; path = SAPProgressiveItem.swift; sourceTree = "<group>"; };
		0CD571F51DCE288500C6E9D8 /* SAPBrowseableContentView.swift */ = {isa = PBXFileReference; fileEncoding = 4; lastKnownFileType = sourcecode.swift; path = SAPBrowseableContentView.swift; sourceTree = "<group>"; };
/* End PBXFileReference section */

/* Begin PBXFrameworksBuildPhase section */
		0C0BB0391DC72D5C00B5CF4F /* Frameworks */ = {
			isa = PBXFrameworksBuildPhase;
			buildActionMask = 2147483647;
			files = (
				0C0BB05F1DC72E3000B5CF4F /* SAMedia.framework in Frameworks */,
			);
			runOnlyForDeploymentPostprocessing = 0;
		};
/* End PBXFrameworksBuildPhase section */

/* Begin PBXGroup section */
		0C0BB0331DC72D5C00B5CF4F = {
			isa = PBXGroup;
			children = (
				0C0BB18F1DC731B400B5CF4F /* Photos */,
				0CBAADDB1E2691CD008F72EE /* Librarys */,
				0C0BB1901DC731B400B5CF4F /* Resources */,
				0C0BB1DB1DC731B400B5CF4F /* UIKit+Photos */,
				0C0BB03F1DC72D5C00B5CF4F /* Supporting Files */,
				0C0BB03E1DC72D5C00B5CF4F /* Products */,
				0C0BB05D1DC72E3000B5CF4F /* Frameworks */,
			);
			sourceTree = "<group>";
		};
		0C0BB03E1DC72D5C00B5CF4F /* Products */ = {
			isa = PBXGroup;
			children = (
				0C0BB03D1DC72D5C00B5CF4F /* SAPhotos.framework */,
			);
			name = Products;
			sourceTree = "<group>";
		};
		0C0BB03F1DC72D5C00B5CF4F /* Supporting Files */ = {
			isa = PBXGroup;
			children = (
				0CBAADE81E2691ED008F72EE /* Debugger.swift */,
				0CBAADE91E2691ED008F72EE /* Logger.swift */,
				0CBAADEA1E2691ED008F72EE /* UIColor+Random.swift */,
				0C001A971DC73995004A5F08 /* README.md */,
				0C0BB0401DC72D5C00B5CF4F /* SAPhotos.h */,
				0C0BB0411DC72D5C00B5CF4F /* Info.plist */,
			);
			name = "Supporting Files";
			path = SAPhotos;
			sourceTree = "<group>";
		};
		0C0BB05D1DC72E3000B5CF4F /* Frameworks */ = {
			isa = PBXGroup;
			children = (
				0C0BB05E1DC72E3000B5CF4F /* SAMedia.framework */,
			);
			name = Frameworks;
			sourceTree = "<group>";
		};
		0C0BB18F1DC731B400B5CF4F /* Photos */ = {
			isa = PBXGroup;
			children = (
				0C0BB1B71DC731B400B5CF4F /* SAPAlbum.swift */,
				0C0BB1B81DC731B400B5CF4F /* SAPAsset.swift */,
				0C0BB1B91DC731B400B5CF4F /* SAPAssetView.swift */,
				0C0BB1BA1DC731B400B5CF4F /* SAPBadge.swift */,
				0C0BB1BB1DC731B400B5CF4F /* SAPBadgeView.swift */,
				0C0BB1BC1DC731B400B5CF4F /* SAPBrowser.swift */,
				0C0BB1BD1DC731B400B5CF4F /* SAPBrowserAudioView.swift */,
				0C0BB1BE1DC731B400B5CF4F /* SAPBrowserImageView.swift */,
				0C0BB1BF1DC731B400B5CF4F /* SAPBrowserVideoView.swift */,
				0C0BB1C01DC731B400B5CF4F /* SAPBrowserView.swift */,
				0C0BB1C11DC731B400B5CF4F /* SAPEditor.swift */,
				0C0BB1C21DC731B400B5CF4F /* SAPErrorView.swift */,
				0C0BB1C31DC731B400B5CF4F /* SAPLibrary.swift */,
				0C0BB1C41DC731B400B5CF4F /* SAPPicker.swift */,
				0C0BB1C51DC731B400B5CF4F /* SAPPickerAlbums.swift */,
				0C0BB1C61DC731B400B5CF4F /* SAPPickerAlbumsCell.swift */,
				0C0BB1C71DC731B400B5CF4F /* SAPPickerAlbumsStackView.swift */,
				0C0BB1C81DC731B400B5CF4F /* SAPPickerAssets.swift */,
				0C0BB1C91DC731B400B5CF4F /* SAPPickerAssetsCell.swift */,
				0C0BB1CA1DC731B400B5CF4F /* SAPPickerAssetsFooter.swift */,
				0C0BB1CB1DC731B400B5CF4F /* SAPPickerAssetsLayout.swift */,
				0C0BB1CC1DC731B400B5CF4F /* SAPPickerInternal.swift */,
				0C0BB1CD1DC731B400B5CF4F /* SAPPickerView.swift */,
				0C0BB1CE1DC731B400B5CF4F /* SAPPickerViewCell.swift */,
				0C0BB1CF1DC731B400B5CF4F /* SAPPickerViewLayout.swift */,
				0C0BB1D01DC731B400B5CF4F /* SAPPreviewable.swift */,
				0C0BB1D11DC731B400B5CF4F /* SAPPreviewableAnimator.swift */,
				0C0BB1D21DC731B400B5CF4F /* SAPPreviewableView.swift */,
				0C0BB1D31DC731B400B5CF4F /* SAPPreviewer.swift */,
				0C0BB1D41DC731B400B5CF4F /* SAPPreviewerCell.swift */,
				0C0BB1D61DC731B400B5CF4F /* SAPPreviewerLayout.swift */,
				0C0BB1D91DC731B400B5CF4F /* SAPProgressiveableImage.swift */,
				0C0BB1DA1DC731B400B5CF4F /* SAPSelectionable.swift */,
				0C5C6F881DCCCCC700B6707C /* SAPBrowseable.swift */,
				0C7DC8001DC8E1FC0040F58F /* SAPBrowseableView.swift */,
				0C7DC8021DC8E20B0040F58F /* SAPBrowseableDetailView.swift */,
				0C7DC8041DC8E3910040F58F /* SAPBrowseableProgressView.swift */,
				0CA16D6F1DCEF7A500B4E75C /* SAPBrowseableControlView.swift */,
				0CD571F51DCE288500C6E9D8 /* SAPBrowseableContentView.swift */,
				0CC763D41DCDBEF300AB4396 /* SAPProgressiveItem.swift */,
				0CB126171DD5BE8200A6FF54 /* SAPImageRequest.swift */,
				0CB126191DD5C79200A6FF54 /* SAPImageResponse.swift */,
				0CB126151DD59E3300A6FF54 /* SAPImageSession.swift */,
				0CB126131DD5936B00A6FF54 /* SAPImageSessionTask.swift */,
			);
			name = Photos;
			path = ../Classes/Photos;
			sourceTree = "<group>";
		};
		0C0BB1901DC731B400B5CF4F /* Resources */ = {
			isa = PBXGroup;
			children = (
				0C0BB1911DC731B400B5CF4F /* photo_badge_allPhotos@2x.png */,
				0C0BB1921DC731B400B5CF4F /* photo_badge_burst@2x.png */,
				0C0BB1931DC731B400B5CF4F /* photo_badge_favorites@2x.png */,
				0C0BB1941DC731B400B5CF4F /* photo_badge_lastImport@2x.png */,
				0C0BB1951DC731B400B5CF4F /* photo_badge_panorama@2x.png */,
				0C0BB1961DC731B400B5CF4F /* photo_badge_recentlyDeleted@2x.png */,
				0C0BB1971DC731B400B5CF4F /* photo_badge_screenshots@2x.png */,
				0C0BB1981DC731B400B5CF4F /* photo_badge_selfies@2x.png */,
				0C0BB1991DC731B400B5CF4F /* photo_badge_slomo@2x.png */,
				0C0BB19A1DC731B400B5CF4F /* photo_badge_timelapse@2x.png */,
				0C0BB19B1DC731B400B5CF4F /* photo_badge_use_wall_paper_a@2x.png */,
				0C0BB19C1DC731B400B5CF4F /* photo_badge_use_wall_paper_b.png */,
				0C0BB19D1DC731B400B5CF4F /* photo_badge_use_wall_paper_b@2x.png */,
				0C0BB19E1DC731B400B5CF4F /* photo_badge_use_wall_paper_c@2x.png */,
				0C0BB19F1DC731B400B5CF4F /* photo_badge_use_wall_paper_d.png */,
				0C0BB1A01DC731B400B5CF4F /* photo_badge_use_wall_paper_d@2x.png */,
				0C0BB1A11DC731B400B5CF4F /* photo_badge_use_wall_paper_e@2x.png */,
				0C0BB1A21DC731B400B5CF4F /* photo_badge_use_wall_paper_f@3x.png */,
				0C0BB1A31DC731B400B5CF4F /* photo_badge_use_wall_paper_g@2x.png */,
				0C0BB1A51DC731B400B5CF4F /* photo_badge_video_small@2x.png */,
				0C0BB1A41DC731B400B5CF4F /* photo_badge_video@2x.png */,
				0C0BB1A61DC731B400B5CF4F /* photo_button_confirm_disabled@2x.png */,
				0C0BB1A71DC731B400B5CF4F /* photo_button_confirm_nor@2x.png */,
				0C0BB1A81DC731B400B5CF4F /* photo_button_confirm_press@2x.png */,
				0CA16D711DCF044F00B4E75C /* photo_button_play.png */,
				0CA16D721DCF044F00B4E75C /* photo_button_play@2x.png */,
				0CA16D731DCF044F00B4E75C /* photo_button_play@3x.png */,
				0C0BB1A91DC731B400B5CF4F /* photo_checkbox_normal@2x.png */,
				0C0BB1AA1DC731B400B5CF4F /* photo_checkbox_selected@2x.png */,
				0C0BB1AD1DC731B400B5CF4F /* photo_icon_empty_album_shared.png */,
				0C0BB1AE1DC731B400B5CF4F /* photo_icon_empty_album_shared@2x.png */,
				0C0BB1AF1DC731B400B5CF4F /* photo_icon_empty_album_shared@3x.png */,
				0C0BB1AB1DC731B400B5CF4F /* photo_icon_empty_album@2x.png */,
				0C0BB1AC1DC731B400B5CF4F /* photo_icon_empty_album@3x.png */,
				0C0BB1B01DC731B400B5CF4F /* photo_icon_slalom@2x.png */,
				0C0BB1B11DC731B400B5CF4F /* photo_icon_thumbnail_loading.png */,
				0C0BB1B21DC731B400B5CF4F /* photo_icon_thumbnail_loading@2x.png */,
				0C0BB1B31DC731B400B5CF4F /* photo_icon_thumbnail_loading@3x.png */,
				0C0BB1B41DC731B400B5CF4F /* photo_icon_Timelapse@2x.png */,
				0C0BB1B51DC731B400B5CF4F /* photo_small_checkbox_normal@2x.png */,
				0C0BB1B61DC731B400B5CF4F /* photo_small_checkbox_selected@2x.png */,
			);
			name = Resources;
			path = ../Classes/Photos/Resources;
			sourceTree = "<group>";
		};
		0C0BB1DB1DC731B400B5CF4F /* UIKit+Photos */ = {
			isa = PBXGroup;
			children = (
				0C0BB1DD1DC731B400B5CF4F /* SAPButtonBarItem.swift */,
				0C0BB1DE1DC731B400B5CF4F /* SAPContainterView.swift */,
				0C0BB1DF1DC731B400B5CF4F /* SAPImageView.swift */,
				0C0BB1E01DC731B400B5CF4F /* SAPNavigationBar.swift */,
				0C0BB1E11DC731B400B5CF4F /* SAPToolbar.swift */,
				0C0BB1E21DC731B400B5CF4F /* SAPWKObject.swift */,
				0C0BB1E31DC731B400B5CF4F /* UIImage+Photos.swift */,
				0C0BB1DC1DC731B400B5CF4F /* NSLayoutConstraint+Photos.swift */,
				0C50DA3A1DD08F8400443E4C /* UIImageView+Animation.swift */,
			);
			name = "UIKit+Photos";
			path = "../Classes/Photos/UIKit+Photos";
			sourceTree = "<group>";
		};
		0CBAADDB1E2691CD008F72EE /* Librarys */ = {
			isa = PBXGroup;
			children = (
				0CBAADDF1E2691CD008F72EE /* Progressiveable.swift */,
				0CBAADE11E2691CD008F72EE /* WKDictionary.swift */,
			);
			name = Librarys;
			path = ../Librarys;
			sourceTree = "<group>";
		};
/* End PBXGroup section */

/* Begin PBXHeadersBuildPhase section */
		0C0BB03A1DC72D5C00B5CF4F /* Headers */ = {
			isa = PBXHeadersBuildPhase;
			buildActionMask = 2147483647;
			files = (
				0C0BB0421DC72D5C00B5CF4F /* SAPhotos.h in Headers */,
			);
			runOnlyForDeploymentPostprocessing = 0;
		};
/* End PBXHeadersBuildPhase section */

/* Begin PBXNativeTarget section */
		0C0BB03C1DC72D5C00B5CF4F /* SAPhotos */ = {
			isa = PBXNativeTarget;
			buildConfigurationList = 0C0BB0451DC72D5C00B5CF4F /* Build configuration list for PBXNativeTarget "SAPhotos" */;
			buildPhases = (
				0C0BB0381DC72D5C00B5CF4F /* Sources */,
				0C0BB0391DC72D5C00B5CF4F /* Frameworks */,
				0C0BB03A1DC72D5C00B5CF4F /* Headers */,
				0C0BB03B1DC72D5C00B5CF4F /* Resources */,
			);
			buildRules = (
			);
			dependencies = (
			);
			name = SAPhotos;
			productName = SAPhotos;
			productReference = 0C0BB03D1DC72D5C00B5CF4F /* SAPhotos.framework */;
			productType = "com.apple.product-type.framework";
		};
/* End PBXNativeTarget section */

/* Begin PBXProject section */
		0C0BB0341DC72D5C00B5CF4F /* Project object */ = {
			isa = PBXProject;
			attributes = {
				CLASSPREFIX = SAP;
				LastUpgradeCheck = 0800;
				ORGANIZATIONNAME = SAGESSE;
				TargetAttributes = {
					0C0BB03C1DC72D5C00B5CF4F = {
						CreatedOnToolsVersion = 8.0;
						DevelopmentTeam = FN2B5W3WWQ;
						LastSwiftMigration = 0820;
						ProvisioningStyle = Automatic;
					};
				};
			};
			buildConfigurationList = 0C0BB0371DC72D5C00B5CF4F /* Build configuration list for PBXProject "SAPhotos" */;
			compatibilityVersion = "Xcode 3.2";
			developmentRegion = English;
			hasScannedForEncodings = 0;
			knownRegions = (
				English,
				en,
			);
			mainGroup = 0C0BB0331DC72D5C00B5CF4F;
			productRefGroup = 0C0BB03E1DC72D5C00B5CF4F /* Products */;
			projectDirPath = "";
			projectRoot = "";
			targets = (
				0C0BB03C1DC72D5C00B5CF4F /* SAPhotos */,
			);
		};
/* End PBXProject section */

/* Begin PBXResourcesBuildPhase section */
		0C0BB03B1DC72D5C00B5CF4F /* Resources */ = {
			isa = PBXResourcesBuildPhase;
			buildActionMask = 2147483647;
			files = (
				0C0BB1E71DC731B400B5CF4F /* photo_badge_lastImport@2x.png in Resources */,
				0C0BB2071DC731B400B5CF4F /* photo_icon_Timelapse@2x.png in Resources */,
				0C0BB2011DC731B400B5CF4F /* photo_icon_empty_album_shared@2x.png in Resources */,
				0CA16D741DCF044F00B4E75C /* photo_button_play.png in Resources */,
				0C0BB1F61DC731B400B5CF4F /* photo_badge_use_wall_paper_g@2x.png in Resources */,
				0C0BB1E51DC731B400B5CF4F /* photo_badge_burst@2x.png in Resources */,
				0C0BB1EE1DC731B400B5CF4F /* photo_badge_use_wall_paper_a@2x.png in Resources */,
				0C0BB1F91DC731B400B5CF4F /* photo_button_confirm_disabled@2x.png in Resources */,
				0C0BB1ED1DC731B400B5CF4F /* photo_badge_timelapse@2x.png in Resources */,
				0C0BB1F81DC731B400B5CF4F /* photo_badge_video_small@2x.png in Resources */,
				0C0BB1FF1DC731B400B5CF4F /* photo_icon_empty_album@3x.png in Resources */,
				0C0BB1E41DC731B400B5CF4F /* photo_badge_allPhotos@2x.png in Resources */,
				0C0BB1F41DC731B400B5CF4F /* photo_badge_use_wall_paper_e@2x.png in Resources */,
				0C0BB2041DC731B400B5CF4F /* photo_icon_thumbnail_loading.png in Resources */,
				0C0BB2001DC731B400B5CF4F /* photo_icon_empty_album_shared.png in Resources */,
				0C0BB1EC1DC731B400B5CF4F /* photo_badge_slomo@2x.png in Resources */,
				0C0BB2051DC731B400B5CF4F /* photo_icon_thumbnail_loading@2x.png in Resources */,
				0C0BB1F11DC731B400B5CF4F /* photo_badge_use_wall_paper_c@2x.png in Resources */,
				0C0BB2031DC731B400B5CF4F /* photo_icon_slalom@2x.png in Resources */,
				0C0BB1E91DC731B400B5CF4F /* photo_badge_recentlyDeleted@2x.png in Resources */,
				0C0BB1FB1DC731B400B5CF4F /* photo_button_confirm_press@2x.png in Resources */,
				0C0BB1E81DC731B400B5CF4F /* photo_badge_panorama@2x.png in Resources */,
				0C0BB1F31DC731B400B5CF4F /* photo_badge_use_wall_paper_d@2x.png in Resources */,
				0C0BB1FD1DC731B400B5CF4F /* photo_checkbox_selected@2x.png in Resources */,
				0C0BB1EF1DC731B400B5CF4F /* photo_badge_use_wall_paper_b.png in Resources */,
				0C0BB2021DC731B400B5CF4F /* photo_icon_empty_album_shared@3x.png in Resources */,
				0C0BB2091DC731B400B5CF4F /* photo_small_checkbox_selected@2x.png in Resources */,
				0C0BB1FC1DC731B400B5CF4F /* photo_checkbox_normal@2x.png in Resources */,
				0C0BB1FE1DC731B400B5CF4F /* photo_icon_empty_album@2x.png in Resources */,
				0C0BB2081DC731B400B5CF4F /* photo_small_checkbox_normal@2x.png in Resources */,
				0C0BB2061DC731B400B5CF4F /* photo_icon_thumbnail_loading@3x.png in Resources */,
				0CA16D761DCF044F00B4E75C /* photo_button_play@3x.png in Resources */,
				0C0BB1F51DC731B400B5CF4F /* photo_badge_use_wall_paper_f@3x.png in Resources */,
				0C0BB1EB1DC731B400B5CF4F /* photo_badge_selfies@2x.png in Resources */,
				0C0BB1F21DC731B400B5CF4F /* photo_badge_use_wall_paper_d.png in Resources */,
				0C0BB1E61DC731B400B5CF4F /* photo_badge_favorites@2x.png in Resources */,
				0C0BB1EA1DC731B400B5CF4F /* photo_badge_screenshots@2x.png in Resources */,
				0C0BB1F01DC731B400B5CF4F /* photo_badge_use_wall_paper_b@2x.png in Resources */,
				0C0BB1FA1DC731B400B5CF4F /* photo_button_confirm_nor@2x.png in Resources */,
				0C0BB1F71DC731B400B5CF4F /* photo_badge_video@2x.png in Resources */,
				0CA16D751DCF044F00B4E75C /* photo_button_play@2x.png in Resources */,
			);
			runOnlyForDeploymentPostprocessing = 0;
		};
/* End PBXResourcesBuildPhase section */

/* Begin PBXSourcesBuildPhase section */
		0C0BB0381DC72D5C00B5CF4F /* Sources */ = {
			isa = PBXSourcesBuildPhase;
			buildActionMask = 2147483647;
			files = (
				0C0BB2171DC731B400B5CF4F /* SAPPicker.swift in Sources */,
				0C0BB20C1DC731B400B5CF4F /* SAPAssetView.swift in Sources */,
				0C0BB2101DC731B400B5CF4F /* SAPBrowserAudioView.swift in Sources */,
				0C0BB2201DC731B400B5CF4F /* SAPPickerView.swift in Sources */,
				0C0BB2241DC731B400B5CF4F /* SAPPreviewableAnimator.swift in Sources */,
				0CBAADEC1E2691ED008F72EE /* Logger.swift in Sources */,
				0C0BB2351DC731B400B5CF4F /* UIImage+Photos.swift in Sources */,
				0CBAADEB1E2691ED008F72EE /* Debugger.swift in Sources */,
				0CBAADE71E2691CD008F72EE /* WKDictionary.swift in Sources */,
				0C0BB20E1DC731B400B5CF4F /* SAPBadgeView.swift in Sources */,
				0C0BB21D1DC731B400B5CF4F /* SAPPickerAssetsFooter.swift in Sources */,
				0C0BB21B1DC731B400B5CF4F /* SAPPickerAssets.swift in Sources */,
				0C0BB2211DC731B400B5CF4F /* SAPPickerViewCell.swift in Sources */,
				0C0BB2331DC731B400B5CF4F /* SAPToolbar.swift in Sources */,
				0C0BB2271DC731B400B5CF4F /* SAPPreviewerCell.swift in Sources */,
				0C0BB21C1DC731B400B5CF4F /* SAPPickerAssetsCell.swift in Sources */,
				0C0BB21A1DC731B400B5CF4F /* SAPPickerAlbumsStackView.swift in Sources */,
				0C0BB21F1DC731B400B5CF4F /* SAPPickerInternal.swift in Sources */,
				0C0BB20B1DC731B400B5CF4F /* SAPAsset.swift in Sources */,
				0C0BB2161DC731B400B5CF4F /* SAPLibrary.swift in Sources */,
				0C0BB2221DC731B400B5CF4F /* SAPPickerViewLayout.swift in Sources */,
				0C0BB2181DC731B400B5CF4F /* SAPPickerAlbums.swift in Sources */,
				0C0BB22D1DC731B400B5CF4F /* SAPSelectionable.swift in Sources */,
				0C0BB20F1DC731B400B5CF4F /* SAPBrowser.swift in Sources */,
				0C0BB2251DC731B400B5CF4F /* SAPPreviewableView.swift in Sources */,
				0C0BB2191DC731B400B5CF4F /* SAPPickerAlbumsCell.swift in Sources */,
				0CB126141DD5936B00A6FF54 /* SAPImageSessionTask.swift in Sources */,
				0C0BB2311DC731B400B5CF4F /* SAPImageView.swift in Sources */,
				0C0BB22E1DC731B400B5CF4F /* NSLayoutConstraint+Photos.swift in Sources */,
				0C0BB21E1DC731B400B5CF4F /* SAPPickerAssetsLayout.swift in Sources */,
				0CBAADE51E2691CD008F72EE /* Progressiveable.swift in Sources */,
				0CC763D51DCDBEF300AB4396 /* SAPProgressiveItem.swift in Sources */,
				0C0BB20D1DC731B400B5CF4F /* SAPBadge.swift in Sources */,
				0C0BB20A1DC731B400B5CF4F /* SAPAlbum.swift in Sources */,
				0C0BB22F1DC731B400B5CF4F /* SAPButtonBarItem.swift in Sources */,
				0C0BB2321DC731B400B5CF4F /* SAPNavigationBar.swift in Sources */,
				0CB126161DD59E3300A6FF54 /* SAPImageSession.swift in Sources */,
				0C0BB2291DC731B400B5CF4F /* SAPPreviewerLayout.swift in Sources */,
				0CB1261A1DD5C79200A6FF54 /* SAPImageResponse.swift in Sources */,
				0C7DC8051DC8E3910040F58F /* SAPBrowseableProgressView.swift in Sources */,
				0C5C6F891DCCCCC700B6707C /* SAPBrowseable.swift in Sources */,
				0C0BB2131DC731B400B5CF4F /* SAPBrowserView.swift in Sources */,
				0C0BB2301DC731B400B5CF4F /* SAPContainterView.swift in Sources */,
				0C0BB2141DC731B400B5CF4F /* SAPEditor.swift in Sources */,
				0CB126181DD5BE8200A6FF54 /* SAPImageRequest.swift in Sources */,
				0C50DA3B1DD08F8400443E4C /* UIImageView+Animation.swift in Sources */,
				0C7DC8011DC8E1FC0040F58F /* SAPBrowseableView.swift in Sources */,
				0C0BB2341DC731B400B5CF4F /* SAPWKObject.swift in Sources */,
				0C0BB2231DC731B400B5CF4F /* SAPPreviewable.swift in Sources */,
				0CA16D701DCEF7A500B4E75C /* SAPBrowseableControlView.swift in Sources */,
				0C0BB2261DC731B400B5CF4F /* SAPPreviewer.swift in Sources */,
				0C0BB22C1DC731B400B5CF4F /* SAPProgressiveableImage.swift in Sources */,
				0CBAADED1E2691ED008F72EE /* UIColor+Random.swift in Sources */,
				0C0BB2151DC731B400B5CF4F /* SAPErrorView.swift in Sources */,
				0C7DC8031DC8E20B0040F58F /* SAPBrowseableDetailView.swift in Sources */,
				0C0BB2121DC731B400B5CF4F /* SAPBrowserVideoView.swift in Sources */,
				0CD571F61DCE288500C6E9D8 /* SAPBrowseableContentView.swift in Sources */,
				0C0BB2111DC731B400B5CF4F /* SAPBrowserImageView.swift in Sources */,
			);
			runOnlyForDeploymentPostprocessing = 0;
		};
/* End PBXSourcesBuildPhase section */

/* Begin XCBuildConfiguration section */
		0C0BB0431DC72D5C00B5CF4F /* Debug */ = {
			isa = XCBuildConfiguration;
			buildSettings = {
				ALWAYS_SEARCH_USER_PATHS = NO;
				CLANG_ANALYZER_NONNULL = YES;
				CLANG_CXX_LANGUAGE_STANDARD = "gnu++0x";
				CLANG_CXX_LIBRARY = "libc++";
				CLANG_ENABLE_MODULES = YES;
				CLANG_ENABLE_OBJC_ARC = YES;
				CLANG_WARN_BOOL_CONVERSION = YES;
				CLANG_WARN_CONSTANT_CONVERSION = YES;
				CLANG_WARN_DIRECT_OBJC_ISA_USAGE = YES_ERROR;
				CLANG_WARN_DOCUMENTATION_COMMENTS = YES;
				CLANG_WARN_EMPTY_BODY = YES;
				CLANG_WARN_ENUM_CONVERSION = YES;
				CLANG_WARN_INFINITE_RECURSION = YES;
				CLANG_WARN_INT_CONVERSION = YES;
				CLANG_WARN_OBJC_ROOT_CLASS = YES_ERROR;
				CLANG_WARN_SUSPICIOUS_MOVES = YES;
				CLANG_WARN_UNREACHABLE_CODE = YES;
				CLANG_WARN__DUPLICATE_METHOD_MATCH = YES;
				"CODE_SIGN_IDENTITY[sdk=iphoneos*]" = "iPhone Developer";
				COPY_PHASE_STRIP = NO;
				CURRENT_PROJECT_VERSION = 1;
				DEBUG_INFORMATION_FORMAT = dwarf;
				ENABLE_STRICT_OBJC_MSGSEND = YES;
				ENABLE_TESTABILITY = YES;
				GCC_C_LANGUAGE_STANDARD = gnu99;
				GCC_DYNAMIC_NO_PIC = NO;
				GCC_NO_COMMON_BLOCKS = YES;
				GCC_OPTIMIZATION_LEVEL = 0;
				GCC_PREPROCESSOR_DEFINITIONS = (
					"DEBUG=1",
					"$(inherited)",
				);
				GCC_WARN_64_TO_32_BIT_CONVERSION = YES;
				GCC_WARN_ABOUT_RETURN_TYPE = YES_ERROR;
				GCC_WARN_UNDECLARED_SELECTOR = YES;
				GCC_WARN_UNINITIALIZED_AUTOS = YES_AGGRESSIVE;
				GCC_WARN_UNUSED_FUNCTION = YES;
				GCC_WARN_UNUSED_VARIABLE = YES;
				IPHONEOS_DEPLOYMENT_TARGET = 10.0;
				MTL_ENABLE_DEBUG_INFO = YES;
				ONLY_ACTIVE_ARCH = YES;
				SDKROOT = iphoneos;
				SWIFT_ACTIVE_COMPILATION_CONDITIONS = DEBUG;
				SWIFT_OPTIMIZATION_LEVEL = "-Onone";
				TARGETED_DEVICE_FAMILY = "1,2";
				VERSIONING_SYSTEM = "apple-generic";
				VERSION_INFO_PREFIX = "";
			};
			name = Debug;
		};
		0C0BB0441DC72D5C00B5CF4F /* Release */ = {
			isa = XCBuildConfiguration;
			buildSettings = {
				ALWAYS_SEARCH_USER_PATHS = NO;
				CLANG_ANALYZER_NONNULL = YES;
				CLANG_CXX_LANGUAGE_STANDARD = "gnu++0x";
				CLANG_CXX_LIBRARY = "libc++";
				CLANG_ENABLE_MODULES = YES;
				CLANG_ENABLE_OBJC_ARC = YES;
				CLANG_WARN_BOOL_CONVERSION = YES;
				CLANG_WARN_CONSTANT_CONVERSION = YES;
				CLANG_WARN_DIRECT_OBJC_ISA_USAGE = YES_ERROR;
				CLANG_WARN_DOCUMENTATION_COMMENTS = YES;
				CLANG_WARN_EMPTY_BODY = YES;
				CLANG_WARN_ENUM_CONVERSION = YES;
				CLANG_WARN_INFINITE_RECURSION = YES;
				CLANG_WARN_INT_CONVERSION = YES;
				CLANG_WARN_OBJC_ROOT_CLASS = YES_ERROR;
				CLANG_WARN_SUSPICIOUS_MOVES = YES;
				CLANG_WARN_UNREACHABLE_CODE = YES;
				CLANG_WARN__DUPLICATE_METHOD_MATCH = YES;
				"CODE_SIGN_IDENTITY[sdk=iphoneos*]" = "iPhone Developer";
				COPY_PHASE_STRIP = NO;
				CURRENT_PROJECT_VERSION = 1;
				DEBUG_INFORMATION_FORMAT = "dwarf-with-dsym";
				ENABLE_NS_ASSERTIONS = NO;
				ENABLE_STRICT_OBJC_MSGSEND = YES;
				GCC_C_LANGUAGE_STANDARD = gnu99;
				GCC_NO_COMMON_BLOCKS = YES;
				GCC_WARN_64_TO_32_BIT_CONVERSION = YES;
				GCC_WARN_ABOUT_RETURN_TYPE = YES_ERROR;
				GCC_WARN_UNDECLARED_SELECTOR = YES;
				GCC_WARN_UNINITIALIZED_AUTOS = YES_AGGRESSIVE;
				GCC_WARN_UNUSED_FUNCTION = YES;
				GCC_WARN_UNUSED_VARIABLE = YES;
				IPHONEOS_DEPLOYMENT_TARGET = 10.0;
				MTL_ENABLE_DEBUG_INFO = NO;
				SDKROOT = iphoneos;
				SWIFT_OPTIMIZATION_LEVEL = "-Owholemodule";
				TARGETED_DEVICE_FAMILY = "1,2";
				VALIDATE_PRODUCT = YES;
				VERSIONING_SYSTEM = "apple-generic";
				VERSION_INFO_PREFIX = "";
			};
			name = Release;
		};
		0C0BB0461DC72D5C00B5CF4F /* Debug */ = {
			isa = XCBuildConfiguration;
			buildSettings = {
				CLANG_ENABLE_MODULES = YES;
				CODE_SIGN_IDENTITY = "";
				DEFINES_MODULE = YES;
				DEVELOPMENT_TEAM = FN2B5W3WWQ;
				DYLIB_COMPATIBILITY_VERSION = 1;
				DYLIB_CURRENT_VERSION = 1;
				DYLIB_INSTALL_NAME_BASE = "@rpath";
				FRAMEWORK_SEARCH_PATHS = (
					"$(inherited)",
					"$(PROJECT_DIR)/build/Debug-iphoneos",
				);
				INFOPLIST_FILE = SAPhotos/Info.plist;
				INSTALL_PATH = "$(LOCAL_LIBRARY_DIR)/Frameworks";
				IPHONEOS_DEPLOYMENT_TARGET = 8.0;
				LD_RUNPATH_SEARCH_PATHS = "$(inherited) @executable_path/Frameworks @loader_path/Frameworks";
				PRODUCT_BUNDLE_IDENTIFIER = SA.SAPhotos;
				PRODUCT_NAME = "$(TARGET_NAME)";
				SKIP_INSTALL = YES;
				SWIFT_OPTIMIZATION_LEVEL = "-Onone";
				SWIFT_VERSION = 5.0;
			};
			name = Debug;
		};
		0C0BB0471DC72D5C00B5CF4F /* Release */ = {
			isa = XCBuildConfiguration;
			buildSettings = {
				CLANG_ENABLE_MODULES = YES;
				CODE_SIGN_IDENTITY = "";
				DEFINES_MODULE = YES;
				DEVELOPMENT_TEAM = FN2B5W3WWQ;
				DYLIB_COMPATIBILITY_VERSION = 1;
				DYLIB_CURRENT_VERSION = 1;
				DYLIB_INSTALL_NAME_BASE = "@rpath";
				FRAMEWORK_SEARCH_PATHS = (
					"$(inherited)",
					"$(PROJECT_DIR)/build/Debug-iphoneos",
				);
				INFOPLIST_FILE = SAPhotos/Info.plist;
				INSTALL_PATH = "$(LOCAL_LIBRARY_DIR)/Frameworks";
				IPHONEOS_DEPLOYMENT_TARGET = 8.0;
				LD_RUNPATH_SEARCH_PATHS = "$(inherited) @executable_path/Frameworks @loader_path/Frameworks";
				PRODUCT_BUNDLE_IDENTIFIER = SA.SAPhotos;
				PRODUCT_NAME = "$(TARGET_NAME)";
				SKIP_INSTALL = YES;
				SWIFT_VERSION = 5.0;
			};
			name = Release;
		};
/* End XCBuildConfiguration section */

/* Begin XCConfigurationList section */
		0C0BB0371DC72D5C00B5CF4F /* Build configuration list for PBXProject "SAPhotos" */ = {
			isa = XCConfigurationList;
			buildConfigurations = (
				0C0BB0431DC72D5C00B5CF4F /* Debug */,
				0C0BB0441DC72D5C00B5CF4F /* Release */,
			);
			defaultConfigurationIsVisible = 0;
			defaultConfigurationName = Release;
		};
		0C0BB0451DC72D5C00B5CF4F /* Build configuration list for PBXNativeTarget "SAPhotos" */ = {
			isa = XCConfigurationList;
			buildConfigurations = (
				0C0BB0461DC72D5C00B5CF4F /* Debug */,
				0C0BB0471DC72D5C00B5CF4F /* Release */,
			);
			defaultConfigurationIsVisible = 0;
			defaultConfigurationName = Release;
		};
/* End XCConfigurationList section */
	};
	rootObject = 0C0BB0341DC72D5C00B5CF4F /* Project object */;
}
