// !$*UTF8*$!
{
	archiveVersion = 1;
	classes = {
	};
	objectVersion = 46;
	objects = {

/* Begin PBXBuildFile section */
		0C001AA21DC741FA004A5F08 /* SAMedia.framework in Frameworks */ = {isa = PBXBuildFile; fileRef = 0C001AA01DC741FA004A5F08 /* SAMedia.framework */; };
		0C001AA31DC741FA004A5F08 /* SAPhotos.framework in Frameworks */ = {isa = PBXBuildFile; fileRef = 0C001AA11DC741FA004A5F08 /* SAPhotos.framework */; };
		0C0BB02D1DC72CFB00B5CF4F /* SAInput.h in Headers */ = {isa = PBXBuildFile; fileRef = 0C0BB02B1DC72CFB00B5CF4F /* SAInput.h */; settings = {ATTRIBUTES = (Public, ); }; };
		0C0BB2391DC732DB00B5CF4F /* NSLayoutConstraint+Input.swift in Sources */ = {isa = PBXBuildFile; fileRef = 0C0BB2371DC732DB00B5CF4F /* NSLayoutConstraint+Input.swift */; };
		0C0BB23A1DC732DB00B5CF4F /* UIImage+Input.swift in Sources */ = {isa = PBXBuildFile; fileRef = 0C0BB2381DC732DB00B5CF4F /* UIImage+Input.swift */; };
		0C0BB2781DC734B000B5CF4F /* SAIAudioEffect.swift in Sources */ = {isa = PBXBuildFile; fileRef = 0C0BB2481DC734B000B5CF4F /* SAIAudioEffect.swift */; };
		0C0BB2791DC734B000B5CF4F /* SAIAudioEffectView.swift in Sources */ = {isa = PBXBuildFile; fileRef = 0C0BB2491DC734B000B5CF4F /* SAIAudioEffectView.swift */; };
		0C0BB27A1DC734B000B5CF4F /* SAIAudioInputView.swift in Sources */ = {isa = PBXBuildFile; fileRef = 0C0BB24A1DC734B000B5CF4F /* SAIAudioInputView.swift */; };
		0C0BB27B1DC734B000B5CF4F /* SAIAudioInputViewLayout.swift in Sources */ = {isa = PBXBuildFile; fileRef = 0C0BB24B1DC734B000B5CF4F /* SAIAudioInputViewLayout.swift */; };
		0C0BB27C1DC734B000B5CF4F /* SAIAudioPlayButton.swift in Sources */ = {isa = PBXBuildFile; fileRef = 0C0BB24C1DC734B000B5CF4F /* SAIAudioPlayButton.swift */; };
		0C0BB27E1DC734B000B5CF4F /* SAIAudioPlayToolbar.swift in Sources */ = {isa = PBXBuildFile; fileRef = 0C0BB24E1DC734B000B5CF4F /* SAIAudioPlayToolbar.swift */; };
		0C0BB27F1DC734B000B5CF4F /* SAIAudioRecordButton.swift in Sources */ = {isa = PBXBuildFile; fileRef = 0C0BB24F1DC734B000B5CF4F /* SAIAudioRecordButton.swift */; };
		0C0BB2811DC734B000B5CF4F /* SAIAudioRecordToolbar.swift in Sources */ = {isa = PBXBuildFile; fileRef = 0C0BB2511DC734B000B5CF4F /* SAIAudioRecordToolbar.swift */; };
		0C0BB2821DC734B000B5CF4F /* SAIAudioRecordView.swift in Sources */ = {isa = PBXBuildFile; fileRef = 0C0BB2521DC734B000B5CF4F /* SAIAudioRecordView.swift */; };
		0C0BB2831DC734B000B5CF4F /* SAIAudioSession.swift in Sources */ = {isa = PBXBuildFile; fileRef = 0C0BB2531DC734B000B5CF4F /* SAIAudioSession.swift */; };
		0C0BB2841DC734B000B5CF4F /* SAIAudioSimulateView.swift in Sources */ = {isa = PBXBuildFile; fileRef = 0C0BB2541DC734B000B5CF4F /* SAIAudioSimulateView.swift */; };
		0C0BB2851DC734B000B5CF4F /* SAIAudioSpectrumMiniView.swift in Sources */ = {isa = PBXBuildFile; fileRef = 0C0BB2551DC734B000B5CF4F /* SAIAudioSpectrumMiniView.swift */; };
		0C0BB2861DC734B000B5CF4F /* SAIAudioSpectrumView.swift in Sources */ = {isa = PBXBuildFile; fileRef = 0C0BB2561DC734B000B5CF4F /* SAIAudioSpectrumView.swift */; };
		0C0BB2871DC734B000B5CF4F /* SAIAudioStatus.swift in Sources */ = {isa = PBXBuildFile; fileRef = 0C0BB2571DC734B000B5CF4F /* SAIAudioStatus.swift */; };
		0C0BB2881DC734B000B5CF4F /* SAIAudioStatusView.swift in Sources */ = {isa = PBXBuildFile; fileRef = 0C0BB2581DC734B000B5CF4F /* SAIAudioStatusView.swift */; };
		0C0BB2891DC734B000B5CF4F /* SAIAudioTabbar.swift in Sources */ = {isa = PBXBuildFile; fileRef = 0C0BB2591DC734B000B5CF4F /* SAIAudioTabbar.swift */; };
		0C0BB28A1DC734B000B5CF4F /* SAIAudioTalkbackView.swift in Sources */ = {isa = PBXBuildFile; fileRef = 0C0BB25A1DC734B000B5CF4F /* SAIAudioTalkbackView.swift */; };
		0C0BB28B1DC734B000B5CF4F /* SAIAudioView.swift in Sources */ = {isa = PBXBuildFile; fileRef = 0C0BB25B1DC734B000B5CF4F /* SAIAudioView.swift */; };
		0C0BB28C1DC734B000B5CF4F /* SAIEmoticon.swift in Sources */ = {isa = PBXBuildFile; fileRef = 0C0BB25D1DC734B000B5CF4F /* SAIEmoticon.swift */; };
		0C0BB28D1DC734B000B5CF4F /* SAIEmoticonBackgroundView.swift in Sources */ = {isa = PBXBuildFile; fileRef = 0C0BB25E1DC734B000B5CF4F /* SAIEmoticonBackgroundView.swift */; };
		0C0BB28E1DC734B000B5CF4F /* SAIEmoticonGroup.swift in Sources */ = {isa = PBXBuildFile; fileRef = 0C0BB25F1DC734B000B5CF4F /* SAIEmoticonGroup.swift */; };
		0C0BB28F1DC734B000B5CF4F /* SAIEmoticonInputView.swift in Sources */ = {isa = PBXBuildFile; fileRef = 0C0BB2601DC734B000B5CF4F /* SAIEmoticonInputView.swift */; };
		0C0BB2901DC734B000B5CF4F /* SAIEmoticonInputViewLayout.swift in Sources */ = {isa = PBXBuildFile; fileRef = 0C0BB2611DC734B000B5CF4F /* SAIEmoticonInputViewLayout.swift */; };
		0C0BB2911DC734B000B5CF4F /* SAIEmoticonLine.swift in Sources */ = {isa = PBXBuildFile; fileRef = 0C0BB2621DC734B000B5CF4F /* SAIEmoticonLine.swift */; };
		0C0BB2921DC734B000B5CF4F /* SAIEmoticonPage.swift in Sources */ = {isa = PBXBuildFile; fileRef = 0C0BB2631DC734B000B5CF4F /* SAIEmoticonPage.swift */; };
		0C0BB2931DC734B000B5CF4F /* SAIEmoticonPageView.swift in Sources */ = {isa = PBXBuildFile; fileRef = 0C0BB2641DC734B000B5CF4F /* SAIEmoticonPageView.swift */; };
		0C0BB2941DC734B000B5CF4F /* SAIEmoticonPreviewer.swift in Sources */ = {isa = PBXBuildFile; fileRef = 0C0BB2651DC734B000B5CF4F /* SAIEmoticonPreviewer.swift */; };
		0C0BB2951DC734B000B5CF4F /* SAIEmoticonTabItemView.swift in Sources */ = {isa = PBXBuildFile; fileRef = 0C0BB2661DC734B000B5CF4F /* SAIEmoticonTabItemView.swift */; };
		0C0BB2961DC734B000B5CF4F /* SAIPhotoInputView.swift in Sources */ = {isa = PBXBuildFile; fileRef = 0C0BB2681DC734B000B5CF4F /* SAIPhotoInputView.swift */; };
		0C0BB2971DC734B000B5CF4F /* SAIToolboxInputView.swift in Sources */ = {isa = PBXBuildFile; fileRef = 0C0BB26A1DC734B000B5CF4F /* SAIToolboxInputView.swift */; };
		0C0BB2981DC734B000B5CF4F /* SAIToolboxInputViewLayout.swift in Sources */ = {isa = PBXBuildFile; fileRef = 0C0BB26B1DC734B000B5CF4F /* SAIToolboxInputViewLayout.swift */; };
		0C0BB2991DC734B000B5CF4F /* SAIToolboxItem.swift in Sources */ = {isa = PBXBuildFile; fileRef = 0C0BB26C1DC734B000B5CF4F /* SAIToolboxItem.swift */; };
		0C0BB29A1DC734B000B5CF4F /* SAIToolboxItemView.swift in Sources */ = {isa = PBXBuildFile; fileRef = 0C0BB26D1DC734B000B5CF4F /* SAIToolboxItemView.swift */; };
		0C0BB2A61DC7351300B5CF4F /* SAIInputAccessoryView.swift in Sources */ = {isa = PBXBuildFile; fileRef = 0C0BB29C1DC7351300B5CF4F /* SAIInputAccessoryView.swift */; };
		0C0BB2A71DC7351300B5CF4F /* SAIInputAccessoryViewLayout.swift in Sources */ = {isa = PBXBuildFile; fileRef = 0C0BB29D1DC7351300B5CF4F /* SAIInputAccessoryViewLayout.swift */; };
		0C0BB2A81DC7351300B5CF4F /* SAIInputBackgroundView.swift in Sources */ = {isa = PBXBuildFile; fileRef = 0C0BB29E1DC7351300B5CF4F /* SAIInputBackgroundView.swift */; };
		0C0BB2A91DC7351300B5CF4F /* SAIInputBar.swift in Sources */ = {isa = PBXBuildFile; fileRef = 0C0BB29F1DC7351300B5CF4F /* SAIInputBar.swift */; };
		0C0BB2AA1DC7351300B5CF4F /* SAIInputBarDisplayable.swift in Sources */ = {isa = PBXBuildFile; fileRef = 0C0BB2A01DC7351300B5CF4F /* SAIInputBarDisplayable.swift */; };
		0C0BB2AB1DC7351300B5CF4F /* SAIInputItem.swift in Sources */ = {isa = PBXBuildFile; fileRef = 0C0BB2A11DC7351300B5CF4F /* SAIInputItem.swift */; };
		0C0BB2AC1DC7351300B5CF4F /* SAIInputItemView.swift in Sources */ = {isa = PBXBuildFile; fileRef = 0C0BB2A21DC7351300B5CF4F /* SAIInputItemView.swift */; };
		0C0BB2AD1DC7351300B5CF4F /* SAIInputTextField.swift in Sources */ = {isa = PBXBuildFile; fileRef = 0C0BB2A31DC7351300B5CF4F /* SAIInputTextField.swift */; };
		0C0BB2AE1DC7351300B5CF4F /* SAIInputTextFieldItem.swift in Sources */ = {isa = PBXBuildFile; fileRef = 0C0BB2A41DC7351300B5CF4F /* SAIInputTextFieldItem.swift */; };
		0C0BB2AF1DC7351300B5CF4F /* SAIInputView.swift in Sources */ = {isa = PBXBuildFile; fileRef = 0C0BB2A51DC7351300B5CF4F /* SAIInputView.swift */; };
		0CBAADB91E2691A4008F72EE /* keyboard_audio_play_background@3x.png in Resources */ = {isa = PBXBuildFile; fileRef = 0CBAAD971E2691A4008F72EE /* keyboard_audio_play_background@3x.png */; };
		0CBAADBA1E2691A4008F72EE /* keyboard_audio_play_start_nor@3x.png in Resources */ = {isa = PBXBuildFile; fileRef = 0CBAAD981E2691A4008F72EE /* keyboard_audio_play_start_nor@3x.png */; };
		0CBAADBB1E2691A4008F72EE /* keyboard_audio_play_start_press@3x.png in Resources */ = {isa = PBXBuildFile; fileRef = 0CBAAD991E2691A4008F72EE /* keyboard_audio_play_start_press@3x.png */; };
		0CBAADBC1E2691A4008F72EE /* keyboard_audio_play_stop_nor@3x.png in Resources */ = {isa = PBXBuildFile; fileRef = 0CBAAD9A1E2691A4008F72EE /* keyboard_audio_play_stop_nor@3x.png */; };
		0CBAADBD1E2691A4008F72EE /* keyboard_audio_play_stop_press@3x.png in Resources */ = {isa = PBXBuildFile; fileRef = 0CBAAD9B1E2691A4008F72EE /* keyboard_audio_play_stop_press@3x.png */; };
		0CBAADBE1E2691A4008F72EE /* keyboard_audio_record_background@3x.png in Resources */ = {isa = PBXBuildFile; fileRef = 0CBAAD9C1E2691A4008F72EE /* keyboard_audio_record_background@3x.png */; };
		0CBAADBF1E2691A4008F72EE /* keyboard_audio_record_icon@3x.png in Resources */ = {isa = PBXBuildFile; fileRef = 0CBAAD9D1E2691A4008F72EE /* keyboard_audio_record_icon@3x.png */; };
		0CBAADC01E2691A4008F72EE /* keyboard_audio_record_nor@3x.png in Resources */ = {isa = PBXBuildFile; fileRef = 0CBAAD9E1E2691A4008F72EE /* keyboard_audio_record_nor@3x.png */; };
		0CBAADC11E2691A4008F72EE /* keyboard_audio_record_pres@3x.png in Resources */ = {isa = PBXBuildFile; fileRef = 0CBAAD9F1E2691A4008F72EE /* keyboard_audio_record_pres@3x.png */; };
		0CBAADC21E2691A4008F72EE /* keyboard_audio_record_start_nor@3x.png in Resources */ = {isa = PBXBuildFile; fileRef = 0CBAADA01E2691A4008F72EE /* keyboard_audio_record_start_nor@3x.png */; };
		0CBAADC31E2691A4008F72EE /* keyboard_audio_record_start_press@3x.png in Resources */ = {isa = PBXBuildFile; fileRef = 0CBAADA11E2691A4008F72EE /* keyboard_audio_record_start_press@3x.png */; };
		0CBAADC41E2691A4008F72EE /* keyboard_audio_record_stop_nor@3x.png in Resources */ = {isa = PBXBuildFile; fileRef = 0CBAADA21E2691A4008F72EE /* keyboard_audio_record_stop_nor@3x.png */; };
		0CBAADC51E2691A4008F72EE /* keyboard_audio_record_stop_press@3x.png in Resources */ = {isa = PBXBuildFile; fileRef = 0CBAADA31E2691A4008F72EE /* keyboard_audio_record_stop_press@3x.png */; };
		0CBAADC61E2691A4008F72EE /* keyboard_audio_simulate_effect_0@3x.png in Resources */ = {isa = PBXBuildFile; fileRef = 0CBAADA41E2691A4008F72EE /* keyboard_audio_simulate_effect_0@3x.png */; };
		0CBAADC71E2691A4008F72EE /* keyboard_audio_simulate_effect_1@3x.png in Resources */ = {isa = PBXBuildFile; fileRef = 0CBAADA51E2691A4008F72EE /* keyboard_audio_simulate_effect_1@3x.png */; };
		0CBAADC81E2691A4008F72EE /* keyboard_audio_simulate_effect_2@3x.png in Resources */ = {isa = PBXBuildFile; fileRef = 0CBAADA61E2691A4008F72EE /* keyboard_audio_simulate_effect_2@3x.png */; };
		0CBAADC91E2691A4008F72EE /* keyboard_audio_simulate_effect_3@3x.png in Resources */ = {isa = PBXBuildFile; fileRef = 0CBAADA71E2691A4008F72EE /* keyboard_audio_simulate_effect_3@3x.png */; };
		0CBAADCA1E2691A4008F72EE /* keyboard_audio_simulate_effect_4@3x.png in Resources */ = {isa = PBXBuildFile; fileRef = 0CBAADA81E2691A4008F72EE /* keyboard_audio_simulate_effect_4@3x.png */; };
		0CBAADCB1E2691A4008F72EE /* keyboard_audio_simulate_effect_5@3x.png in Resources */ = {isa = PBXBuildFile; fileRef = 0CBAADA91E2691A4008F72EE /* keyboard_audio_simulate_effect_5@3x.png */; };
		0CBAADCC1E2691A4008F72EE /* keyboard_audio_simulate_effect_press@3x.png in Resources */ = {isa = PBXBuildFile; fileRef = 0CBAADAA1E2691A4008F72EE /* keyboard_audio_simulate_effect_press@3x.png */; };
		0CBAADCD1E2691A4008F72EE /* keyboard_audio_simulate_effect_select@3x.png in Resources */ = {isa = PBXBuildFile; fileRef = 0CBAADAB1E2691A4008F72EE /* keyboard_audio_simulate_effect_select@3x.png */; };
		0CBAADCE1E2691A4008F72EE /* keyboard_audio_simulate_icon@3x.png in Resources */ = {isa = PBXBuildFile; fileRef = 0CBAADAC1E2691A4008F72EE /* keyboard_audio_simulate_icon@3x.png */; };
		0CBAADCF1E2691A4008F72EE /* keyboard_audio_simulate_text_select@3x.png in Resources */ = {isa = PBXBuildFile; fileRef = 0CBAADAD1E2691A4008F72EE /* keyboard_audio_simulate_text_select@3x.png */; };
		0CBAADD01E2691A4008F72EE /* keyboard_audio_toolbar_cancel_nor@2x.png in Resources */ = {isa = PBXBuildFile; fileRef = 0CBAADAE1E2691A4008F72EE /* keyboard_audio_toolbar_cancel_nor@2x.png */; };
		0CBAADD11E2691A4008F72EE /* keyboard_audio_toolbar_cancel_oress@2x.png in Resources */ = {isa = PBXBuildFile; fileRef = 0CBAADAF1E2691A4008F72EE /* keyboard_audio_toolbar_cancel_oress@2x.png */; };
		0CBAADD21E2691A4008F72EE /* keyboard_audio_toolbar_op_delete_nor@3x.png in Resources */ = {isa = PBXBuildFile; fileRef = 0CBAADB01E2691A4008F72EE /* keyboard_audio_toolbar_op_delete_nor@3x.png */; };
		0CBAADD31E2691A4008F72EE /* keyboard_audio_toolbar_op_delete_press@3x.png in Resources */ = {isa = PBXBuildFile; fileRef = 0CBAADB11E2691A4008F72EE /* keyboard_audio_toolbar_op_delete_press@3x.png */; };
		0CBAADD41E2691A4008F72EE /* keyboard_audio_toolbar_op_line@3x.png in Resources */ = {isa = PBXBuildFile; fileRef = 0CBAADB21E2691A4008F72EE /* keyboard_audio_toolbar_op_line@3x.png */; };
		0CBAADD51E2691A4008F72EE /* keyboard_audio_toolbar_op_listen_nor@3x.png in Resources */ = {isa = PBXBuildFile; fileRef = 0CBAADB31E2691A4008F72EE /* keyboard_audio_toolbar_op_listen_nor@3x.png */; };
		0CBAADD61E2691A4008F72EE /* keyboard_audio_toolbar_op_listen_press@3x.png in Resources */ = {isa = PBXBuildFile; fileRef = 0CBAADB41E2691A4008F72EE /* keyboard_audio_toolbar_op_listen_press@3x.png */; };
		0CBAADD71E2691A4008F72EE /* keyboard_audio_toolbar_op_nor@3x.png in Resources */ = {isa = PBXBuildFile; fileRef = 0CBAADB51E2691A4008F72EE /* keyboard_audio_toolbar_op_nor@3x.png */; };
		0CBAADD81E2691A4008F72EE /* keyboard_audio_toolbar_op_press@3x.png in Resources */ = {isa = PBXBuildFile; fileRef = 0CBAADB61E2691A4008F72EE /* keyboard_audio_toolbar_op_press@3x.png */; };
		0CBAADD91E2691A4008F72EE /* keyboard_audio_toolbar_send_nor@2x.png in Resources */ = {isa = PBXBuildFile; fileRef = 0CBAADB71E2691A4008F72EE /* keyboard_audio_toolbar_send_nor@2x.png */; };
		0CBAADDA1E2691A4008F72EE /* keyboard_audio_toolbar_send_press@2x.png in Resources */ = {isa = PBXBuildFile; fileRef = 0CBAADB81E2691A4008F72EE /* keyboard_audio_toolbar_send_press@2x.png */; };
		0CBAADEF1E269262008F72EE /* Logger.swift in Sources */ = {isa = PBXBuildFile; fileRef = 0CBAADEE1E269262008F72EE /* Logger.swift */; };
/* End PBXBuildFile section */

/* Begin PBXFileReference section */
		0C001A991DC739AD004A5F08 /* README.md */ = {isa = PBXFileReference; fileEncoding = 4; lastKnownFileType = net.daringfireball.markdown; path = README.md; sourceTree = "<group>"; };
		0C001A9C1DC73C25004A5F08 /* SAMedia.framework */ = {isa = PBXFileReference; lastKnownFileType = wrapper.framework; name = SAMedia.framework; path = "build/Debug-iphoneos/SAMedia.framework"; sourceTree = "<group>"; };
		0C001A9D1DC73C25004A5F08 /* SAPhotos.framework */ = {isa = PBXFileReference; lastKnownFileType = wrapper.framework; name = SAPhotos.framework; path = "build/Debug-iphoneos/SAPhotos.framework"; sourceTree = "<group>"; };
		0C001AA01DC741FA004A5F08 /* SAMedia.framework */ = {isa = PBXFileReference; lastKnownFileType = wrapper.framework; name = SAMedia.framework; path = "../../../Library/Developer/Xcode/DerivedData/Projects-ftedyhxnutwhngeypglfuwkpqpam/Build/Products/Debug-iphonesimulator/SAMedia.framework"; sourceTree = "<group>"; };
		0C001AA11DC741FA004A5F08 /* SAPhotos.framework */ = {isa = PBXFileReference; lastKnownFileType = wrapper.framework; name = SAPhotos.framework; path = "../../../Library/Developer/Xcode/DerivedData/Projects-ftedyhxnutwhngeypglfuwkpqpam/Build/Products/Debug-iphonesimulator/SAPhotos.framework"; sourceTree = "<group>"; };
		0C0BB0281DC72CFB00B5CF4F /* SAInput.framework */ = {isa = PBXFileReference; explicitFileType = wrapper.framework; includeInIndex = 0; path = SAInput.framework; sourceTree = BUILT_PRODUCTS_DIR; };
		0C0BB02B1DC72CFB00B5CF4F /* SAInput.h */ = {isa = PBXFileReference; lastKnownFileType = sourcecode.c.h; path = SAInput.h; sourceTree = "<group>"; };
		0C0BB02C1DC72CFB00B5CF4F /* Info.plist */ = {isa = PBXFileReference; lastKnownFileType = text.plist.xml; path = Info.plist; sourceTree = "<group>"; };
		0C0BB2371DC732DB00B5CF4F /* NSLayoutConstraint+Input.swift */ = {isa = PBXFileReference; fileEncoding = 4; lastKnownFileType = sourcecode.swift; path = "NSLayoutConstraint+Input.swift"; sourceTree = "<group>"; };
		0C0BB2381DC732DB00B5CF4F /* UIImage+Input.swift */ = {isa = PBXFileReference; fileEncoding = 4; lastKnownFileType = sourcecode.swift; path = "UIImage+Input.swift"; sourceTree = "<group>"; };
		0C0BB2481DC734B000B5CF4F /* SAIAudioEffect.swift */ = {isa = PBXFileReference; fileEncoding = 4; lastKnownFileType = sourcecode.swift; path = SAIAudioEffect.swift; sourceTree = "<group>"; };
		0C0BB2491DC734B000B5CF4F /* SAIAudioEffectView.swift */ = {isa = PBXFileReference; fileEncoding = 4; lastKnownFileType = sourcecode.swift; path = SAIAudioEffectView.swift; sourceTree = "<group>"; };
		0C0BB24A1DC734B000B5CF4F /* SAIAudioInputView.swift */ = {isa = PBXFileReference; fileEncoding = 4; lastKnownFileType = sourcecode.swift; path = SAIAudioInputView.swift; sourceTree = "<group>"; };
		0C0BB24B1DC734B000B5CF4F /* SAIAudioInputViewLayout.swift */ = {isa = PBXFileReference; fileEncoding = 4; lastKnownFileType = sourcecode.swift; path = SAIAudioInputViewLayout.swift; sourceTree = "<group>"; };
		0C0BB24C1DC734B000B5CF4F /* SAIAudioPlayButton.swift */ = {isa = PBXFileReference; fileEncoding = 4; lastKnownFileType = sourcecode.swift; path = SAIAudioPlayButton.swift; sourceTree = "<group>"; };
		0C0BB24E1DC734B000B5CF4F /* SAIAudioPlayToolbar.swift */ = {isa = PBXFileReference; fileEncoding = 4; lastKnownFileType = sourcecode.swift; path = SAIAudioPlayToolbar.swift; sourceTree = "<group>"; };
		0C0BB24F1DC734B000B5CF4F /* SAIAudioRecordButton.swift */ = {isa = PBXFileReference; fileEncoding = 4; lastKnownFileType = sourcecode.swift; path = SAIAudioRecordButton.swift; sourceTree = "<group>"; };
		0C0BB2511DC734B000B5CF4F /* SAIAudioRecordToolbar.swift */ = {isa = PBXFileReference; fileEncoding = 4; lastKnownFileType = sourcecode.swift; path = SAIAudioRecordToolbar.swift; sourceTree = "<group>"; };
		0C0BB2521DC734B000B5CF4F /* SAIAudioRecordView.swift */ = {isa = PBXFileReference; fileEncoding = 4; lastKnownFileType = sourcecode.swift; path = SAIAudioRecordView.swift; sourceTree = "<group>"; };
		0C0BB2531DC734B000B5CF4F /* SAIAudioSession.swift */ = {isa = PBXFileReference; fileEncoding = 4; lastKnownFileType = sourcecode.swift; path = SAIAudioSession.swift; sourceTree = "<group>"; };
		0C0BB2541DC734B000B5CF4F /* SAIAudioSimulateView.swift */ = {isa = PBXFileReference; fileEncoding = 4; lastKnownFileType = sourcecode.swift; path = SAIAudioSimulateView.swift; sourceTree = "<group>"; };
		0C0BB2551DC734B000B5CF4F /* SAIAudioSpectrumMiniView.swift */ = {isa = PBXFileReference; fileEncoding = 4; lastKnownFileType = sourcecode.swift; path = SAIAudioSpectrumMiniView.swift; sourceTree = "<group>"; };
		0C0BB2561DC734B000B5CF4F /* SAIAudioSpectrumView.swift */ = {isa = PBXFileReference; fileEncoding = 4; lastKnownFileType = sourcecode.swift; path = SAIAudioSpectrumView.swift; sourceTree = "<group>"; };
		0C0BB2571DC734B000B5CF4F /* SAIAudioStatus.swift */ = {isa = PBXFileReference; fileEncoding = 4; lastKnownFileType = sourcecode.swift; path = SAIAudioStatus.swift; sourceTree = "<group>"; };
		0C0BB2581DC734B000B5CF4F /* SAIAudioStatusView.swift */ = {isa = PBXFileReference; fileEncoding = 4; lastKnownFileType = sourcecode.swift; path = SAIAudioStatusView.swift; sourceTree = "<group>"; };
		0C0BB2591DC734B000B5CF4F /* SAIAudioTabbar.swift */ = {isa = PBXFileReference; fileEncoding = 4; lastKnownFileType = sourcecode.swift; path = SAIAudioTabbar.swift; sourceTree = "<group>"; };
		0C0BB25A1DC734B000B5CF4F /* SAIAudioTalkbackView.swift */ = {isa = PBXFileReference; fileEncoding = 4; lastKnownFileType = sourcecode.swift; path = SAIAudioTalkbackView.swift; sourceTree = "<group>"; };
		0C0BB25B1DC734B000B5CF4F /* SAIAudioView.swift */ = {isa = PBXFileReference; fileEncoding = 4; lastKnownFileType = sourcecode.swift; path = SAIAudioView.swift; sourceTree = "<group>"; };
		0C0BB25D1DC734B000B5CF4F /* SAIEmoticon.swift */ = {isa = PBXFileReference; fileEncoding = 4; lastKnownFileType = sourcecode.swift; path = SAIEmoticon.swift; sourceTree = "<group>"; };
		0C0BB25E1DC734B000B5CF4F /* SAIEmoticonBackgroundView.swift */ = {isa = PBXFileReference; fileEncoding = 4; lastKnownFileType = sourcecode.swift; path = SAIEmoticonBackgroundView.swift; sourceTree = "<group>"; };
		0C0BB25F1DC734B000B5CF4F /* SAIEmoticonGroup.swift */ = {isa = PBXFileReference; fileEncoding = 4; lastKnownFileType = sourcecode.swift; path = SAIEmoticonGroup.swift; sourceTree = "<group>"; };
		0C0BB2601DC734B000B5CF4F /* SAIEmoticonInputView.swift */ = {isa = PBXFileReference; fileEncoding = 4; lastKnownFileType = sourcecode.swift; path = SAIEmoticonInputView.swift; sourceTree = "<group>"; };
		0C0BB2611DC734B000B5CF4F /* SAIEmoticonInputViewLayout.swift */ = {isa = PBXFileReference; fileEncoding = 4; lastKnownFileType = sourcecode.swift; path = SAIEmoticonInputViewLayout.swift; sourceTree = "<group>"; };
		0C0BB2621DC734B000B5CF4F /* SAIEmoticonLine.swift */ = {isa = PBXFileReference; fileEncoding = 4; lastKnownFileType = sourcecode.swift; path = SAIEmoticonLine.swift; sourceTree = "<group>"; };
		0C0BB2631DC734B000B5CF4F /* SAIEmoticonPage.swift */ = {isa = PBXFileReference; fileEncoding = 4; lastKnownFileType = sourcecode.swift; path = SAIEmoticonPage.swift; sourceTree = "<group>"; };
		0C0BB2641DC734B000B5CF4F /* SAIEmoticonPageView.swift */ = {isa = PBXFileReference; fileEncoding = 4; lastKnownFileType = sourcecode.swift; path = SAIEmoticonPageView.swift; sourceTree = "<group>"; };
		0C0BB2651DC734B000B5CF4F /* SAIEmoticonPreviewer.swift */ = {isa = PBXFileReference; fileEncoding = 4; lastKnownFileType = sourcecode.swift; path = SAIEmoticonPreviewer.swift; sourceTree = "<group>"; };
		0C0BB2661DC734B000B5CF4F /* SAIEmoticonTabItemView.swift */ = {isa = PBXFileReference; fileEncoding = 4; lastKnownFileType = sourcecode.swift; path = SAIEmoticonTabItemView.swift; sourceTree = "<group>"; };
		0C0BB2681DC734B000B5CF4F /* SAIPhotoInputView.swift */ = {isa = PBXFileReference; fileEncoding = 4; lastKnownFileType = sourcecode.swift; path = SAIPhotoInputView.swift; sourceTree = "<group>"; };
		0C0BB26A1DC734B000B5CF4F /* SAIToolboxInputView.swift */ = {isa = PBXFileReference; fileEncoding = 4; lastKnownFileType = sourcecode.swift; path = SAIToolboxInputView.swift; sourceTree = "<group>"; };
		0C0BB26B1DC734B000B5CF4F /* SAIToolboxInputViewLayout.swift */ = {isa = PBXFileReference; fileEncoding = 4; lastKnownFileType = sourcecode.swift; path = SAIToolboxInputViewLayout.swift; sourceTree = "<group>"; };
		0C0BB26C1DC734B000B5CF4F /* SAIToolboxItem.swift */ = {isa = PBXFileReference; fileEncoding = 4; lastKnownFileType = sourcecode.swift; path = SAIToolboxItem.swift; sourceTree = "<group>"; };
		0C0BB26D1DC734B000B5CF4F /* SAIToolboxItemView.swift */ = {isa = PBXFileReference; fileEncoding = 4; lastKnownFileType = sourcecode.swift; path = SAIToolboxItemView.swift; sourceTree = "<group>"; };
		0C0BB29C1DC7351300B5CF4F /* SAIInputAccessoryView.swift */ = {isa = PBXFileReference; fileEncoding = 4; lastKnownFileType = sourcecode.swift; path = SAIInputAccessoryView.swift; sourceTree = "<group>"; };
		0C0BB29D1DC7351300B5CF4F /* SAIInputAccessoryViewLayout.swift */ = {isa = PBXFileReference; fileEncoding = 4; lastKnownFileType = sourcecode.swift; path = SAIInputAccessoryViewLayout.swift; sourceTree = "<group>"; };
		0C0BB29E1DC7351300B5CF4F /* SAIInputBackgroundView.swift */ = {isa = PBXFileReference; fileEncoding = 4; lastKnownFileType = sourcecode.swift; path = SAIInputBackgroundView.swift; sourceTree = "<group>"; };
		0C0BB29F1DC7351300B5CF4F /* SAIInputBar.swift */ = {isa = PBXFileReference; fileEncoding = 4; lastKnownFileType = sourcecode.swift; path = SAIInputBar.swift; sourceTree = "<group>"; };
		0C0BB2A01DC7351300B5CF4F /* SAIInputBarDisplayable.swift */ = {isa = PBXFileReference; fileEncoding = 4; lastKnownFileType = sourcecode.swift; path = SAIInputBarDisplayable.swift; sourceTree = "<group>"; };
		0C0BB2A11DC7351300B5CF4F /* SAIInputItem.swift */ = {isa = PBXFileReference; fileEncoding = 4; lastKnownFileType = sourcecode.swift; path = SAIInputItem.swift; sourceTree = "<group>"; };
		0C0BB2A21DC7351300B5CF4F /* SAIInputItemView.swift */ = {isa = PBXFileReference; fileEncoding = 4; lastKnownFileType = sourcecode.swift; path = SAIInputItemView.swift; sourceTree = "<group>"; };
		0C0BB2A31DC7351300B5CF4F /* SAIInputTextField.swift */ = {isa = PBXFileReference; fileEncoding = 4; lastKnownFileType = sourcecode.swift; path = SAIInputTextField.swift; sourceTree = "<group>"; };
		0C0BB2A41DC7351300B5CF4F /* SAIInputTextFieldItem.swift */ = {isa = PBXFileReference; fileEncoding = 4; lastKnownFileType = sourcecode.swift; path = SAIInputTextFieldItem.swift; sourceTree = "<group>"; };
		0C0BB2A51DC7351300B5CF4F /* SAIInputView.swift */ = {isa = PBXFileReference; fileEncoding = 4; lastKnownFileType = sourcecode.swift; path = SAIInputView.swift; sourceTree = "<group>"; };
		0CBAAD971E2691A4008F72EE /* keyboard_audio_play_background@3x.png */ = {isa = PBXFileReference; lastKnownFileType = image.png; path = "keyboard_audio_play_background@3x.png"; sourceTree = "<group>"; };
		0CBAAD981E2691A4008F72EE /* keyboard_audio_play_start_nor@3x.png */ = {isa = PBXFileReference; lastKnownFileType = image.png; path = "keyboard_audio_play_start_nor@3x.png"; sourceTree = "<group>"; };
		0CBAAD991E2691A4008F72EE /* keyboard_audio_play_start_press@3x.png */ = {isa = PBXFileReference; lastKnownFileType = image.png; path = "keyboard_audio_play_start_press@3x.png"; sourceTree = "<group>"; };
		0CBAAD9A1E2691A4008F72EE /* keyboard_audio_play_stop_nor@3x.png */ = {isa = PBXFileReference; lastKnownFileType = image.png; path = "keyboard_audio_play_stop_nor@3x.png"; sourceTree = "<group>"; };
		0CBAAD9B1E2691A4008F72EE /* keyboard_audio_play_stop_press@3x.png */ = {isa = PBXFileReference; lastKnownFileType = image.png; path = "keyboard_audio_play_stop_press@3x.png"; sourceTree = "<group>"; };
		0CBAAD9C1E2691A4008F72EE /* keyboard_audio_record_background@3x.png */ = {isa = PBXFileReference; lastKnownFileType = image.png; path = "keyboard_audio_record_background@3x.png"; sourceTree = "<group>"; };
		0CBAAD9D1E2691A4008F72EE /* keyboard_audio_record_icon@3x.png */ = {isa = PBXFileReference; lastKnownFileType = image.png; path = "keyboard_audio_record_icon@3x.png"; sourceTree = "<group>"; };
		0CBAAD9E1E2691A4008F72EE /* keyboard_audio_record_nor@3x.png */ = {isa = PBXFileReference; lastKnownFileType = image.png; path = "keyboard_audio_record_nor@3x.png"; sourceTree = "<group>"; };
		0CBAAD9F1E2691A4008F72EE /* keyboard_audio_record_pres@3x.png */ = {isa = PBXFileReference; lastKnownFileType = image.png; path = "keyboard_audio_record_pres@3x.png"; sourceTree = "<group>"; };
		0CBAADA01E2691A4008F72EE /* keyboard_audio_record_start_nor@3x.png */ = {isa = PBXFileReference; lastKnownFileType = image.png; path = "keyboard_audio_record_start_nor@3x.png"; sourceTree = "<group>"; };
		0CBAADA11E2691A4008F72EE /* keyboard_audio_record_start_press@3x.png */ = {isa = PBXFileReference; lastKnownFileType = image.png; path = "keyboard_audio_record_start_press@3x.png"; sourceTree = "<group>"; };
		0CBAADA21E2691A4008F72EE /* keyboard_audio_record_stop_nor@3x.png */ = {isa = PBXFileReference; lastKnownFileType = image.png; path = "keyboard_audio_record_stop_nor@3x.png"; sourceTree = "<group>"; };
		0CBAADA31E2691A4008F72EE /* keyboard_audio_record_stop_press@3x.png */ = {isa = PBXFileReference; lastKnownFileType = image.png; path = "keyboard_audio_record_stop_press@3x.png"; sourceTree = "<group>"; };
		0CBAADA41E2691A4008F72EE /* keyboard_audio_simulate_effect_0@3x.png */ = {isa = PBXFileReference; lastKnownFileType = image.png; path = "keyboard_audio_simulate_effect_0@3x.png"; sourceTree = "<group>"; };
		0CBAADA51E2691A4008F72EE /* keyboard_audio_simulate_effect_1@3x.png */ = {isa = PBXFileReference; lastKnownFileType = image.png; path = "keyboard_audio_simulate_effect_1@3x.png"; sourceTree = "<group>"; };
		0CBAADA61E2691A4008F72EE /* keyboard_audio_simulate_effect_2@3x.png */ = {isa = PBXFileReference; lastKnownFileType = image.png; path = "keyboard_audio_simulate_effect_2@3x.png"; sourceTree = "<group>"; };
		0CBAADA71E2691A4008F72EE /* keyboard_audio_simulate_effect_3@3x.png */ = {isa = PBXFileReference; lastKnownFileType = image.png; path = "keyboard_audio_simulate_effect_3@3x.png"; sourceTree = "<group>"; };
		0CBAADA81E2691A4008F72EE /* keyboard_audio_simulate_effect_4@3x.png */ = {isa = PBXFileReference; lastKnownFileType = image.png; path = "keyboard_audio_simulate_effect_4@3x.png"; sourceTree = "<group>"; };
		0CBAADA91E2691A4008F72EE /* keyboard_audio_simulate_effect_5@3x.png */ = {isa = PBXFileReference; lastKnownFileType = image.png; path = "keyboard_audio_simulate_effect_5@3x.png"; sourceTree = "<group>"; };
		0CBAADAA1E2691A4008F72EE /* keyboard_audio_simulate_effect_press@3x.png */ = {isa = PBXFileReference; lastKnownFileType = image.png; path = "keyboard_audio_simulate_effect_press@3x.png"; sourceTree = "<group>"; };
		0CBAADAB1E2691A4008F72EE /* keyboard_audio_simulate_effect_select@3x.png */ = {isa = PBXFileReference; lastKnownFileType = image.png; path = "keyboard_audio_simulate_effect_select@3x.png"; sourceTree = "<group>"; };
		0CBAADAC1E2691A4008F72EE /* keyboard_audio_simulate_icon@3x.png */ = {isa = PBXFileReference; lastKnownFileType = image.png; path = "keyboard_audio_simulate_icon@3x.png"; sourceTree = "<group>"; };
		0CBAADAD1E2691A4008F72EE /* keyboard_audio_simulate_text_select@3x.png */ = {isa = PBXFileReference; lastKnownFileType = image.png; path = "keyboard_audio_simulate_text_select@3x.png"; sourceTree = "<group>"; };
		0CBAADAE1E2691A4008F72EE /* keyboard_audio_toolbar_cancel_nor@2x.png */ = {isa = PBXFileReference; lastKnownFileType = image.png; path = "keyboard_audio_toolbar_cancel_nor@2x.png"; sourceTree = "<group>"; };
		0CBAADAF1E2691A4008F72EE /* keyboard_audio_toolbar_cancel_oress@2x.png */ = {isa = PBXFileReference; lastKnownFileType = image.png; path = "keyboard_audio_toolbar_cancel_oress@2x.png"; sourceTree = "<group>"; };
		0CBAADB01E2691A4008F72EE /* keyboard_audio_toolbar_op_delete_nor@3x.png */ = {isa = PBXFileReference; lastKnownFileType = image.png; path = "keyboard_audio_toolbar_op_delete_nor@3x.png"; sourceTree = "<group>"; };
		0CBAADB11E2691A4008F72EE /* keyboard_audio_toolbar_op_delete_press@3x.png */ = {isa = PBXFileReference; lastKnownFileType = image.png; path = "keyboard_audio_toolbar_op_delete_press@3x.png"; sourceTree = "<group>"; };
		0CBAADB21E2691A4008F72EE /* keyboard_audio_toolbar_op_line@3x.png */ = {isa = PBXFileReference; lastKnownFileType = image.png; path = "keyboard_audio_toolbar_op_line@3x.png"; sourceTree = "<group>"; };
		0CBAADB31E2691A4008F72EE /* keyboard_audio_toolbar_op_listen_nor@3x.png */ = {isa = PBXFileReference; lastKnownFileType = image.png; path = "keyboard_audio_toolbar_op_listen_nor@3x.png"; sourceTree = "<group>"; };
		0CBAADB41E2691A4008F72EE /* keyboard_audio_toolbar_op_listen_press@3x.png */ = {isa = PBXFileReference; lastKnownFileType = image.png; path = "keyboard_audio_toolbar_op_listen_press@3x.png"; sourceTree = "<group>"; };
		0CBAADB51E2691A4008F72EE /* keyboard_audio_toolbar_op_nor@3x.png */ = {isa = PBXFileReference; lastKnownFileType = image.png; path = "keyboard_audio_toolbar_op_nor@3x.png"; sourceTree = "<group>"; };
		0CBAADB61E2691A4008F72EE /* keyboard_audio_toolbar_op_press@3x.png */ = {isa = PBXFileReference; lastKnownFileType = image.png; path = "keyboard_audio_toolbar_op_press@3x.png"; sourceTree = "<group>"; };
		0CBAADB71E2691A4008F72EE /* keyboard_audio_toolbar_send_nor@2x.png */ = {isa = PBXFileReference; lastKnownFileType = image.png; path = "keyboard_audio_toolbar_send_nor@2x.png"; sourceTree = "<group>"; };
		0CBAADB81E2691A4008F72EE /* keyboard_audio_toolbar_send_press@2x.png */ = {isa = PBXFileReference; lastKnownFileType = image.png; path = "keyboard_audio_toolbar_send_press@2x.png"; sourceTree = "<group>"; };
		0CBAADEE1E269262008F72EE /* Logger.swift */ = {isa = PBXFileReference; fileEncoding = 4; lastKnownFileType = sourcecode.swift; name = Logger.swift; path = ../../Librarys/Logger.swift; sourceTree = "<group>"; };
/* End PBXFileReference section */

/* Begin PBXFrameworksBuildPhase section */
		0C0BB0241DC72CFB00B5CF4F /* Frameworks */ = {
			isa = PBXFrameworksBuildPhase;
			buildActionMask = 2147483647;
			files = (
				0C001AA21DC741FA004A5F08 /* SAMedia.framework in Frameworks */,
				0C001AA31DC741FA004A5F08 /* SAPhotos.framework in Frameworks */,
			);
			runOnlyForDeploymentPostprocessing = 0;
		};
/* End PBXFrameworksBuildPhase section */

/* Begin PBXGroup section */
		0C001A9B1DC73C25004A5F08 /* Frameworks */ = {
			isa = PBXGroup;
			children = (
				0C001AA01DC741FA004A5F08 /* SAMedia.framework */,
				0C001AA11DC741FA004A5F08 /* SAPhotos.framework */,
				0C001A9C1DC73C25004A5F08 /* SAMedia.framework */,
				0C001A9D1DC73C25004A5F08 /* SAPhotos.framework */,
			);
			name = Frameworks;
			sourceTree = "<group>";
		};
		0C0BB01E1DC72CFB00B5CF4F = {
			isa = PBXGroup;
			children = (
				0C0BB29B1DC7351300B5CF4F /* InputBar */,
				0C0BB2461DC734B000B5CF4F /* InputView */,
				0CBAAD961E2691A4008F72EE /* Resources */,
				0C0BB2361DC732DB00B5CF4F /* UIKit+Photos */,
				0C0BB02A1DC72CFB00B5CF4F /* Supporting Files */,
				0C0BB0291DC72CFB00B5CF4F /* Products */,
				0C001A9B1DC73C25004A5F08 /* Frameworks */,
			);
			sourceTree = "<group>";
		};
		0C0BB0291DC72CFB00B5CF4F /* Products */ = {
			isa = PBXGroup;
			children = (
				0C0BB0281DC72CFB00B5CF4F /* SAInput.framework */,
			);
			name = Products;
			sourceTree = "<group>";
		};
		0C0BB02A1DC72CFB00B5CF4F /* Supporting Files */ = {
			isa = PBXGroup;
			children = (
				0CBAADEE1E269262008F72EE /* Logger.swift */,
				0C001A991DC739AD004A5F08 /* README.md */,
				0C0BB02B1DC72CFB00B5CF4F /* SAInput.h */,
				0C0BB02C1DC72CFB00B5CF4F /* Info.plist */,
			);
			name = "Supporting Files";
			path = SAInput;
			sourceTree = "<group>";
		};
		0C0BB2361DC732DB00B5CF4F /* UIKit+Photos */ = {
			isa = PBXGroup;
			children = (
				0C0BB2371DC732DB00B5CF4F /* NSLayoutConstraint+Input.swift */,
				0C0BB2381DC732DB00B5CF4F /* UIImage+Input.swift */,
			);
			name = "UIKit+Photos";
			path = "../Classes/Input/UIKit+Photos";
			sourceTree = "<group>";
		};
		0C0BB2461DC734B000B5CF4F /* InputView */ = {
			isa = PBXGroup;
			children = (
				0C0BB2471DC734B000B5CF4F /* Audio */,
				0C0BB25C1DC734B000B5CF4F /* Emoticon */,
				0C0BB2671DC734B000B5CF4F /* Photo */,
				0C0BB2691DC734B000B5CF4F /* Toolbox */,
			);
			name = InputView;
			path = ../Classes/Input/InputView;
			sourceTree = "<group>";
		};
		0C0BB2471DC734B000B5CF4F /* Audio */ = {
			isa = PBXGroup;
			children = (
				0C0BB2481DC734B000B5CF4F /* SAIAudioEffect.swift */,
				0C0BB2491DC734B000B5CF4F /* SAIAudioEffectView.swift */,
				0C0BB24B1DC734B000B5CF4F /* SAIAudioInputViewLayout.swift */,
				0C0BB24C1DC734B000B5CF4F /* SAIAudioPlayButton.swift */,
				0C0BB24E1DC734B000B5CF4F /* SAIAudioPlayToolbar.swift */,
				0C0BB24F1DC734B000B5CF4F /* SAIAudioRecordButton.swift */,
				0C0BB2511DC734B000B5CF4F /* SAIAudioRecordToolbar.swift */,
				0C0BB2521DC734B000B5CF4F /* SAIAudioRecordView.swift */,
				0C0BB2531DC734B000B5CF4F /* SAIAudioSession.swift */,
				0C0BB2541DC734B000B5CF4F /* SAIAudioSimulateView.swift */,
				0C0BB2551DC734B000B5CF4F /* SAIAudioSpectrumMiniView.swift */,
				0C0BB2561DC734B000B5CF4F /* SAIAudioSpectrumView.swift */,
				0C0BB2571DC734B000B5CF4F /* SAIAudioStatus.swift */,
				0C0BB2581DC734B000B5CF4F /* SAIAudioStatusView.swift */,
				0C0BB2591DC734B000B5CF4F /* SAIAudioTabbar.swift */,
				0C0BB25A1DC734B000B5CF4F /* SAIAudioTalkbackView.swift */,
				0C0BB25B1DC734B000B5CF4F /* SAIAudioView.swift */,
				0C0BB24A1DC734B000B5CF4F /* SAIAudioInputView.swift */,
			);
			path = Audio;
			sourceTree = "<group>";
		};
		0C0BB25C1DC734B000B5CF4F /* Emoticon */ = {
			isa = PBXGroup;
			children = (
				0C0BB25D1DC734B000B5CF4F /* SAIEmoticon.swift */,
				0C0BB25E1DC734B000B5CF4F /* SAIEmoticonBackgroundView.swift */,
				0C0BB25F1DC734B000B5CF4F /* SAIEmoticonGroup.swift */,
				0C0BB2601DC734B000B5CF4F /* SAIEmoticonInputView.swift */,
				0C0BB2611DC734B000B5CF4F /* SAIEmoticonInputViewLayout.swift */,
				0C0BB2621DC734B000B5CF4F /* SAIEmoticonLine.swift */,
				0C0BB2631DC734B000B5CF4F /* SAIEmoticonPage.swift */,
				0C0BB2641DC734B000B5CF4F /* SAIEmoticonPageView.swift */,
				0C0BB2651DC734B000B5CF4F /* SAIEmoticonPreviewer.swift */,
				0C0BB2661DC734B000B5CF4F /* SAIEmoticonTabItemView.swift */,
			);
			path = Emoticon;
			sourceTree = "<group>";
		};
		0C0BB2671DC734B000B5CF4F /* Photo */ = {
			isa = PBXGroup;
			children = (
				0C0BB2681DC734B000B5CF4F /* SAIPhotoInputView.swift */,
			);
			path = Photo;
			sourceTree = "<group>";
		};
		0C0BB2691DC734B000B5CF4F /* Toolbox */ = {
			isa = PBXGroup;
			children = (
				0C0BB26A1DC734B000B5CF4F /* SAIToolboxInputView.swift */,
				0C0BB26B1DC734B000B5CF4F /* SAIToolboxInputViewLayout.swift */,
				0C0BB26C1DC734B000B5CF4F /* SAIToolboxItem.swift */,
				0C0BB26D1DC734B000B5CF4F /* SAIToolboxItemView.swift */,
			);
			path = Toolbox;
			sourceTree = "<group>";
		};
		0C0BB29B1DC7351300B5CF4F /* InputBar */ = {
			isa = PBXGroup;
			children = (
				0C0BB29F1DC7351300B5CF4F /* SAIInputBar.swift */,
				0C0BB2A01DC7351300B5CF4F /* SAIInputBarDisplayable.swift */,
				0C0BB2A11DC7351300B5CF4F /* SAIInputItem.swift */,
				0C0BB2A21DC7351300B5CF4F /* SAIInputItemView.swift */,
				0C0BB2A51DC7351300B5CF4F /* SAIInputView.swift */,
				0C0BB29C1DC7351300B5CF4F /* SAIInputAccessoryView.swift */,
				0C0BB29D1DC7351300B5CF4F /* SAIInputAccessoryViewLayout.swift */,
				0C0BB2A31DC7351300B5CF4F /* SAIInputTextField.swift */,
				0C0BB2A41DC7351300B5CF4F /* SAIInputTextFieldItem.swift */,
				0C0BB29E1DC7351300B5CF4F /* SAIInputBackgroundView.swift */,
			);
			name = InputBar;
			path = ../Classes/Input/InputBar;
			sourceTree = "<group>";
		};
		0CBAAD961E2691A4008F72EE /* Resources */ = {
			isa = PBXGroup;
			children = (
				0CBAAD971E2691A4008F72EE /* keyboard_audio_play_background@3x.png */,
				0CBAAD981E2691A4008F72EE /* keyboard_audio_play_start_nor@3x.png */,
				0CBAAD991E2691A4008F72EE /* keyboard_audio_play_start_press@3x.png */,
				0CBAAD9A1E2691A4008F72EE /* keyboard_audio_play_stop_nor@3x.png */,
				0CBAAD9B1E2691A4008F72EE /* keyboard_audio_play_stop_press@3x.png */,
				0CBAAD9C1E2691A4008F72EE /* keyboard_audio_record_background@3x.png */,
				0CBAAD9D1E2691A4008F72EE /* keyboard_audio_record_icon@3x.png */,
				0CBAAD9E1E2691A4008F72EE /* keyboard_audio_record_nor@3x.png */,
				0CBAAD9F1E2691A4008F72EE /* keyboard_audio_record_pres@3x.png */,
				0CBAADA01E2691A4008F72EE /* keyboard_audio_record_start_nor@3x.png */,
				0CBAADA11E2691A4008F72EE /* keyboard_audio_record_start_press@3x.png */,
				0CBAADA21E2691A4008F72EE /* keyboard_audio_record_stop_nor@3x.png */,
				0CBAADA31E2691A4008F72EE /* keyboard_audio_record_stop_press@3x.png */,
				0CBAADA41E2691A4008F72EE /* keyboard_audio_simulate_effect_0@3x.png */,
				0CBAADA51E2691A4008F72EE /* keyboard_audio_simulate_effect_1@3x.png */,
				0CBAADA61E2691A4008F72EE /* keyboard_audio_simulate_effect_2@3x.png */,
				0CBAADA71E2691A4008F72EE /* keyboard_audio_simulate_effect_3@3x.png */,
				0CBAADA81E2691A4008F72EE /* keyboard_audio_simulate_effect_4@3x.png */,
				0CBAADA91E2691A4008F72EE /* keyboard_audio_simulate_effect_5@3x.png */,
				0CBAADAA1E2691A4008F72EE /* keyboard_audio_simulate_effect_press@3x.png */,
				0CBAADAB1E2691A4008F72EE /* keyboard_audio_simulate_effect_select@3x.png */,
				0CBAADAC1E2691A4008F72EE /* keyboard_audio_simulate_icon@3x.png */,
				0CBAADAD1E2691A4008F72EE /* keyboard_audio_simulate_text_select@3x.png */,
				0CBAADAE1E2691A4008F72EE /* keyboard_audio_toolbar_cancel_nor@2x.png */,
				0CBAADAF1E2691A4008F72EE /* keyboard_audio_toolbar_cancel_oress@2x.png */,
				0CBAADB01E2691A4008F72EE /* keyboard_audio_toolbar_op_delete_nor@3x.png */,
				0CBAADB11E2691A4008F72EE /* keyboard_audio_toolbar_op_delete_press@3x.png */,
				0CBAADB21E2691A4008F72EE /* keyboard_audio_toolbar_op_line@3x.png */,
				0CBAADB31E2691A4008F72EE /* keyboard_audio_toolbar_op_listen_nor@3x.png */,
				0CBAADB41E2691A4008F72EE /* keyboard_audio_toolbar_op_listen_press@3x.png */,
				0CBAADB51E2691A4008F72EE /* keyboard_audio_toolbar_op_nor@3x.png */,
				0CBAADB61E2691A4008F72EE /* keyboard_audio_toolbar_op_press@3x.png */,
				0CBAADB71E2691A4008F72EE /* keyboard_audio_toolbar_send_nor@2x.png */,
				0CBAADB81E2691A4008F72EE /* keyboard_audio_toolbar_send_press@2x.png */,
			);
			name = Resources;
			path = ../Classes/Input/Resources;
			sourceTree = "<group>";
		};
/* End PBXGroup section */

/* Begin PBXHeadersBuildPhase section */
		0C0BB0251DC72CFB00B5CF4F /* Headers */ = {
			isa = PBXHeadersBuildPhase;
			buildActionMask = 2147483647;
			files = (
				0C0BB02D1DC72CFB00B5CF4F /* SAInput.h in Headers */,
			);
			runOnlyForDeploymentPostprocessing = 0;
		};
/* End PBXHeadersBuildPhase section */

/* Begin PBXNativeTarget section */
		0C0BB0271DC72CFB00B5CF4F /* SAInput */ = {
			isa = PBXNativeTarget;
			buildConfigurationList = 0C0BB0301DC72CFB00B5CF4F /* Build configuration list for PBXNativeTarget "SAInput" */;
			buildPhases = (
				0C0BB0231DC72CFB00B5CF4F /* Sources */,
				0C0BB0241DC72CFB00B5CF4F /* Frameworks */,
				0C0BB0251DC72CFB00B5CF4F /* Headers */,
				0C0BB0261DC72CFB00B5CF4F /* Resources */,
			);
			buildRules = (
			);
			dependencies = (
			);
			name = SAInput;
			productName = SAInput;
			productReference = 0C0BB0281DC72CFB00B5CF4F /* SAInput.framework */;
			productType = "com.apple.product-type.framework";
		};
/* End PBXNativeTarget section */

/* Begin PBXProject section */
		0C0BB01F1DC72CFB00B5CF4F /* Project object */ = {
			isa = PBXProject;
			attributes = {
				CLASSPREFIX = SAI;
				LastUpgradeCheck = 0800;
				ORGANIZATIONNAME = SAGESSE;
				TargetAttributes = {
					0C0BB0271DC72CFB00B5CF4F = {
						CreatedOnToolsVersion = 8.0;
						DevelopmentTeam = FN2B5W3WWQ;
						ProvisioningStyle = Automatic;
					};
				};
			};
			buildConfigurationList = 0C0BB0221DC72CFB00B5CF4F /* Build configuration list for PBXProject "SAInput" */;
			compatibilityVersion = "Xcode 3.2";
			developmentRegion = English;
			hasScannedForEncodings = 0;
			knownRegions = (
				English,
				en,
			);
			mainGroup = 0C0BB01E1DC72CFB00B5CF4F;
			productRefGroup = 0C0BB0291DC72CFB00B5CF4F /* Products */;
			projectDirPath = "";
			projectRoot = "";
			targets = (
				0C0BB0271DC72CFB00B5CF4F /* SAInput */,
			);
		};
/* End PBXProject section */

/* Begin PBXResourcesBuildPhase section */
		0C0BB0261DC72CFB00B5CF4F /* Resources */ = {
			isa = PBXResourcesBuildPhase;
			buildActionMask = 2147483647;
			files = (
				0CBAADC11E2691A4008F72EE /* keyboard_audio_record_pres@3x.png in Resources */,
				0CBAADC61E2691A4008F72EE /* keyboard_audio_simulate_effect_0@3x.png in Resources */,
				0CBAADD81E2691A4008F72EE /* keyboard_audio_toolbar_op_press@3x.png in Resources */,
				0CBAADC31E2691A4008F72EE /* keyboard_audio_record_start_press@3x.png in Resources */,
				0CBAADC21E2691A4008F72EE /* keyboard_audio_record_start_nor@3x.png in Resources */,
				0CBAADC01E2691A4008F72EE /* keyboard_audio_record_nor@3x.png in Resources */,
				0CBAADCA1E2691A4008F72EE /* keyboard_audio_simulate_effect_4@3x.png in Resources */,
				0CBAADC51E2691A4008F72EE /* keyboard_audio_record_stop_press@3x.png in Resources */,
				0CBAADBE1E2691A4008F72EE /* keyboard_audio_record_background@3x.png in Resources */,
				0CBAADCF1E2691A4008F72EE /* keyboard_audio_simulate_text_select@3x.png in Resources */,
				0CBAADD61E2691A4008F72EE /* keyboard_audio_toolbar_op_listen_press@3x.png in Resources */,
				0CBAADC81E2691A4008F72EE /* keyboard_audio_simulate_effect_2@3x.png in Resources */,
				0CBAADBA1E2691A4008F72EE /* keyboard_audio_play_start_nor@3x.png in Resources */,
				0CBAADC71E2691A4008F72EE /* keyboard_audio_simulate_effect_1@3x.png in Resources */,
				0CBAADD41E2691A4008F72EE /* keyboard_audio_toolbar_op_line@3x.png in Resources */,
				0CBAADD91E2691A4008F72EE /* keyboard_audio_toolbar_send_nor@2x.png in Resources */,
				0CBAADD01E2691A4008F72EE /* keyboard_audio_toolbar_cancel_nor@2x.png in Resources */,
				0CBAADBB1E2691A4008F72EE /* keyboard_audio_play_start_press@3x.png in Resources */,
				0CBAADB91E2691A4008F72EE /* keyboard_audio_play_background@3x.png in Resources */,
				0CBAADCD1E2691A4008F72EE /* keyboard_audio_simulate_effect_select@3x.png in Resources */,
				0CBAADBF1E2691A4008F72EE /* keyboard_audio_record_icon@3x.png in Resources */,
				0CBAADD31E2691A4008F72EE /* keyboard_audio_toolbar_op_delete_press@3x.png in Resources */,
				0CBAADD11E2691A4008F72EE /* keyboard_audio_toolbar_cancel_oress@2x.png in Resources */,
				0CBAADCC1E2691A4008F72EE /* keyboard_audio_simulate_effect_press@3x.png in Resources */,
				0CBAADCB1E2691A4008F72EE /* keyboard_audio_simulate_effect_5@3x.png in Resources */,
				0CBAADBC1E2691A4008F72EE /* keyboard_audio_play_stop_nor@3x.png in Resources */,
				0CBAADD21E2691A4008F72EE /* keyboard_audio_toolbar_op_delete_nor@3x.png in Resources */,
				0CBAADC91E2691A4008F72EE /* keyboard_audio_simulate_effect_3@3x.png in Resources */,
				0CBAADDA1E2691A4008F72EE /* keyboard_audio_toolbar_send_press@2x.png in Resources */,
				0CBAADC41E2691A4008F72EE /* keyboard_audio_record_stop_nor@3x.png in Resources */,
				0CBAADCE1E2691A4008F72EE /* keyboard_audio_simulate_icon@3x.png in Resources */,
				0CBAADBD1E2691A4008F72EE /* keyboard_audio_play_stop_press@3x.png in Resources */,
				0CBAADD71E2691A4008F72EE /* keyboard_audio_toolbar_op_nor@3x.png in Resources */,
				0CBAADD51E2691A4008F72EE /* keyboard_audio_toolbar_op_listen_nor@3x.png in Resources */,
			);
			runOnlyForDeploymentPostprocessing = 0;
		};
/* End PBXResourcesBuildPhase section */

/* Begin PBXSourcesBuildPhase section */
		0C0BB0231DC72CFB00B5CF4F /* Sources */ = {
			isa = PBXSourcesBuildPhase;
			buildActionMask = 2147483647;
			files = (
				0C0BB28D1DC734B000B5CF4F /* SAIEmoticonBackgroundView.swift in Sources */,
				0C0BB27B1DC734B000B5CF4F /* SAIAudioInputViewLayout.swift in Sources */,
				0C0BB28E1DC734B000B5CF4F /* SAIEmoticonGroup.swift in Sources */,
				0C0BB2941DC734B000B5CF4F /* SAIEmoticonPreviewer.swift in Sources */,
				0C0BB27A1DC734B000B5CF4F /* SAIAudioInputView.swift in Sources */,
				0C0BB27C1DC734B000B5CF4F /* SAIAudioPlayButton.swift in Sources */,
				0C0BB2AE1DC7351300B5CF4F /* SAIInputTextFieldItem.swift in Sources */,
				0C0BB2831DC734B000B5CF4F /* SAIAudioSession.swift in Sources */,
				0C0BB2951DC734B000B5CF4F /* SAIEmoticonTabItemView.swift in Sources */,
				0CBAADEF1E269262008F72EE /* Logger.swift in Sources */,
				0C0BB2841DC734B000B5CF4F /* SAIAudioSimulateView.swift in Sources */,
				0C0BB2A61DC7351300B5CF4F /* SAIInputAccessoryView.swift in Sources */,
				0C0BB28F1DC734B000B5CF4F /* SAIEmoticonInputView.swift in Sources */,
				0C0BB2911DC734B000B5CF4F /* SAIEmoticonLine.swift in Sources */,
				0C0BB2781DC734B000B5CF4F /* SAIAudioEffect.swift in Sources */,
				0C0BB2A71DC7351300B5CF4F /* SAIInputAccessoryViewLayout.swift in Sources */,
				0C0BB2791DC734B000B5CF4F /* SAIAudioEffectView.swift in Sources */,
				0C0BB2811DC734B000B5CF4F /* SAIAudioRecordToolbar.swift in Sources */,
				0C0BB2991DC734B000B5CF4F /* SAIToolboxItem.swift in Sources */,
				0C0BB2901DC734B000B5CF4F /* SAIEmoticonInputViewLayout.swift in Sources */,
				0C0BB2921DC734B000B5CF4F /* SAIEmoticonPage.swift in Sources */,
				0C0BB2821DC734B000B5CF4F /* SAIAudioRecordView.swift in Sources */,
				0C0BB2851DC734B000B5CF4F /* SAIAudioSpectrumMiniView.swift in Sources */,
				0C0BB2971DC734B000B5CF4F /* SAIToolboxInputView.swift in Sources */,
				0C0BB27F1DC734B000B5CF4F /* SAIAudioRecordButton.swift in Sources */,
				0C0BB2931DC734B000B5CF4F /* SAIEmoticonPageView.swift in Sources */,
				0C0BB27E1DC734B000B5CF4F /* SAIAudioPlayToolbar.swift in Sources */,
				0C0BB23A1DC732DB00B5CF4F /* UIImage+Input.swift in Sources */,
				0C0BB2A91DC7351300B5CF4F /* SAIInputBar.swift in Sources */,
				0C0BB2981DC734B000B5CF4F /* SAIToolboxInputViewLayout.swift in Sources */,
				0C0BB2871DC734B000B5CF4F /* SAIAudioStatus.swift in Sources */,
				0C0BB28C1DC734B000B5CF4F /* SAIEmoticon.swift in Sources */,
				0C0BB28B1DC734B000B5CF4F /* SAIAudioView.swift in Sources */,
				0C0BB28A1DC734B000B5CF4F /* SAIAudioTalkbackView.swift in Sources */,
				0C0BB2861DC734B000B5CF4F /* SAIAudioSpectrumView.swift in Sources */,
				0C0BB2AA1DC7351300B5CF4F /* SAIInputBarDisplayable.swift in Sources */,
				0C0BB2891DC734B000B5CF4F /* SAIAudioTabbar.swift in Sources */,
				0C0BB2A81DC7351300B5CF4F /* SAIInputBackgroundView.swift in Sources */,
				0C0BB2391DC732DB00B5CF4F /* NSLayoutConstraint+Input.swift in Sources */,
				0C0BB2881DC734B000B5CF4F /* SAIAudioStatusView.swift in Sources */,
				0C0BB2AB1DC7351300B5CF4F /* SAIInputItem.swift in Sources */,
				0C0BB2961DC734B000B5CF4F /* SAIPhotoInputView.swift in Sources */,
				0C0BB29A1DC734B000B5CF4F /* SAIToolboxItemView.swift in Sources */,
				0C0BB2AC1DC7351300B5CF4F /* SAIInputItemView.swift in Sources */,
				0C0BB2AF1DC7351300B5CF4F /* SAIInputView.swift in Sources */,
				0C0BB2AD1DC7351300B5CF4F /* SAIInputTextField.swift in Sources */,
			);
			runOnlyForDeploymentPostprocessing = 0;
		};
/* End PBXSourcesBuildPhase section */

/* Begin XCBuildConfiguration section */
		0C0BB02E1DC72CFB00B5CF4F /* Debug */ = {
			isa = XCBuildConfiguration;
			buildSettings = {
				ALWAYS_SEARCH_USER_PATHS = NO;
				CLANG_ANALYZER_NONNULL = YES;
				CLANG_CXX_LANGUAGE_STANDARD = "gnu++0x";
				CLANG_CXX_LIBRARY = "libc++";
				CLANG_ENABLE_MODULES = YES;
				CLANG_ENABLE_OBJC_ARC = YES;
				CLANG_WARN_BOOL_CONVERSION = YES;
				CLANG_WARN_CONSTANT_CONVERSION = YES;
				CLANG_WARN_DIRECT_OBJC_ISA_USAGE = YES_ERROR;
				CLANG_WARN_DOCUMENTATION_COMMENTS = YES;
				CLANG_WARN_EMPTY_BODY = YES;
				CLANG_WARN_ENUM_CONVERSION = YES;
				CLANG_WARN_INFINITE_RECURSION = YES;
				CLANG_WARN_INT_CONVERSION = YES;
				CLANG_WARN_OBJC_ROOT_CLASS = YES_ERROR;
				CLANG_WARN_SUSPICIOUS_MOVES = YES;
				CLANG_WARN_UNREACHABLE_CODE = YES;
				CLANG_WARN__DUPLICATE_METHOD_MATCH = YES;
				"CODE_SIGN_IDENTITY[sdk=iphoneos*]" = "iPhone Developer";
				COPY_PHASE_STRIP = NO;
				CURRENT_PROJECT_VERSION = 1;
				DEBUG_INFORMATION_FORMAT = dwarf;
				ENABLE_STRICT_OBJC_MSGSEND = YES;
				ENABLE_TESTABILITY = YES;
				GCC_C_LANGUAGE_STANDARD = gnu99;
				GCC_DYNAMIC_NO_PIC = NO;
				GCC_NO_COMMON_BLOCKS = YES;
				GCC_OPTIMIZATION_LEVEL = 0;
				GCC_PREPROCESSOR_DEFINITIONS = (
					"DEBUG=1",
					"$(inherited)",
				);
				GCC_WARN_64_TO_32_BIT_CONVERSION = YES;
				GCC_WARN_ABOUT_RETURN_TYPE = YES_ERROR;
				GCC_WARN_UNDECLARED_SELECTOR = YES;
				GCC_WARN_UNINITIALIZED_AUTOS = YES_AGGRESSIVE;
				GCC_WARN_UNUSED_FUNCTION = YES;
				GCC_WARN_UNUSED_VARIABLE = YES;
				IPHONEOS_DEPLOYMENT_TARGET = 10.0;
				MTL_ENABLE_DEBUG_INFO = YES;
				ONLY_ACTIVE_ARCH = YES;
				SDKROOT = iphoneos;
				SWIFT_ACTIVE_COMPILATION_CONDITIONS = DEBUG;
				SWIFT_OPTIMIZATION_LEVEL = "-Onone";
				TARGETED_DEVICE_FAMILY = "1,2";
				VERSIONING_SYSTEM = "apple-generic";
				VERSION_INFO_PREFIX = "";
			};
			name = Debug;
		};
		0C0BB02F1DC72CFB00B5CF4F /* Release */ = {
			isa = XCBuildConfiguration;
			buildSettings = {
				ALWAYS_SEARCH_USER_PATHS = NO;
				CLANG_ANALYZER_NONNULL = YES;
				CLANG_CXX_LANGUAGE_STANDARD = "gnu++0x";
				CLANG_CXX_LIBRARY = "libc++";
				CLANG_ENABLE_MODULES = YES;
				CLANG_ENABLE_OBJC_ARC = YES;
				CLANG_WARN_BOOL_CONVERSION = YES;
				CLANG_WARN_CONSTANT_CONVERSION = YES;
				CLANG_WARN_DIRECT_OBJC_ISA_USAGE = YES_ERROR;
				CLANG_WARN_DOCUMENTATION_COMMENTS = YES;
				CLANG_WARN_EMPTY_BODY = YES;
				CLANG_WARN_ENUM_CONVERSION = YES;
				CLANG_WARN_INFINITE_RECURSION = YES;
				CLANG_WARN_INT_CONVERSION = YES;
				CLANG_WARN_OBJC_ROOT_CLASS = YES_ERROR;
				CLANG_WARN_SUSPICIOUS_MOVES = YES;
				CLANG_WARN_UNREACHABLE_CODE = YES;
				CLANG_WARN__DUPLICATE_METHOD_MATCH = YES;
				"CODE_SIGN_IDENTITY[sdk=iphoneos*]" = "iPhone Developer";
				COPY_PHASE_STRIP = NO;
				CURRENT_PROJECT_VERSION = 1;
				DEBUG_INFORMATION_FORMAT = "dwarf-with-dsym";
				ENABLE_NS_ASSERTIONS = NO;
				ENABLE_STRICT_OBJC_MSGSEND = YES;
				GCC_C_LANGUAGE_STANDARD = gnu99;
				GCC_NO_COMMON_BLOCKS = YES;
				GCC_WARN_64_TO_32_BIT_CONVERSION = YES;
				GCC_WARN_ABOUT_RETURN_TYPE = YES_ERROR;
				GCC_WARN_UNDECLARED_SELECTOR = YES;
				GCC_WARN_UNINITIALIZED_AUTOS = YES_AGGRESSIVE;
				GCC_WARN_UNUSED_FUNCTION = YES;
				GCC_WARN_UNUSED_VARIABLE = YES;
				IPHONEOS_DEPLOYMENT_TARGET = 10.0;
				MTL_ENABLE_DEBUG_INFO = NO;
				SDKROOT = iphoneos;
				SWIFT_OPTIMIZATION_LEVEL = "-Owholemodule";
				TARGETED_DEVICE_FAMILY = "1,2";
				VALIDATE_PRODUCT = YES;
				VERSIONING_SYSTEM = "apple-generic";
				VERSION_INFO_PREFIX = "";
			};
			name = Release;
		};
		0C0BB0311DC72CFB00B5CF4F /* Debug */ = {
			isa = XCBuildConfiguration;
			buildSettings = {
				CODE_SIGN_IDENTITY = "";
				DEFINES_MODULE = YES;
				DEVELOPMENT_TEAM = FN2B5W3WWQ;
				DYLIB_COMPATIBILITY_VERSION = 1;
				DYLIB_CURRENT_VERSION = 1;
				DYLIB_INSTALL_NAME_BASE = "@rpath";
				FRAMEWORK_SEARCH_PATHS = "$(inherited)";
				INFOPLIST_FILE = SAInput/Info.plist;
				INSTALL_PATH = "$(LOCAL_LIBRARY_DIR)/Frameworks";
				IPHONEOS_DEPLOYMENT_TARGET = 8.0;
				LD_RUNPATH_SEARCH_PATHS = "$(inherited) @executable_path/Frameworks @loader_path/Frameworks";
				PRODUCT_BUNDLE_IDENTIFIER = SA.SAInput;
				PRODUCT_NAME = "$(TARGET_NAME)";
				SKIP_INSTALL = YES;
				SWIFT_VERSION = 5.0;
			};
			name = Debug;
		};
		0C0BB0321DC72CFB00B5CF4F /* Release */ = {
			isa = XCBuildConfiguration;
			buildSettings = {
				CODE_SIGN_IDENTITY = "";
				DEFINES_MODULE = YES;
				DEVELOPMENT_TEAM = FN2B5W3WWQ;
				DYLIB_COMPATIBILITY_VERSION = 1;
				DYLIB_CURRENT_VERSION = 1;
				DYLIB_INSTALL_NAME_BASE = "@rpath";
				FRAMEWORK_SEARCH_PATHS = "$(inherited)";
				INFOPLIST_FILE = SAInput/Info.plist;
				INSTALL_PATH = "$(LOCAL_LIBRARY_DIR)/Frameworks";
				IPHONEOS_DEPLOYMENT_TARGET = 8.0;
				LD_RUNPATH_SEARCH_PATHS = "$(inherited) @executable_path/Frameworks @loader_path/Frameworks";
				PRODUCT_BUNDLE_IDENTIFIER = SA.SAInput;
				PRODUCT_NAME = "$(TARGET_NAME)";
				SKIP_INSTALL = YES;
				SWIFT_VERSION = 5.0;
			};
			name = Release;
		};
/* End XCBuildConfiguration section */

/* Begin XCConfigurationList section */
		0C0BB0221DC72CFB00B5CF4F /* Build configuration list for PBXProject "SAInput" */ = {
			isa = XCConfigurationList;
			buildConfigurations = (
				0C0BB02E1DC72CFB00B5CF4F /* Debug */,
				0C0BB02F1DC72CFB00B5CF4F /* Release */,
			);
			defaultConfigurationIsVisible = 0;
			defaultConfigurationName = Release;
		};
		0C0BB0301DC72CFB00B5CF4F /* Build configuration list for PBXNativeTarget "SAInput" */ = {
			isa = XCConfigurationList;
			buildConfigurations = (
				0C0BB0311DC72CFB00B5CF4F /* Debug */,
				0C0BB0321DC72CFB00B5CF4F /* Release */,
			);
			defaultConfigurationIsVisible = 0;
			defaultConfigurationName = Release;
		};
/* End XCConfigurationList section */
	};
	rootObject = 0C0BB01F1DC72CFB00B5CF4F /* Project object */;
}
